
Microsoft Visual Studio Solution File, Format Version 12.00
# Visual Studio 15
VisualStudioVersion = 15.0.26730.16
MinimumVisualStudioVersion = 10.0.40219.1
Project("{9A19103F-16F7-4668-BE54-9A1E7A4F7556}") = "Tizen.Uix.VoiceControlWidget", "Tizen.Uix.VoiceControlWidget.csproj", "{9204FAA1-799E-4109-8E5C-8B0219951530}"
EndProject
Project("{9A19103F-16F7-4668-BE54-9A1E7A4F7556}") = "Tizen", "..\..\..\src\Tizen\Tizen.csproj", "{DC1D4741-6C89-47E6-B039-B715B4EBB171}"
EndProject
Project("{9A19103F-16F7-4668-BE54-9A1E7A4F7556}") = "Tizen.Log", "..\..\..\src\Tizen.Log\Tizen.Log.csproj", "{5D1CB4C3-CC99-440E-8C6F-E8DA387E3F3F}"
EndProject
Global
	GlobalSection(SolutionConfigurationPlatforms) = preSolution
		Debug|Any CPU = Debug|Any CPU
		Release|Any CPU = Release|Any CPU
	EndGlobalSection
	GlobalSection(ProjectConfigurationPlatforms) = postSolution
		{9204FAA1-799E-4109-8E5C-8B0219951530}.Debug|Any CPU.ActiveCfg = Debug|Any CPU
		{9204FAA1-799E-4109-8E5C-8B0219951530}.Debug|Any CPU.Build.0 = Debug|Any CPU
		{9204FAA1-799E-4109-8E5C-8B0219951530}.Release|Any CPU.ActiveCfg = Release|Any CPU
		{9204FAA1-799E-4109-8E5C-8B0219951530}.Release|Any CPU.Build.0 = Release|Any CPU
		{DC1D4741-6C89-47E6-B039-B715B4EBB171}.Debug|Any CPU.ActiveCfg = Debug|Any CPU
		{DC1D4741-6C89-47E6-B039-B715B4EBB171}.Debug|Any CPU.Build.0 = Debug|Any CPU
		{DC1D4741-6C89-47E6-B039-B715B4EBB171}.Release|Any CPU.ActiveCfg = Release|Any CPU
		{DC1D4741-6C89-47E6-B039-B715B4EBB171}.Release|Any CPU.Build.0 = Release|Any CPU
		{5D1CB4C3-CC99-440E-8C6F-E8DA387E3F3F}.Debug|Any CPU.ActiveCfg = Debug|Any CPU
		{5D1CB4C3-CC99-440E-8C6F-E8DA387E3F3F}.Debug|Any CPU.Build.0 = Debug|Any CPU
		{5D1CB4C3-CC99-440E-8C6F-E8DA387E3F3F}.Release|Any CPU.ActiveCfg = Release|Any CPU
		{5D1CB4C3-CC99-440E-8C6F-E8DA387E3F3F}.Release|Any CPU.Build.0 = Release|Any CPU
	EndGlobalSection
	GlobalSection(SolutionProperties) = preSolution
		HideSolutionNode = FALSE
	EndGlobalSection
	GlobalSection(ExtensibilityGlobals) = postSolution
		SolutionGuid = {4DA985A7-0407-40ED-AF02-4009E98085E4}
	EndGlobalSection
EndGlobal
