
Microsoft Visual Studio Solution File, Format Version 12.00
# Visual Studio Version 17
VisualStudioVersion = 17.3.32819.101
MinimumVisualStudioVersion = 10.0.40219.1
Project("{9A19103F-16F7-4668-BE54-9A1E7A4F7556}") = "Tizen.Data.Tdbc", "Tizen.Data.Tdbc.csproj", "{93578DBF-ADA7-430E-A4AB-15A4DDF1748A}"
EndProject
Global
	GlobalSection(SolutionConfigurationPlatforms) = preSolution
		Debug|Any CPU = Debug|Any CPU
		Release|Any CPU = Release|Any CPU
	EndGlobalSection
	GlobalSection(ProjectConfigurationPlatforms) = postSolution
		{93578DBF-ADA7-430E-A4AB-15A4DDF1748A}.Debug|Any CPU.ActiveCfg = Debug|Any CPU
		{93578DBF-ADA7-430E-A4AB-15A4DDF1748A}.Debug|Any CPU.Build.0 = Debug|Any CPU
		{93578DBF-ADA7-430E-A4AB-15A4DDF1748A}.Release|Any CPU.ActiveCfg = Release|Any CPU
		{93578DBF-ADA7-430E-A4AB-15A4DDF1748A}.Release|Any CPU.Build.0 = Release|Any CPU
	EndGlobalSection
	GlobalSection(SolutionProperties) = preSolution
		HideSolutionNode = FALSE
	EndGlobalSection
	GlobalSection(ExtensibilityGlobals) = postSolution
		SolutionGuid = {57406145-A84A-4F50-99B7-CCFCE239B84A}
	EndGlobalSection
EndGlobal
