
Microsoft Visual Studio Solution File, Format Version 12.00
# Visual Studio Version 17
VisualStudioVersion = 17.0.31903.59
MinimumVisualStudioVersion = 10.0.40219.1
Project("{FAE04EC0-301F-11D3-BF4B-00C04F79EFBC}") = "Tizen.NUI.Gadget", "Tizen.NUI.Gadget.csproj", "{2BD02936-BA0A-4738-BFCC-C939627FB414}"
EndProject
Global
	GlobalSection(SolutionConfigurationPlatforms) = preSolution
		Debug|Any CPU = Debug|Any CPU
		Release|Any CPU = Release|Any CPU
	EndGlobalSection
	GlobalSection(SolutionProperties) = preSolution
		HideSolutionNode = FALSE
	EndGlobalSection
	GlobalSection(ProjectConfigurationPlatforms) = postSolution
		{2BD02936-BA0A-4738-BFCC-C939627FB414}.Debug|Any CPU.ActiveCfg = Debug|Any CPU
		{2BD02936-BA0A-4738-BFCC-C939627FB414}.Debug|Any CPU.Build.0 = Debug|Any CPU
		{2BD02936-BA0A-4738-BFCC-C939627FB414}.Release|Any CPU.ActiveCfg = Release|Any CPU
		{2BD02936-BA0A-4738-BFCC-C939627FB414}.Release|Any CPU.Build.0 = Release|Any CPU
	EndGlobalSection
EndGlobal
