
Microsoft Visual Studio Solution File, Format Version 12.00
# Visual Studio 15
VisualStudioVersion = 15.0.28307.779
MinimumVisualStudioVersion = 10.0.40219.1
Project("{9A19103F-16F7-4668-BE54-9A1E7A4F7556}") = "Tizen.NUI.Components", "Tizen.NUI.Components.csproj", "{9BE1E267-EB75-494F-AADB-7919BBB743CA}"
EndProject
Project("{9A19103F-16F7-4668-BE54-9A1E7A4F7556}") = "Tizen", "..\Tizen\Tizen.csproj", "{D13D51F6-82F9-469E-AFEA-EC7731831C1D}"
EndProject
Project("{9A19103F-16F7-4668-BE54-9A1E7A4F7556}") = "Tizen.Applications.Common", "..\Tizen.Applications.Common\Tizen.Applications.Common.csproj", "{03985110-8F89-48C0-A3C9-7B52D15AB28B}"
EndProject
Project("{9A19103F-16F7-4668-BE54-9A1E7A4F7556}") = "Tizen.Log", "..\Tizen.Log\Tizen.Log.csproj", "{9D2A0EC0-5C3E-4364-9903-735416F876C9}"
EndProject
Project("{9A19103F-16F7-4668-BE54-9A1E7A4F7556}") = "Tizen.System.SystemSettings", "..\Tizen.System.SystemSettings\Tizen.System.SystemSettings.csproj", "{B2D03738-14FB-423A-8218-984ED9090F8C}"
EndProject
Project("{9A19103F-16F7-4668-BE54-9A1E7A4F7556}") = "Tizen.NUI", "..\Tizen.NUI\Tizen.NUI.csproj", "{E7A29C10-53C2-430B-920F-E6E39252FC4C}"
EndProject
Global
	GlobalSection(SolutionConfigurationPlatforms) = preSolution
		Debug|Any CPU = Debug|Any CPU
		Release|Any CPU = Release|Any CPU
	EndGlobalSection
	GlobalSection(ProjectConfigurationPlatforms) = postSolution
		{9BE1E267-EB75-494F-AADB-7919BBB743CA}.Debug|Any CPU.ActiveCfg = Debug|Any CPU
		{9BE1E267-EB75-494F-AADB-7919BBB743CA}.Debug|Any CPU.Build.0 = Debug|Any CPU
		{9BE1E267-EB75-494F-AADB-7919BBB743CA}.Release|Any CPU.ActiveCfg = Release|Any CPU
		{9BE1E267-EB75-494F-AADB-7919BBB743CA}.Release|Any CPU.Build.0 = Release|Any CPU
		{D13D51F6-82F9-469E-AFEA-EC7731831C1D}.Debug|Any CPU.ActiveCfg = Debug|Any CPU
		{D13D51F6-82F9-469E-AFEA-EC7731831C1D}.Debug|Any CPU.Build.0 = Debug|Any CPU
		{D13D51F6-82F9-469E-AFEA-EC7731831C1D}.Release|Any CPU.ActiveCfg = Release|Any CPU
		{D13D51F6-82F9-469E-AFEA-EC7731831C1D}.Release|Any CPU.Build.0 = Release|Any CPU
		{03985110-8F89-48C0-A3C9-7B52D15AB28B}.Debug|Any CPU.ActiveCfg = Debug|Any CPU
		{03985110-8F89-48C0-A3C9-7B52D15AB28B}.Debug|Any CPU.Build.0 = Debug|Any CPU
		{03985110-8F89-48C0-A3C9-7B52D15AB28B}.Release|Any CPU.ActiveCfg = Release|Any CPU
		{03985110-8F89-48C0-A3C9-7B52D15AB28B}.Release|Any CPU.Build.0 = Release|Any CPU
		{9D2A0EC0-5C3E-4364-9903-735416F876C9}.Debug|Any CPU.ActiveCfg = Debug|Any CPU
		{9D2A0EC0-5C3E-4364-9903-735416F876C9}.Debug|Any CPU.Build.0 = Debug|Any CPU
		{9D2A0EC0-5C3E-4364-9903-735416F876C9}.Release|Any CPU.ActiveCfg = Release|Any CPU
		{9D2A0EC0-5C3E-4364-9903-735416F876C9}.Release|Any CPU.Build.0 = Release|Any CPU
		{B2D03738-14FB-423A-8218-984ED9090F8C}.Debug|Any CPU.ActiveCfg = Debug|Any CPU
		{B2D03738-14FB-423A-8218-984ED9090F8C}.Debug|Any CPU.Build.0 = Debug|Any CPU
		{B2D03738-14FB-423A-8218-984ED9090F8C}.Release|Any CPU.ActiveCfg = Release|Any CPU
		{B2D03738-14FB-423A-8218-984ED9090F8C}.Release|Any CPU.Build.0 = Release|Any CPU
		{E7A29C10-53C2-430B-920F-E6E39252FC4C}.Debug|Any CPU.ActiveCfg = Debug|Any CPU
		{E7A29C10-53C2-430B-920F-E6E39252FC4C}.Debug|Any CPU.Build.0 = Debug|Any CPU
		{E7A29C10-53C2-430B-920F-E6E39252FC4C}.Release|Any CPU.ActiveCfg = Release|Any CPU
		{E7A29C10-53C2-430B-920F-E6E39252FC4C}.Release|Any CPU.Build.0 = Release|Any CPU
	EndGlobalSection
	GlobalSection(SolutionProperties) = preSolution
		HideSolutionNode = FALSE
	EndGlobalSection
	GlobalSection(ExtensibilityGlobals) = postSolution
		SolutionGuid = {83942A47-36C7-4637-B2A0-791F10E7FFD3}
	EndGlobalSection
EndGlobal
