
Microsoft Visual Studio Solution File, Format Version 12.00
# Visual Studio Express 14 for Windows Desktop
VisualStudioVersion = 14.0.24720.0
MinimumVisualStudioVersion = 10.0.40219.1
Project("{FAE04EC0-301F-11D3-BF4B-00C04F79EFBC}") = "Tizen.System", "Tizen.System\Tizen.System.csproj", "{A5C7AB61-87F1-4707-BBF4-322D682E223E}"
EndProject
Global
	GlobalSection(SolutionConfigurationPlatforms) = preSolution
		Debug|Any CPU = Debug|Any CPU
		Release|Any CPU = Release|Any CPU
	EndGlobalSection
	GlobalSection(ProjectConfigurationPlatforms) = postSolution
		{A5C7AB61-87F1-4707-BBF4-322D682E223E}.Debug|Any CPU.ActiveCfg = Debug|Any CPU
		{A5C7AB61-87F1-4707-BBF4-322D682E223E}.Debug|Any CPU.Build.0 = Debug|Any CPU
		{A5C7AB61-87F1-4707-BBF4-322D682E223E}.Release|Any CPU.ActiveCfg = Release|Any CPU
		{A5C7AB61-87F1-4707-BBF4-322D682E223E}.Release|Any CPU.Build.0 = Release|Any CPU
	EndGlobalSection
	GlobalSection(SolutionProperties) = preSolution
		HideSolutionNode = FALSE
	EndGlobalSection
EndGlobal
