
Microsoft Visual Studio Solution File, Format Version 12.00
# Visual Studio 15
VisualStudioVersion = 15.0.26403.7
MinimumVisualStudioVersion = 10.0.40219.1
Project("{9A19103F-16F7-4668-BE54-9A1E7A4F7556}") = "Tizen.Applications.Common", "Tizen.Applications.Common\Tizen.Applications.Common.csproj", "{9BEB412C-8CDE-4811-BAF4-9925EFC7BC68}"
EndProject
Project("{9A19103F-16F7-4668-BE54-9A1E7A4F7556}") = "Tizen.Applications.Alarm", "Tizen.Applications.Alarm\Tizen.Applications.Alarm.csproj", "{82B33834-12D3-46F2-96B8-A813E609FC72}"
EndProject
Project("{9A19103F-16F7-4668-BE54-9A1E7A4F7556}") = "Tizen.Applications.Notification", "Tizen.Applications.Notification\Tizen.Applications.Notification.csproj", "{377C1C63-CF7F-45AD-8639-D3DE01796255}"
EndProject
Project("{9A19103F-16F7-4668-BE54-9A1E7A4F7556}") = "Tizen.Applications.MessagePort", "Tizen.Applications.MessagePort\Tizen.Applications.MessagePort.csproj", "{2CE59681-75DE-404A-A9E3-84DAAB7A6F3D}"
EndProject
Project("{9A19103F-16F7-4668-BE54-9A1E7A4F7556}") = "Tizen.Applications.NotificationEventListener", "Tizen.Applications.NotificationEventListener\Tizen.Applications.NotificationEventListener.csproj", "{065661A1-9D3E-424E-ADD5-0199E283C748}"
EndProject
Project("{9A19103F-16F7-4668-BE54-9A1E7A4F7556}") = "Tizen.Applications.PackageManager", "Tizen.Applications.PackageManager\Tizen.Applications.PackageManager.csproj", "{8D636A37-DFE8-4CD5-B3EB-E739EEA1006C}"
EndProject
Project("{9A19103F-16F7-4668-BE54-9A1E7A4F7556}") = "Tizen.Applications.Preference", "Tizen.Applications.Preference\Tizen.Applications.Preference.csproj", "{3EE07C06-B596-40B5-8F13-34101372A731}"
EndProject
Project("{9A19103F-16F7-4668-BE54-9A1E7A4F7556}") = "Tizen.Applications.Service", "Tizen.Applications.Service\Tizen.Applications.Service.csproj", "{1F3B5F76-BEF6-43B2-BE4B-1F2534145FB9}"
EndProject
Project("{9A19103F-16F7-4668-BE54-9A1E7A4F7556}") = "Tizen.Applications.ToastMessage", "Tizen.Applications.ToastMessage\Tizen.Applications.ToastMessage.csproj", "{0CEEA20D-CC05-4C1A-BE69-3C9F6FEBD198}"
EndProject
Project("{9A19103F-16F7-4668-BE54-9A1E7A4F7556}") = "Tizen.Applications.UI", "Tizen.Applications.UI\Tizen.Applications.UI.csproj", "{52D6505B-4142-4C15-A492-1024D07A0C0F}"
EndProject
Project("{FAE04EC0-301F-11D3-BF4B-00C04F79EFBC}") = "Tizen.Applications", "Tizen.Applications\Tizen.Applications.csproj", "{6209641F-4B03-4DAD-84D8-4775AD72AD75}"
EndProject
Global
	GlobalSection(SolutionConfigurationPlatforms) = preSolution
		Debug|Any CPU = Debug|Any CPU
		Release|Any CPU = Release|Any CPU
	EndGlobalSection
	GlobalSection(ProjectConfigurationPlatforms) = postSolution
		{9BEB412C-8CDE-4811-BAF4-9925EFC7BC68}.Debug|Any CPU.ActiveCfg = Debug|Any CPU
		{9BEB412C-8CDE-4811-BAF4-9925EFC7BC68}.Debug|Any CPU.Build.0 = Debug|Any CPU
		{9BEB412C-8CDE-4811-BAF4-9925EFC7BC68}.Release|Any CPU.ActiveCfg = Release|Any CPU
		{9BEB412C-8CDE-4811-BAF4-9925EFC7BC68}.Release|Any CPU.Build.0 = Release|Any CPU
		{82B33834-12D3-46F2-96B8-A813E609FC72}.Debug|Any CPU.ActiveCfg = Debug|Any CPU
		{82B33834-12D3-46F2-96B8-A813E609FC72}.Debug|Any CPU.Build.0 = Debug|Any CPU
		{82B33834-12D3-46F2-96B8-A813E609FC72}.Release|Any CPU.ActiveCfg = Release|Any CPU
		{82B33834-12D3-46F2-96B8-A813E609FC72}.Release|Any CPU.Build.0 = Release|Any CPU
		{377C1C63-CF7F-45AD-8639-D3DE01796255}.Debug|Any CPU.ActiveCfg = Debug|Any CPU
		{377C1C63-CF7F-45AD-8639-D3DE01796255}.Debug|Any CPU.Build.0 = Debug|Any CPU
		{377C1C63-CF7F-45AD-8639-D3DE01796255}.Release|Any CPU.ActiveCfg = Release|Any CPU
		{377C1C63-CF7F-45AD-8639-D3DE01796255}.Release|Any CPU.Build.0 = Release|Any CPU
		{2CE59681-75DE-404A-A9E3-84DAAB7A6F3D}.Debug|Any CPU.ActiveCfg = Debug|Any CPU
		{2CE59681-75DE-404A-A9E3-84DAAB7A6F3D}.Debug|Any CPU.Build.0 = Debug|Any CPU
		{2CE59681-75DE-404A-A9E3-84DAAB7A6F3D}.Release|Any CPU.ActiveCfg = Release|Any CPU
		{2CE59681-75DE-404A-A9E3-84DAAB7A6F3D}.Release|Any CPU.Build.0 = Release|Any CPU
		{065661A1-9D3E-424E-ADD5-0199E283C748}.Debug|Any CPU.ActiveCfg = Debug|Any CPU
		{065661A1-9D3E-424E-ADD5-0199E283C748}.Debug|Any CPU.Build.0 = Debug|Any CPU
		{065661A1-9D3E-424E-ADD5-0199E283C748}.Release|Any CPU.ActiveCfg = Release|Any CPU
		{065661A1-9D3E-424E-ADD5-0199E283C748}.Release|Any CPU.Build.0 = Release|Any CPU
		{8D636A37-DFE8-4CD5-B3EB-E739EEA1006C}.Debug|Any CPU.ActiveCfg = Debug|Any CPU
		{8D636A37-DFE8-4CD5-B3EB-E739EEA1006C}.Debug|Any CPU.Build.0 = Debug|Any CPU
		{8D636A37-DFE8-4CD5-B3EB-E739EEA1006C}.Release|Any CPU.ActiveCfg = Release|Any CPU
		{8D636A37-DFE8-4CD5-B3EB-E739EEA1006C}.Release|Any CPU.Build.0 = Release|Any CPU
		{3EE07C06-B596-40B5-8F13-34101372A731}.Debug|Any CPU.ActiveCfg = Debug|Any CPU
		{3EE07C06-B596-40B5-8F13-34101372A731}.Debug|Any CPU.Build.0 = Debug|Any CPU
		{3EE07C06-B596-40B5-8F13-34101372A731}.Release|Any CPU.ActiveCfg = Release|Any CPU
		{3EE07C06-B596-40B5-8F13-34101372A731}.Release|Any CPU.Build.0 = Release|Any CPU
		{1F3B5F76-BEF6-43B2-BE4B-1F2534145FB9}.Debug|Any CPU.ActiveCfg = Debug|Any CPU
		{1F3B5F76-BEF6-43B2-BE4B-1F2534145FB9}.Debug|Any CPU.Build.0 = Debug|Any CPU
		{1F3B5F76-BEF6-43B2-BE4B-1F2534145FB9}.Release|Any CPU.ActiveCfg = Release|Any CPU
		{1F3B5F76-BEF6-43B2-BE4B-1F2534145FB9}.Release|Any CPU.Build.0 = Release|Any CPU
		{0CEEA20D-CC05-4C1A-BE69-3C9F6FEBD198}.Debug|Any CPU.ActiveCfg = Debug|Any CPU
		{0CEEA20D-CC05-4C1A-BE69-3C9F6FEBD198}.Debug|Any CPU.Build.0 = Debug|Any CPU
		{0CEEA20D-CC05-4C1A-BE69-3C9F6FEBD198}.Release|Any CPU.ActiveCfg = Release|Any CPU
		{0CEEA20D-CC05-4C1A-BE69-3C9F6FEBD198}.Release|Any CPU.Build.0 = Release|Any CPU
		{52D6505B-4142-4C15-A492-1024D07A0C0F}.Debug|Any CPU.ActiveCfg = Debug|Any CPU
		{52D6505B-4142-4C15-A492-1024D07A0C0F}.Debug|Any CPU.Build.0 = Debug|Any CPU
		{52D6505B-4142-4C15-A492-1024D07A0C0F}.Release|Any CPU.ActiveCfg = Release|Any CPU
		{52D6505B-4142-4C15-A492-1024D07A0C0F}.Release|Any CPU.Build.0 = Release|Any CPU
		{6209641F-4B03-4DAD-84D8-4775AD72AD75}.Debug|Any CPU.ActiveCfg = Debug|Any CPU
		{6209641F-4B03-4DAD-84D8-4775AD72AD75}.Debug|Any CPU.Build.0 = Debug|Any CPU
		{6209641F-4B03-4DAD-84D8-4775AD72AD75}.Release|Any CPU.ActiveCfg = Release|Any CPU
		{6209641F-4B03-4DAD-84D8-4775AD72AD75}.Release|Any CPU.Build.0 = Release|Any CPU
	EndGlobalSection
	GlobalSection(SolutionProperties) = preSolution
		HideSolutionNode = FALSE
	EndGlobalSection
EndGlobal
