
Microsoft Visual Studio Solution File, Format Version 12.00
# Visual Studio 14
VisualStudioVersion = 14.0.25420.1
MinimumVisualStudioVersion = 10.0.40219.1
Project("{FAE04EC0-301F-11D3-BF4B-00C04F79EFBC}") = "Tizen.NUI", "Tizen.NUI\Tizen.NUI.csproj", "{F03A3B48-9D9B-4BF3-92CE-BD63CADC3CD3}"
EndProject
Project("{FAE04EC0-301F-11D3-BF4B-00C04F79EFBC}") = "NUISamples.TizenTV", "NUISamples\NUISamples.TizenTV\NUISamples.TizenTV.csproj", "{B47E2552-F995-49F6-AC29-58B9CCFB7056}"
EndProject
Project("{FAE04EC0-301F-11D3-BF4B-00C04F79EFBC}") = "DoNotUse!", "NUISamples\NUISamples\DoNotUse!.csproj", "{3B1120FD-0E02-45A6-A3A4-AC3EBCB61083}"
EndProject
Global
	GlobalSection(SolutionConfigurationPlatforms) = preSolution
		Debug|Any CPU = Debug|Any CPU
		Release|Any CPU = Release|Any CPU
	EndGlobalSection
	GlobalSection(ProjectConfigurationPlatforms) = postSolution
		{F03A3B48-9D9B-4BF3-92CE-BD63CADC3CD3}.Debug|Any CPU.ActiveCfg = Debug|Any CPU
		{F03A3B48-9D9B-4BF3-92CE-BD63CADC3CD3}.Debug|Any CPU.Build.0 = Debug|Any CPU
		{F03A3B48-9D9B-4BF3-92CE-BD63CADC3CD3}.Release|Any CPU.ActiveCfg = Release|Any CPU
		{F03A3B48-9D9B-4BF3-92CE-BD63CADC3CD3}.Release|Any CPU.Build.0 = Release|Any CPU
		{B47E2552-F995-49F6-AC29-58B9CCFB7056}.Debug|Any CPU.ActiveCfg = Debug|Any CPU
		{B47E2552-F995-49F6-AC29-58B9CCFB7056}.Debug|Any CPU.Build.0 = Debug|Any CPU
		{B47E2552-F995-49F6-AC29-58B9CCFB7056}.Release|Any CPU.ActiveCfg = Release|Any CPU
		{B47E2552-F995-49F6-AC29-58B9CCFB7056}.Release|Any CPU.Build.0 = Release|Any CPU
		{3B1120FD-0E02-45A6-A3A4-AC3EBCB61083}.Debug|Any CPU.ActiveCfg = Debug|Any CPU
		{3B1120FD-0E02-45A6-A3A4-AC3EBCB61083}.Debug|Any CPU.Build.0 = Debug|Any CPU
		{3B1120FD-0E02-45A6-A3A4-AC3EBCB61083}.Release|Any CPU.ActiveCfg = Release|Any CPU
		{3B1120FD-0E02-45A6-A3A4-AC3EBCB61083}.Release|Any CPU.Build.0 = Release|Any CPU
	EndGlobalSection
	GlobalSection(SolutionProperties) = preSolution
		HideSolutionNode = FALSE
	EndGlobalSection
EndGlobal
