
Microsoft Visual Studio Solution File, Format Version 12.00
# Visual Studio 15
VisualStudioVersion = 15.0.26430.12
MinimumVisualStudioVersion = 10.0.40219.1
Project("{9A19103F-16F7-4668-BE54-9A1E7A4F7556}") = "Tizen.Network.Connection", "Tizen.Network.Connection.csproj", "{95B09375-DBE2-48E2-8E23-F7EAAB2F8FE7}"
EndProject
Project("{9A19103F-16F7-4668-BE54-9A1E7A4F7556}") = "Tizen", "..\Tizen\Tizen.csproj", "{D8E4C8E2-9D12-4E1E-934B-11865FED39AF}"
EndProject
Project("{9A19103F-16F7-4668-BE54-9A1E7A4F7556}") = "Tizen.Log", "..\Tizen.Log\Tizen.Log.csproj", "{F850EB87-EF9C-445B-B1F1-3945DF82842E}"
EndProject
Global
	GlobalSection(SolutionConfigurationPlatforms) = preSolution
		Debug|Any CPU = Debug|Any CPU
		Release|Any CPU = Release|Any CPU
	EndGlobalSection
	GlobalSection(ProjectConfigurationPlatforms) = postSolution
		{95B09375-DBE2-48E2-8E23-F7EAAB2F8FE7}.Debug|Any CPU.ActiveCfg = Debug|Any CPU
		{95B09375-DBE2-48E2-8E23-F7EAAB2F8FE7}.Debug|Any CPU.Build.0 = Debug|Any CPU
		{95B09375-DBE2-48E2-8E23-F7EAAB2F8FE7}.Release|Any CPU.ActiveCfg = Release|Any CPU
		{95B09375-DBE2-48E2-8E23-F7EAAB2F8FE7}.Release|Any CPU.Build.0 = Release|Any CPU
		{D8E4C8E2-9D12-4E1E-934B-11865FED39AF}.Debug|Any CPU.ActiveCfg = Debug|Any CPU
		{D8E4C8E2-9D12-4E1E-934B-11865FED39AF}.Debug|Any CPU.Build.0 = Debug|Any CPU
		{D8E4C8E2-9D12-4E1E-934B-11865FED39AF}.Release|Any CPU.ActiveCfg = Release|Any CPU
		{D8E4C8E2-9D12-4E1E-934B-11865FED39AF}.Release|Any CPU.Build.0 = Release|Any CPU
		{F850EB87-EF9C-445B-B1F1-3945DF82842E}.Debug|Any CPU.ActiveCfg = Debug|Any CPU
		{F850EB87-EF9C-445B-B1F1-3945DF82842E}.Debug|Any CPU.Build.0 = Debug|Any CPU
		{F850EB87-EF9C-445B-B1F1-3945DF82842E}.Release|Any CPU.ActiveCfg = Release|Any CPU
		{F850EB87-EF9C-445B-B1F1-3945DF82842E}.Release|Any CPU.Build.0 = Release|Any CPU
	EndGlobalSection
	GlobalSection(SolutionProperties) = preSolution
		HideSolutionNode = FALSE
	EndGlobalSection
EndGlobal
