
Microsoft Visual Studio Solution File, Format Version 12.00
# Visual Studio 15
VisualStudioVersion = 15.0.26430.12
MinimumVisualStudioVersion = 10.0.40219.1
Project("{9A19103F-16F7-4668-BE54-9A1E7A4F7556}") = "Tizen.Maps", "Tizen.Maps.csproj", "{52206925-326A-4D67-8010-8C9CB5CDAB0F}"
EndProject
Project("{9A19103F-16F7-4668-BE54-9A1E7A4F7556}") = "Tizen", "..\Tizen\Tizen.csproj", "{ED77D1C5-2ABB-4FBE-A042-DFBACB334A9C}"
EndProject
Project("{9A19103F-16F7-4668-BE54-9A1E7A4F7556}") = "ElmSharp", "..\ElmSharp\ElmSharp.csproj", "{18913535-3C08-4EB5-AC27-25D2EDFC2A1A}"
EndProject
Project("{9A19103F-16F7-4668-BE54-9A1E7A4F7556}") = "Tizen.Log", "..\Tizen.Log\Tizen.Log.csproj", "{2A8BBBC1-AEDF-4099-A60E-D9E6C644F4A9}"
EndProject
Global
	GlobalSection(SolutionConfigurationPlatforms) = preSolution
		Debug|Any CPU = Debug|Any CPU
		Release|Any CPU = Release|Any CPU
	EndGlobalSection
	GlobalSection(ProjectConfigurationPlatforms) = postSolution
		{52206925-326A-4D67-8010-8C9CB5CDAB0F}.Debug|Any CPU.ActiveCfg = Debug|Any CPU
		{52206925-326A-4D67-8010-8C9CB5CDAB0F}.Debug|Any CPU.Build.0 = Debug|Any CPU
		{52206925-326A-4D67-8010-8C9CB5CDAB0F}.Release|Any CPU.ActiveCfg = Release|Any CPU
		{52206925-326A-4D67-8010-8C9CB5CDAB0F}.Release|Any CPU.Build.0 = Release|Any CPU
		{ED77D1C5-2ABB-4FBE-A042-DFBACB334A9C}.Debug|Any CPU.ActiveCfg = Debug|Any CPU
		{ED77D1C5-2ABB-4FBE-A042-DFBACB334A9C}.Debug|Any CPU.Build.0 = Debug|Any CPU
		{ED77D1C5-2ABB-4FBE-A042-DFBACB334A9C}.Release|Any CPU.ActiveCfg = Release|Any CPU
		{ED77D1C5-2ABB-4FBE-A042-DFBACB334A9C}.Release|Any CPU.Build.0 = Release|Any CPU
		{18913535-3C08-4EB5-AC27-25D2EDFC2A1A}.Debug|Any CPU.ActiveCfg = Debug|Any CPU
		{18913535-3C08-4EB5-AC27-25D2EDFC2A1A}.Debug|Any CPU.Build.0 = Debug|Any CPU
		{18913535-3C08-4EB5-AC27-25D2EDFC2A1A}.Release|Any CPU.ActiveCfg = Release|Any CPU
		{18913535-3C08-4EB5-AC27-25D2EDFC2A1A}.Release|Any CPU.Build.0 = Release|Any CPU
		{2A8BBBC1-AEDF-4099-A60E-D9E6C644F4A9}.Debug|Any CPU.ActiveCfg = Debug|Any CPU
		{2A8BBBC1-AEDF-4099-A60E-D9E6C644F4A9}.Debug|Any CPU.Build.0 = Debug|Any CPU
		{2A8BBBC1-AEDF-4099-A60E-D9E6C644F4A9}.Release|Any CPU.ActiveCfg = Release|Any CPU
		{2A8BBBC1-AEDF-4099-A60E-D9E6C644F4A9}.Release|Any CPU.Build.0 = Release|Any CPU
	EndGlobalSection
	GlobalSection(SolutionProperties) = preSolution
		HideSolutionNode = FALSE
	EndGlobalSection
EndGlobal
