Microsoft Visual Studio Solution File, Format Version 12.00
# Visual Studio 15
VisualStudioVersion = 15.0.26430.12
MinimumVisualStudioVersion = 10.0.40219.1
Project("{9A19103F-16F7-4668-BE54-9A1E7A4F7556}") = "Tizen.Uix.VoiceControlManager", "Tizen.Uix.VoiceControlManager.csproj", "{AC360AFA-F9E0-418A-BFFE-F88CABCE419D}"
EndProject
Project("{9A19103F-16F7-4668-BE54-9A1E7A4F7556}") = "Tizen", "..\Tizen\Tizen.csproj", "{90B368FB-387B-4822-9161-854A59FCF749}"
EndProject
Project("{9A19103F-16F7-4668-BE54-9A1E7A4F7556}") = "Tizen.Log", "..\Tizen.Log\Tizen.Log.csproj", "{44082C95-BC74-48AE-B7C3-F6F6DB759D15}"
EndProject
Project("{9A19103F-16F7-4668-BE54-9A1E7A4F7556}") = "Tizen.Applications.Common", "..\Tizen.Applications.Common\Tizen.Applications.Common.csproj", "{C38800D6-AB85-4D6E-9C3F-F79C7C3ED4EB}"
EndProject
Global
	GlobalSection(SolutionConfigurationPlatforms) = preSolution
		Debug|Any CPU = Debug|Any CPU
		Release|Any CPU = Release|Any CPU
	EndGlobalSection
	GlobalSection(ProjectConfigurationPlatforms) = postSolution
		{AC360AFA-F9E0-418A-BFFE-F88CABCE419D}.Debug|Any CPU.ActiveCfg = Debug|Any CPU
		{AC360AFA-F9E0-418A-BFFE-F88CABCE419D}.Debug|Any CPU.Build.0 = Debug|Any CPU
		{AC360AFA-F9E0-418A-BFFE-F88CABCE419D}.Release|Any CPU.ActiveCfg = Release|Any CPU
		{AC360AFA-F9E0-418A-BFFE-F88CABCE419D}.Release|Any CPU.Build.0 = Release|Any CPU
		{90B368FB-387B-4822-9161-854A59FCF749}.Debug|Any CPU.ActiveCfg = Debug|Any CPU
		{90B368FB-387B-4822-9161-854A59FCF749}.Debug|Any CPU.Build.0 = Debug|Any CPU
		{90B368FB-387B-4822-9161-854A59FCF749}.Release|Any CPU.ActiveCfg = Release|Any CPU
		{90B368FB-387B-4822-9161-854A59FCF749}.Release|Any CPU.Build.0 = Release|Any CPU
		{44082C95-BC74-48AE-B7C3-F6F6DB759D15}.Debug|Any CPU.ActiveCfg = Debug|Any CPU
		{44082C95-BC74-48AE-B7C3-F6F6DB759D15}.Debug|Any CPU.Build.0 = Debug|Any CPU
		{44082C95-BC74-48AE-B7C3-F6F6DB759D15}.Release|Any CPU.ActiveCfg = Release|Any CPU
		{44082C95-BC74-48AE-B7C3-F6F6DB759D15}.Release|Any CPU.Build.0 = Release|Any CPU
		{C38800D6-AB85-4D6E-9C3F-F79C7C3ED4EB}.Debug|Any CPU.ActiveCfg = Debug|Any CPU
		{C38800D6-AB85-4D6E-9C3F-F79C7C3ED4EB}.Debug|Any CPU.Build.0 = Debug|Any CPU
		{C38800D6-AB85-4D6E-9C3F-F79C7C3ED4EB}.Release|Any CPU.ActiveCfg = Release|Any CPU
		{C38800D6-AB85-4D6E-9C3F-F79C7C3ED4EB}.Release|Any CPU.Build.0 = Release|Any CPU
	EndGlobalSection
	GlobalSection(SolutionProperties) = preSolution
		HideSolutionNode = FALSE
	EndGlobalSection
	GlobalSection(ExtensibilityGlobals) = postSolution
		SolutionGuid = {9AD281F1-4BFA-49BB-A9FA-5839075C4DBE}
	EndGlobalSection
EndGlobal
