
Microsoft Visual Studio Solution File, Format Version 12.00
# Visual Studio 15
VisualStudioVersion = 15.0.26430.12
MinimumVisualStudioVersion = 10.0.40219.1
Project("{9A19103F-16F7-4668-BE54-9A1E7A4F7556}") = "Tizen.Uix.Stt", "Tizen.Uix.Stt.csproj", "{F1D65BEF-6F84-4F6B-A4E8-24BE38776F62}"
EndProject
Project("{9A19103F-16F7-4668-BE54-9A1E7A4F7556}") = "Tizen", "..\Tizen\Tizen.csproj", "{7E3F1F2B-9EA3-4C2D-98F6-C5D97ACE201B}"
EndProject
Project("{9A19103F-16F7-4668-BE54-9A1E7A4F7556}") = "Tizen.Log", "..\Tizen.Log\Tizen.Log.csproj", "{82C686B6-E509-458A-950D-3DE2E8E09AF9}"
EndProject
Global
	GlobalSection(SolutionConfigurationPlatforms) = preSolution
		Debug|Any CPU = Debug|Any CPU
		Release|Any CPU = Release|Any CPU
	EndGlobalSection
	GlobalSection(ProjectConfigurationPlatforms) = postSolution
		{F1D65BEF-6F84-4F6B-A4E8-24BE38776F62}.Debug|Any CPU.ActiveCfg = Debug|Any CPU
		{F1D65BEF-6F84-4F6B-A4E8-24BE38776F62}.Debug|Any CPU.Build.0 = Debug|Any CPU
		{F1D65BEF-6F84-4F6B-A4E8-24BE38776F62}.Release|Any CPU.ActiveCfg = Release|Any CPU
		{F1D65BEF-6F84-4F6B-A4E8-24BE38776F62}.Release|Any CPU.Build.0 = Release|Any CPU
		{7E3F1F2B-9EA3-4C2D-98F6-C5D97ACE201B}.Debug|Any CPU.ActiveCfg = Debug|Any CPU
		{7E3F1F2B-9EA3-4C2D-98F6-C5D97ACE201B}.Debug|Any CPU.Build.0 = Debug|Any CPU
		{7E3F1F2B-9EA3-4C2D-98F6-C5D97ACE201B}.Release|Any CPU.ActiveCfg = Release|Any CPU
		{7E3F1F2B-9EA3-4C2D-98F6-C5D97ACE201B}.Release|Any CPU.Build.0 = Release|Any CPU
		{82C686B6-E509-458A-950D-3DE2E8E09AF9}.Debug|Any CPU.ActiveCfg = Debug|Any CPU
		{82C686B6-E509-458A-950D-3DE2E8E09AF9}.Debug|Any CPU.Build.0 = Debug|Any CPU
		{82C686B6-E509-458A-950D-3DE2E8E09AF9}.Release|Any CPU.ActiveCfg = Release|Any CPU
		{82C686B6-E509-458A-950D-3DE2E8E09AF9}.Release|Any CPU.Build.0 = Release|Any CPU
	EndGlobalSection
	GlobalSection(SolutionProperties) = preSolution
		HideSolutionNode = FALSE
	EndGlobalSection
EndGlobal
