
Microsoft Visual Studio Solution File, Format Version 12.00
# Visual Studio 15
VisualStudioVersion = 15.0.26430.12
MinimumVisualStudioVersion = 10.0.40219.1
Project("{9A19103F-16F7-4668-BE54-9A1E7A4F7556}") = "Tizen.Security.TEEC", "Tizen.Security.TEEC.csproj", "{97FA66C9-A286-42FF-ADDC-80DC8CC9E446}"
EndProject
Project("{9A19103F-16F7-4668-BE54-9A1E7A4F7556}") = "Tizen", "..\Tizen\Tizen.csproj", "{6E871A27-B671-400B-A05D-58A6B3CBDAED}"
EndProject
Project("{9A19103F-16F7-4668-BE54-9A1E7A4F7556}") = "Tizen.Log", "..\Tizen.Log\Tizen.Log.csproj", "{E8348A68-09CD-427F-A0E3-0A36E37B949D}"
EndProject
Global
	GlobalSection(SolutionConfigurationPlatforms) = preSolution
		Debug|Any CPU = Debug|Any CPU
		Release|Any CPU = Release|Any CPU
	EndGlobalSection
	GlobalSection(ProjectConfigurationPlatforms) = postSolution
		{97FA66C9-A286-42FF-ADDC-80DC8CC9E446}.Debug|Any CPU.ActiveCfg = Debug|Any CPU
		{97FA66C9-A286-42FF-ADDC-80DC8CC9E446}.Debug|Any CPU.Build.0 = Debug|Any CPU
		{97FA66C9-A286-42FF-ADDC-80DC8CC9E446}.Release|Any CPU.ActiveCfg = Release|Any CPU
		{97FA66C9-A286-42FF-ADDC-80DC8CC9E446}.Release|Any CPU.Build.0 = Release|Any CPU
		{6E871A27-B671-400B-A05D-58A6B3CBDAED}.Debug|Any CPU.ActiveCfg = Debug|Any CPU
		{6E871A27-B671-400B-A05D-58A6B3CBDAED}.Debug|Any CPU.Build.0 = Debug|Any CPU
		{6E871A27-B671-400B-A05D-58A6B3CBDAED}.Release|Any CPU.ActiveCfg = Release|Any CPU
		{6E871A27-B671-400B-A05D-58A6B3CBDAED}.Release|Any CPU.Build.0 = Release|Any CPU
		{E8348A68-09CD-427F-A0E3-0A36E37B949D}.Debug|Any CPU.ActiveCfg = Debug|Any CPU
		{E8348A68-09CD-427F-A0E3-0A36E37B949D}.Debug|Any CPU.Build.0 = Debug|Any CPU
		{E8348A68-09CD-427F-A0E3-0A36E37B949D}.Release|Any CPU.ActiveCfg = Release|Any CPU
		{E8348A68-09CD-427F-A0E3-0A36E37B949D}.Release|Any CPU.Build.0 = Release|Any CPU
	EndGlobalSection
	GlobalSection(SolutionProperties) = preSolution
		HideSolutionNode = FALSE
	EndGlobalSection
EndGlobal
