
Microsoft Visual Studio Solution File, Format Version 12.00
# Visual Studio 15
VisualStudioVersion = 15.0.26430.12
MinimumVisualStudioVersion = 10.0.40219.1
Project("{9A19103F-16F7-4668-BE54-9A1E7A4F7556}") = "Tizen.Account.AccountManager", "Tizen.Account.AccountManager.csproj", "{A7594F6F-E28C-475E-B614-9596C140A2E7}"
EndProject
Project("{9A19103F-16F7-4668-BE54-9A1E7A4F7556}") = "Tizen", "..\Tizen\Tizen.csproj", "{BB293E56-D739-4B0A-B27B-F4FC8AD7832F}"
EndProject
Project("{9A19103F-16F7-4668-BE54-9A1E7A4F7556}") = "Tizen.Log", "..\Tizen.Log\Tizen.Log.csproj", "{7B75CA54-AA68-425B-86E2-B550D8F9BA4C}"
EndProject
Project("{9A19103F-16F7-4668-BE54-9A1E7A4F7556}") = "Tizen.System.Information", "..\Tizen.System.Information\Tizen.System.Information.csproj", "{486ABA54-F0FA-4288-BDB3-A36E26CC2483}"
EndProject
Global
	GlobalSection(SolutionConfigurationPlatforms) = preSolution
		Debug|Any CPU = Debug|Any CPU
		Release|Any CPU = Release|Any CPU
	EndGlobalSection
	GlobalSection(ProjectConfigurationPlatforms) = postSolution
		{A7594F6F-E28C-475E-B614-9596C140A2E7}.Debug|Any CPU.ActiveCfg = Debug|Any CPU
		{A7594F6F-E28C-475E-B614-9596C140A2E7}.Debug|Any CPU.Build.0 = Debug|Any CPU
		{A7594F6F-E28C-475E-B614-9596C140A2E7}.Release|Any CPU.ActiveCfg = Release|Any CPU
		{A7594F6F-E28C-475E-B614-9596C140A2E7}.Release|Any CPU.Build.0 = Release|Any CPU
		{BB293E56-D739-4B0A-B27B-F4FC8AD7832F}.Debug|Any CPU.ActiveCfg = Debug|Any CPU
		{BB293E56-D739-4B0A-B27B-F4FC8AD7832F}.Debug|Any CPU.Build.0 = Debug|Any CPU
		{BB293E56-D739-4B0A-B27B-F4FC8AD7832F}.Release|Any CPU.ActiveCfg = Release|Any CPU
		{BB293E56-D739-4B0A-B27B-F4FC8AD7832F}.Release|Any CPU.Build.0 = Release|Any CPU
		{7B75CA54-AA68-425B-86E2-B550D8F9BA4C}.Debug|Any CPU.ActiveCfg = Debug|Any CPU
		{7B75CA54-AA68-425B-86E2-B550D8F9BA4C}.Debug|Any CPU.Build.0 = Debug|Any CPU
		{7B75CA54-AA68-425B-86E2-B550D8F9BA4C}.Release|Any CPU.ActiveCfg = Release|Any CPU
		{7B75CA54-AA68-425B-86E2-B550D8F9BA4C}.Release|Any CPU.Build.0 = Release|Any CPU
		{486ABA54-F0FA-4288-BDB3-A36E26CC2483}.Debug|Any CPU.ActiveCfg = Debug|Any CPU
		{486ABA54-F0FA-4288-BDB3-A36E26CC2483}.Debug|Any CPU.Build.0 = Debug|Any CPU
		{486ABA54-F0FA-4288-BDB3-A36E26CC2483}.Release|Any CPU.ActiveCfg = Release|Any CPU
		{486ABA54-F0FA-4288-BDB3-A36E26CC2483}.Release|Any CPU.Build.0 = Release|Any CPU
	EndGlobalSection
	GlobalSection(SolutionProperties) = preSolution
		HideSolutionNode = FALSE
	EndGlobalSection
	GlobalSection(ExtensibilityGlobals) = postSolution
		SolutionGuid = {49811470-297B-4864-B114-CCCC5B91C20C}
	EndGlobalSection
EndGlobal
