
Microsoft Visual Studio Solution File, Format Version 12.00
# Visual Studio 15
VisualStudioVersion = 15.0.26730.12
MinimumVisualStudioVersion = 10.0.40219.1
Project("{9A19103F-16F7-4668-BE54-9A1E7A4F7556}") = "Tizen.System.Usb", "Tizen.System.Usb.csproj", "{BD16760E-860F-4A33-B6BD-3D623D790B8A}"
EndProject
Project("{9A19103F-16F7-4668-BE54-9A1E7A4F7556}") = "Tizen", "..\Tizen\Tizen.csproj", "{820488D0-54EB-4E52-9B22-CD3D3F201197}"
EndProject
Project("{9A19103F-16F7-4668-BE54-9A1E7A4F7556}") = "Tizen.Log", "..\Tizen.Log\Tizen.Log.csproj", "{FBB9D5C4-FD76-496E-B4AE-C42FEC10CE31}"
EndProject
Global
	GlobalSection(SolutionConfigurationPlatforms) = preSolution
		Debug|Any CPU = Debug|Any CPU
		Release|Any CPU = Release|Any CPU
	EndGlobalSection
	GlobalSection(ProjectConfigurationPlatforms) = postSolution
		{BD16760E-860F-4A33-B6BD-3D623D790B8A}.Debug|Any CPU.ActiveCfg = Debug|Any CPU
		{BD16760E-860F-4A33-B6BD-3D623D790B8A}.Debug|Any CPU.Build.0 = Debug|Any CPU
		{BD16760E-860F-4A33-B6BD-3D623D790B8A}.Release|Any CPU.ActiveCfg = Release|Any CPU
		{BD16760E-860F-4A33-B6BD-3D623D790B8A}.Release|Any CPU.Build.0 = Release|Any CPU
		{820488D0-54EB-4E52-9B22-CD3D3F201197}.Debug|Any CPU.ActiveCfg = Debug|Any CPU
		{820488D0-54EB-4E52-9B22-CD3D3F201197}.Debug|Any CPU.Build.0 = Debug|Any CPU
		{820488D0-54EB-4E52-9B22-CD3D3F201197}.Release|Any CPU.ActiveCfg = Release|Any CPU
		{820488D0-54EB-4E52-9B22-CD3D3F201197}.Release|Any CPU.Build.0 = Release|Any CPU
		{FBB9D5C4-FD76-496E-B4AE-C42FEC10CE31}.Debug|Any CPU.ActiveCfg = Debug|Any CPU
		{FBB9D5C4-FD76-496E-B4AE-C42FEC10CE31}.Debug|Any CPU.Build.0 = Debug|Any CPU
		{FBB9D5C4-FD76-496E-B4AE-C42FEC10CE31}.Release|Any CPU.ActiveCfg = Release|Any CPU
		{FBB9D5C4-FD76-496E-B4AE-C42FEC10CE31}.Release|Any CPU.Build.0 = Release|Any CPU
	EndGlobalSection
	GlobalSection(SolutionProperties) = preSolution
		HideSolutionNode = FALSE
	EndGlobalSection
	GlobalSection(ExtensibilityGlobals) = postSolution
		SolutionGuid = {7AD16E0C-813B-4304-9356-B8282AF4224E}
	EndGlobalSection
EndGlobal
