
Microsoft Visual Studio Solution File, Format Version 12.00
# Visual Studio Version 17
VisualStudioVersion = 17.5.33530.505
MinimumVisualStudioVersion = 10.0.40219.1
Project("{9A19103F-16F7-4668-BE54-9A1E7A4F7556}") = "Tizen.Data.Tdbc.Driver.Sqlite", "Tizen.Data.Tdbc.Driver.Sqlite.csproj", "{FC293D2D-CA32-4AD3-A56C-48E1FF0555D5}"
EndProject
Project("{9A19103F-16F7-4668-BE54-9A1E7A4F7556}") = "Tizen.Data.Tdbc", "..\Tizen.Data.Tdbc\Tizen.Data.Tdbc.csproj", "{8D78BBA7-929D-49BC-B9A4-9CCCAE0F575D}"
EndProject
Global
	GlobalSection(SolutionConfigurationPlatforms) = preSolution
		Debug|Any CPU = Debug|Any CPU
		Release|Any CPU = Release|Any CPU
	EndGlobalSection
	GlobalSection(ProjectConfigurationPlatforms) = postSolution
		{FC293D2D-CA32-4AD3-A56C-48E1FF0555D5}.Debug|Any CPU.ActiveCfg = Debug|Any CPU
		{FC293D2D-CA32-4AD3-A56C-48E1FF0555D5}.Debug|Any CPU.Build.0 = Debug|Any CPU
		{FC293D2D-CA32-4AD3-A56C-48E1FF0555D5}.Release|Any CPU.ActiveCfg = Release|Any CPU
		{FC293D2D-CA32-4AD3-A56C-48E1FF0555D5}.Release|Any CPU.Build.0 = Release|Any CPU
		{8D78BBA7-929D-49BC-B9A4-9CCCAE0F575D}.Debug|Any CPU.ActiveCfg = Debug|Any CPU
		{8D78BBA7-929D-49BC-B9A4-9CCCAE0F575D}.Debug|Any CPU.Build.0 = Debug|Any CPU
		{8D78BBA7-929D-49BC-B9A4-9CCCAE0F575D}.Release|Any CPU.ActiveCfg = Release|Any CPU
		{8D78BBA7-929D-49BC-B9A4-9CCCAE0F575D}.Release|Any CPU.Build.0 = Release|Any CPU
	EndGlobalSection
	GlobalSection(SolutionProperties) = preSolution
		HideSolutionNode = FALSE
	EndGlobalSection
	GlobalSection(ExtensibilityGlobals) = postSolution
		SolutionGuid = {94BD2441-EBE3-471F-B231-B14EED0514A5}
	EndGlobalSection
EndGlobal
