
Microsoft Visual Studio Solution File, Format Version 12.00
# Visual Studio 15
VisualStudioVersion = 15.0.26430.12
MinimumVisualStudioVersion = 10.0.40219.1
Project("{9A19103F-16F7-4668-BE54-9A1E7A4F7556}") = "Tizen.Messaging.Push", "Tizen.Messaging.Push.csproj", "{B31AE42B-4C42-468E-8C1A-AAB11564EDD8}"
EndProject
Project("{9A19103F-16F7-4668-BE54-9A1E7A4F7556}") = "Tizen", "..\Tizen\Tizen.csproj", "{0C7D8B15-AE88-4AA4-9692-CD49CE9FEFED}"
EndProject
Project("{9A19103F-16F7-4668-BE54-9A1E7A4F7556}") = "Tizen.Log", "..\Tizen.Log\Tizen.Log.csproj", "{6A5AD3AA-AFF5-472F-BE3F-8D82A2BB51D7}"
EndProject
Global
	GlobalSection(SolutionConfigurationPlatforms) = preSolution
		Debug|Any CPU = Debug|Any CPU
		Release|Any CPU = Release|Any CPU
	EndGlobalSection
	GlobalSection(ProjectConfigurationPlatforms) = postSolution
		{B31AE42B-4C42-468E-8C1A-AAB11564EDD8}.Debug|Any CPU.ActiveCfg = Debug|Any CPU
		{B31AE42B-4C42-468E-8C1A-AAB11564EDD8}.Debug|Any CPU.Build.0 = Debug|Any CPU
		{B31AE42B-4C42-468E-8C1A-AAB11564EDD8}.Release|Any CPU.ActiveCfg = Release|Any CPU
		{B31AE42B-4C42-468E-8C1A-AAB11564EDD8}.Release|Any CPU.Build.0 = Release|Any CPU
		{0C7D8B15-AE88-4AA4-9692-CD49CE9FEFED}.Debug|Any CPU.ActiveCfg = Debug|Any CPU
		{0C7D8B15-AE88-4AA4-9692-CD49CE9FEFED}.Debug|Any CPU.Build.0 = Debug|Any CPU
		{0C7D8B15-AE88-4AA4-9692-CD49CE9FEFED}.Release|Any CPU.ActiveCfg = Release|Any CPU
		{0C7D8B15-AE88-4AA4-9692-CD49CE9FEFED}.Release|Any CPU.Build.0 = Release|Any CPU
		{6A5AD3AA-AFF5-472F-BE3F-8D82A2BB51D7}.Debug|Any CPU.ActiveCfg = Debug|Any CPU
		{6A5AD3AA-AFF5-472F-BE3F-8D82A2BB51D7}.Debug|Any CPU.Build.0 = Debug|Any CPU
		{6A5AD3AA-AFF5-472F-BE3F-8D82A2BB51D7}.Release|Any CPU.ActiveCfg = Release|Any CPU
		{6A5AD3AA-AFF5-472F-BE3F-8D82A2BB51D7}.Release|Any CPU.Build.0 = Release|Any CPU
	EndGlobalSection
	GlobalSection(SolutionProperties) = preSolution
		HideSolutionNode = FALSE
	EndGlobalSection
EndGlobal
