
Microsoft Visual Studio Solution File, Format Version 12.00
# Visual Studio Version 16
VisualStudioVersion = 16.0.29806.167
MinimumVisualStudioVersion = 15.0.26124.0
Project("{9A19103F-16F7-4668-BE54-9A1E7A4F7556}") = "Tizen.Applications.ThemeManager", "Tizen.Applications.ThemeManager.csproj", "{C37063A6-0105-43F6-B3EA-CA4786F62BD7}"
EndProject
Project("{9A19103F-16F7-4668-BE54-9A1E7A4F7556}") = "Tizen", "..\Tizen\Tizen.csproj", "{1ED3BEBF-B675-45E3-8ABE-76A87A04A5FE}"
EndProject
Project("{9A19103F-16F7-4668-BE54-9A1E7A4F7556}") = "Tizen.Log", "..\Tizen.Log\Tizen.Log.csproj", "{116E46A3-8384-4AC8-9175-31D05BCF1F03}"
EndProject
Global
	GlobalSection(SolutionConfigurationPlatforms) = preSolution
		Debug|Any CPU = Debug|Any CPU
		Debug|x64 = Debug|x64
		Debug|x86 = Debug|x86
		Release|Any CPU = Release|Any CPU
		Release|x64 = Release|x64
		Release|x86 = Release|x86
	EndGlobalSection
	GlobalSection(ProjectConfigurationPlatforms) = postSolution
		{C37063A6-0105-43F6-B3EA-CA4786F62BD7}.Debug|Any CPU.ActiveCfg = Debug|Any CPU
		{C37063A6-0105-43F6-B3EA-CA4786F62BD7}.Debug|Any CPU.Build.0 = Debug|Any CPU
		{C37063A6-0105-43F6-B3EA-CA4786F62BD7}.Debug|x64.ActiveCfg = Debug|Any CPU
		{C37063A6-0105-43F6-B3EA-CA4786F62BD7}.Debug|x64.Build.0 = Debug|Any CPU
		{C37063A6-0105-43F6-B3EA-CA4786F62BD7}.Debug|x86.ActiveCfg = Debug|Any CPU
		{C37063A6-0105-43F6-B3EA-CA4786F62BD7}.Debug|x86.Build.0 = Debug|Any CPU
		{C37063A6-0105-43F6-B3EA-CA4786F62BD7}.Release|Any CPU.ActiveCfg = Release|Any CPU
		{C37063A6-0105-43F6-B3EA-CA4786F62BD7}.Release|Any CPU.Build.0 = Release|Any CPU
		{C37063A6-0105-43F6-B3EA-CA4786F62BD7}.Release|x64.ActiveCfg = Release|Any CPU
		{C37063A6-0105-43F6-B3EA-CA4786F62BD7}.Release|x64.Build.0 = Release|Any CPU
		{C37063A6-0105-43F6-B3EA-CA4786F62BD7}.Release|x86.ActiveCfg = Release|Any CPU
		{C37063A6-0105-43F6-B3EA-CA4786F62BD7}.Release|x86.Build.0 = Release|Any CPU
		{1ED3BEBF-B675-45E3-8ABE-76A87A04A5FE}.Debug|Any CPU.ActiveCfg = Debug|Any CPU
		{1ED3BEBF-B675-45E3-8ABE-76A87A04A5FE}.Debug|Any CPU.Build.0 = Debug|Any CPU
		{1ED3BEBF-B675-45E3-8ABE-76A87A04A5FE}.Debug|x64.ActiveCfg = Debug|Any CPU
		{1ED3BEBF-B675-45E3-8ABE-76A87A04A5FE}.Debug|x64.Build.0 = Debug|Any CPU
		{1ED3BEBF-B675-45E3-8ABE-76A87A04A5FE}.Debug|x86.ActiveCfg = Debug|Any CPU
		{1ED3BEBF-B675-45E3-8ABE-76A87A04A5FE}.Debug|x86.Build.0 = Debug|Any CPU
		{1ED3BEBF-B675-45E3-8ABE-76A87A04A5FE}.Release|Any CPU.ActiveCfg = Release|Any CPU
		{1ED3BEBF-B675-45E3-8ABE-76A87A04A5FE}.Release|Any CPU.Build.0 = Release|Any CPU
		{1ED3BEBF-B675-45E3-8ABE-76A87A04A5FE}.Release|x64.ActiveCfg = Release|Any CPU
		{1ED3BEBF-B675-45E3-8ABE-76A87A04A5FE}.Release|x64.Build.0 = Release|Any CPU
		{1ED3BEBF-B675-45E3-8ABE-76A87A04A5FE}.Release|x86.ActiveCfg = Release|Any CPU
		{1ED3BEBF-B675-45E3-8ABE-76A87A04A5FE}.Release|x86.Build.0 = Release|Any CPU
		{116E46A3-8384-4AC8-9175-31D05BCF1F03}.Debug|Any CPU.ActiveCfg = Debug|Any CPU
		{116E46A3-8384-4AC8-9175-31D05BCF1F03}.Debug|Any CPU.Build.0 = Debug|Any CPU
		{116E46A3-8384-4AC8-9175-31D05BCF1F03}.Debug|x64.ActiveCfg = Debug|Any CPU
		{116E46A3-8384-4AC8-9175-31D05BCF1F03}.Debug|x64.Build.0 = Debug|Any CPU
		{116E46A3-8384-4AC8-9175-31D05BCF1F03}.Debug|x86.ActiveCfg = Debug|Any CPU
		{116E46A3-8384-4AC8-9175-31D05BCF1F03}.Debug|x86.Build.0 = Debug|Any CPU
		{116E46A3-8384-4AC8-9175-31D05BCF1F03}.Release|Any CPU.ActiveCfg = Release|Any CPU
		{116E46A3-8384-4AC8-9175-31D05BCF1F03}.Release|Any CPU.Build.0 = Release|Any CPU
		{116E46A3-8384-4AC8-9175-31D05BCF1F03}.Release|x64.ActiveCfg = Release|Any CPU
		{116E46A3-8384-4AC8-9175-31D05BCF1F03}.Release|x64.Build.0 = Release|Any CPU
		{116E46A3-8384-4AC8-9175-31D05BCF1F03}.Release|x86.ActiveCfg = Release|Any CPU
		{116E46A3-8384-4AC8-9175-31D05BCF1F03}.Release|x86.Build.0 = Release|Any CPU
	EndGlobalSection
	GlobalSection(SolutionProperties) = preSolution
		HideSolutionNode = FALSE
	EndGlobalSection
	GlobalSection(ExtensibilityGlobals) = postSolution
		SolutionGuid = {0131746E-72CC-496D-9774-A02B519FDB0C}
	EndGlobalSection
EndGlobal
