
Microsoft Visual Studio Solution File, Format Version 12.00
# Visual Studio 15
VisualStudioVersion = 15.0.27130.2010
MinimumVisualStudioVersion = 10.0.40219.1
Project("{9A19103F-16F7-4668-BE54-9A1E7A4F7556}") = "Tizen.System.SystemSettings", "Tizen.System.SystemSettings.csproj", "{608ECBF5-4D2F-4B89-9EB1-B435017A46EC}"
EndProject
Project("{9A19103F-16F7-4668-BE54-9A1E7A4F7556}") = "Tizen", "..\Tizen\Tizen.csproj", "{6A20C62F-B0B8-4C28-8477-E1608654DD8F}"
EndProject
Project("{9A19103F-16F7-4668-BE54-9A1E7A4F7556}") = "Tizen.Log", "..\Tizen.Log\Tizen.Log.csproj", "{91413DDA-947D-40CA-B757-7CC7A651E257}"
EndProject
Global
	GlobalSection(SolutionConfigurationPlatforms) = preSolution
		Debug|Any CPU = Debug|Any CPU
		Release|Any CPU = Release|Any CPU
	EndGlobalSection
	GlobalSection(ProjectConfigurationPlatforms) = postSolution
		{608ECBF5-4D2F-4B89-9EB1-B435017A46EC}.Debug|Any CPU.ActiveCfg = Debug|Any CPU
		{608ECBF5-4D2F-4B89-9EB1-B435017A46EC}.Debug|Any CPU.Build.0 = Debug|Any CPU
		{608ECBF5-4D2F-4B89-9EB1-B435017A46EC}.Release|Any CPU.ActiveCfg = Release|Any CPU
		{608ECBF5-4D2F-4B89-9EB1-B435017A46EC}.Release|Any CPU.Build.0 = Release|Any CPU
		{6A20C62F-B0B8-4C28-8477-E1608654DD8F}.Debug|Any CPU.ActiveCfg = Debug|Any CPU
		{6A20C62F-B0B8-4C28-8477-E1608654DD8F}.Debug|Any CPU.Build.0 = Debug|Any CPU
		{6A20C62F-B0B8-4C28-8477-E1608654DD8F}.Release|Any CPU.ActiveCfg = Release|Any CPU
		{6A20C62F-B0B8-4C28-8477-E1608654DD8F}.Release|Any CPU.Build.0 = Release|Any CPU
		{91413DDA-947D-40CA-B757-7CC7A651E257}.Debug|Any CPU.ActiveCfg = Debug|Any CPU
		{91413DDA-947D-40CA-B757-7CC7A651E257}.Debug|Any CPU.Build.0 = Debug|Any CPU
		{91413DDA-947D-40CA-B757-7CC7A651E257}.Release|Any CPU.ActiveCfg = Release|Any CPU
		{91413DDA-947D-40CA-B757-7CC7A651E257}.Release|Any CPU.Build.0 = Release|Any CPU
	EndGlobalSection
	GlobalSection(SolutionProperties) = preSolution
		HideSolutionNode = FALSE
	EndGlobalSection
	GlobalSection(ExtensibilityGlobals) = postSolution
		SolutionGuid = {D2D08E99-682B-4810-86F9-E494C7326624}
	EndGlobalSection
EndGlobal
