
Microsoft Visual Studio Solution File, Format Version 12.00
# Visual Studio 15
VisualStudioVersion = 15.0.26430.12
MinimumVisualStudioVersion = 10.0.40219.1
Project("{9A19103F-16F7-4668-BE54-9A1E7A4F7556}") = "Tizen.System.Feedback", "Tizen.System.Feedback.csproj", "{07D88466-8BF2-4477-96C9-84C066C7AB81}"
EndProject
Project("{9A19103F-16F7-4668-BE54-9A1E7A4F7556}") = "Tizen", "..\Tizen\Tizen.csproj", "{82ED038B-DF94-4EF8-B4C2-03342C580A57}"
EndProject
Project("{9A19103F-16F7-4668-BE54-9A1E7A4F7556}") = "Tizen.Log", "..\Tizen.Log\Tizen.Log.csproj", "{85B9CB65-3AEA-475D-A86D-DC4A9C1DF13E}"
EndProject
Global
	GlobalSection(SolutionConfigurationPlatforms) = preSolution
		Debug|Any CPU = Debug|Any CPU
		Release|Any CPU = Release|Any CPU
	EndGlobalSection
	GlobalSection(ProjectConfigurationPlatforms) = postSolution
		{07D88466-8BF2-4477-96C9-84C066C7AB81}.Debug|Any CPU.ActiveCfg = Debug|Any CPU
		{07D88466-8BF2-4477-96C9-84C066C7AB81}.Debug|Any CPU.Build.0 = Debug|Any CPU
		{07D88466-8BF2-4477-96C9-84C066C7AB81}.Release|Any CPU.ActiveCfg = Release|Any CPU
		{07D88466-8BF2-4477-96C9-84C066C7AB81}.Release|Any CPU.Build.0 = Release|Any CPU
		{82ED038B-DF94-4EF8-B4C2-03342C580A57}.Debug|Any CPU.ActiveCfg = Debug|Any CPU
		{82ED038B-DF94-4EF8-B4C2-03342C580A57}.Debug|Any CPU.Build.0 = Debug|Any CPU
		{82ED038B-DF94-4EF8-B4C2-03342C580A57}.Release|Any CPU.ActiveCfg = Release|Any CPU
		{82ED038B-DF94-4EF8-B4C2-03342C580A57}.Release|Any CPU.Build.0 = Release|Any CPU
		{85B9CB65-3AEA-475D-A86D-DC4A9C1DF13E}.Debug|Any CPU.ActiveCfg = Debug|Any CPU
		{85B9CB65-3AEA-475D-A86D-DC4A9C1DF13E}.Debug|Any CPU.Build.0 = Debug|Any CPU
		{85B9CB65-3AEA-475D-A86D-DC4A9C1DF13E}.Release|Any CPU.ActiveCfg = Release|Any CPU
		{85B9CB65-3AEA-475D-A86D-DC4A9C1DF13E}.Release|Any CPU.Build.0 = Release|Any CPU
	EndGlobalSection
	GlobalSection(SolutionProperties) = preSolution
		HideSolutionNode = FALSE
	EndGlobalSection
EndGlobal
