
Microsoft Visual Studio Solution File, Format Version 12.00
# Visual Studio 15
VisualStudioVersion = 15.0.26430.12
MinimumVisualStudioVersion = 10.0.40219.1
Project("{9A19103F-16F7-4668-BE54-9A1E7A4F7556}") = "Tizen.Account.FidoClient", "Tizen.Account.FidoClient.csproj", "{11ED0ABB-177B-434B-909C-14D589455779}"
EndProject
Project("{9A19103F-16F7-4668-BE54-9A1E7A4F7556}") = "Tizen", "..\Tizen\Tizen.csproj", "{89AE4C5A-07D4-476A-8E30-6B0502094C1E}"
EndProject
Project("{9A19103F-16F7-4668-BE54-9A1E7A4F7556}") = "Tizen.Log", "..\Tizen.Log\Tizen.Log.csproj", "{B6FD3563-E050-43C1-BB6C-3728CBF5F8EA}"
EndProject
Global
	GlobalSection(SolutionConfigurationPlatforms) = preSolution
		Debug|Any CPU = Debug|Any CPU
		Release|Any CPU = Release|Any CPU
	EndGlobalSection
	GlobalSection(ProjectConfigurationPlatforms) = postSolution
		{11ED0ABB-177B-434B-909C-14D589455779}.Debug|Any CPU.ActiveCfg = Debug|Any CPU
		{11ED0ABB-177B-434B-909C-14D589455779}.Debug|Any CPU.Build.0 = Debug|Any CPU
		{11ED0ABB-177B-434B-909C-14D589455779}.Release|Any CPU.ActiveCfg = Release|Any CPU
		{11ED0ABB-177B-434B-909C-14D589455779}.Release|Any CPU.Build.0 = Release|Any CPU
		{89AE4C5A-07D4-476A-8E30-6B0502094C1E}.Debug|Any CPU.ActiveCfg = Debug|Any CPU
		{89AE4C5A-07D4-476A-8E30-6B0502094C1E}.Debug|Any CPU.Build.0 = Debug|Any CPU
		{89AE4C5A-07D4-476A-8E30-6B0502094C1E}.Release|Any CPU.ActiveCfg = Release|Any CPU
		{89AE4C5A-07D4-476A-8E30-6B0502094C1E}.Release|Any CPU.Build.0 = Release|Any CPU
		{B6FD3563-E050-43C1-BB6C-3728CBF5F8EA}.Debug|Any CPU.ActiveCfg = Debug|Any CPU
		{B6FD3563-E050-43C1-BB6C-3728CBF5F8EA}.Debug|Any CPU.Build.0 = Debug|Any CPU
		{B6FD3563-E050-43C1-BB6C-3728CBF5F8EA}.Release|Any CPU.ActiveCfg = Release|Any CPU
		{B6FD3563-E050-43C1-BB6C-3728CBF5F8EA}.Release|Any CPU.Build.0 = Release|Any CPU
	EndGlobalSection
	GlobalSection(SolutionProperties) = preSolution
		HideSolutionNode = FALSE
	EndGlobalSection
EndGlobal
