
Microsoft Visual Studio Solution File, Format Version 12.00
# Visual Studio 15
VisualStudioVersion = 15.0.26430.12
MinimumVisualStudioVersion = 10.0.40219.1
Project("{9A19103F-16F7-4668-BE54-9A1E7A4F7556}") = "Tizen.Network.IoTConnectivity", "Tizen.Network.IoTConnectivity.csproj", "{3582989E-9C6D-4E1B-9C5A-F985F9B6F346}"
EndProject
Project("{9A19103F-16F7-4668-BE54-9A1E7A4F7556}") = "Tizen", "..\Tizen\Tizen.csproj", "{49F93528-1A8C-45E5-A9DF-0D6E90C950AE}"
EndProject
Project("{9A19103F-16F7-4668-BE54-9A1E7A4F7556}") = "Tizen.Log", "..\Tizen.Log\Tizen.Log.csproj", "{D3E401EB-8E0C-43C9-98B9-D29B8D4A92E2}"
EndProject
Global
	GlobalSection(SolutionConfigurationPlatforms) = preSolution
		Debug|Any CPU = Debug|Any CPU
		Release|Any CPU = Release|Any CPU
	EndGlobalSection
	GlobalSection(ProjectConfigurationPlatforms) = postSolution
		{3582989E-9C6D-4E1B-9C5A-F985F9B6F346}.Debug|Any CPU.ActiveCfg = Debug|Any CPU
		{3582989E-9C6D-4E1B-9C5A-F985F9B6F346}.Debug|Any CPU.Build.0 = Debug|Any CPU
		{3582989E-9C6D-4E1B-9C5A-F985F9B6F346}.Release|Any CPU.ActiveCfg = Release|Any CPU
		{3582989E-9C6D-4E1B-9C5A-F985F9B6F346}.Release|Any CPU.Build.0 = Release|Any CPU
		{49F93528-1A8C-45E5-A9DF-0D6E90C950AE}.Debug|Any CPU.ActiveCfg = Debug|Any CPU
		{49F93528-1A8C-45E5-A9DF-0D6E90C950AE}.Debug|Any CPU.Build.0 = Debug|Any CPU
		{49F93528-1A8C-45E5-A9DF-0D6E90C950AE}.Release|Any CPU.ActiveCfg = Release|Any CPU
		{49F93528-1A8C-45E5-A9DF-0D6E90C950AE}.Release|Any CPU.Build.0 = Release|Any CPU
		{D3E401EB-8E0C-43C9-98B9-D29B8D4A92E2}.Debug|Any CPU.ActiveCfg = Debug|Any CPU
		{D3E401EB-8E0C-43C9-98B9-D29B8D4A92E2}.Debug|Any CPU.Build.0 = Debug|Any CPU
		{D3E401EB-8E0C-43C9-98B9-D29B8D4A92E2}.Release|Any CPU.ActiveCfg = Release|Any CPU
		{D3E401EB-8E0C-43C9-98B9-D29B8D4A92E2}.Release|Any CPU.Build.0 = Release|Any CPU
	EndGlobalSection
	GlobalSection(SolutionProperties) = preSolution
		HideSolutionNode = FALSE
	EndGlobalSection
EndGlobal
