
Microsoft Visual Studio Solution File, Format Version 12.00
# Visual Studio 14
VisualStudioVersion = 14.0.25420.1
MinimumVisualStudioVersion = 10.0.40219.1
Project("{FAE04EC0-301F-11D3-BF4B-00C04F79EFBC}") = "Tizen.Pims.Calendar", "Tizen.Pims.Calendar.csproj", "{98DD51D2-9332-47AA-B4EA-D1DB7E71C395}"
EndProject
Project("{FAE04EC0-301F-11D3-BF4B-00C04F79EFBC}") = "XamarinApplication2.Tizen", "..\..\XamarinApplication2\XamarinApplication2\XamarinApplication2.Tizen\XamarinApplication2.Tizen.csproj", "{47A990B2-CC6D-48D3-8007-38308056E3E0}"
EndProject
Global
	GlobalSection(SolutionConfigurationPlatforms) = preSolution
		Debug|Any CPU = Debug|Any CPU
		Release|Any CPU = Release|Any CPU
	EndGlobalSection
	GlobalSection(ProjectConfigurationPlatforms) = postSolution
		{98DD51D2-9332-47AA-B4EA-D1DB7E71C395}.Debug|Any CPU.ActiveCfg = Debug|Any CPU
		{98DD51D2-9332-47AA-B4EA-D1DB7E71C395}.Debug|Any CPU.Build.0 = Debug|Any CPU
		{98DD51D2-9332-47AA-B4EA-D1DB7E71C395}.Release|Any CPU.ActiveCfg = Release|Any CPU
		{98DD51D2-9332-47AA-B4EA-D1DB7E71C395}.Release|Any CPU.Build.0 = Release|Any CPU
		{47A990B2-CC6D-48D3-8007-38308056E3E0}.Debug|Any CPU.ActiveCfg = Debug|Any CPU
		{47A990B2-CC6D-48D3-8007-38308056E3E0}.Debug|Any CPU.Build.0 = Debug|Any CPU
		{47A990B2-CC6D-48D3-8007-38308056E3E0}.Release|Any CPU.ActiveCfg = Release|Any CPU
		{47A990B2-CC6D-48D3-8007-38308056E3E0}.Release|Any CPU.Build.0 = Release|Any CPU
	EndGlobalSection
	GlobalSection(SolutionProperties) = preSolution
		HideSolutionNode = FALSE
	EndGlobalSection
EndGlobal
