
Microsoft Visual Studio Solution File, Format Version 12.00
# Visual Studio 15
VisualStudioVersion = 15.0.26430.12
MinimumVisualStudioVersion = 10.0.40219.1
Project("{9A19103F-16F7-4668-BE54-9A1E7A4F7556}") = "Tizen.Applications.Badge", "Tizen.Applications.Badge.csproj", "{2BA194AC-736A-4C5F-A41F-1A77B1D5CEA2}"
EndProject
Project("{9A19103F-16F7-4668-BE54-9A1E7A4F7556}") = "Tizen", "..\Tizen\Tizen.csproj", "{9D519F2A-4853-499F-A479-3440CFAF4701}"
EndProject
Project("{9A19103F-16F7-4668-BE54-9A1E7A4F7556}") = "Tizen.Log", "..\Tizen.Log\Tizen.Log.csproj", "{C791221D-31B2-4D62-A149-60BA76E99E11}"
EndProject
Global
	GlobalSection(SolutionConfigurationPlatforms) = preSolution
		Debug|Any CPU = Debug|Any CPU
		Release|Any CPU = Release|Any CPU
	EndGlobalSection
	GlobalSection(ProjectConfigurationPlatforms) = postSolution
		{2BA194AC-736A-4C5F-A41F-1A77B1D5CEA2}.Debug|Any CPU.ActiveCfg = Debug|Any CPU
		{2BA194AC-736A-4C5F-A41F-1A77B1D5CEA2}.Debug|Any CPU.Build.0 = Debug|Any CPU
		{2BA194AC-736A-4C5F-A41F-1A77B1D5CEA2}.Release|Any CPU.ActiveCfg = Release|Any CPU
		{2BA194AC-736A-4C5F-A41F-1A77B1D5CEA2}.Release|Any CPU.Build.0 = Release|Any CPU
		{9D519F2A-4853-499F-A479-3440CFAF4701}.Debug|Any CPU.ActiveCfg = Debug|Any CPU
		{9D519F2A-4853-499F-A479-3440CFAF4701}.Debug|Any CPU.Build.0 = Debug|Any CPU
		{9D519F2A-4853-499F-A479-3440CFAF4701}.Release|Any CPU.ActiveCfg = Release|Any CPU
		{9D519F2A-4853-499F-A479-3440CFAF4701}.Release|Any CPU.Build.0 = Release|Any CPU
		{C791221D-31B2-4D62-A149-60BA76E99E11}.Debug|Any CPU.ActiveCfg = Debug|Any CPU
		{C791221D-31B2-4D62-A149-60BA76E99E11}.Debug|Any CPU.Build.0 = Debug|Any CPU
		{C791221D-31B2-4D62-A149-60BA76E99E11}.Release|Any CPU.ActiveCfg = Release|Any CPU
		{C791221D-31B2-4D62-A149-60BA76E99E11}.Release|Any CPU.Build.0 = Release|Any CPU
	EndGlobalSection
	GlobalSection(SolutionProperties) = preSolution
		HideSolutionNode = FALSE
	EndGlobalSection
EndGlobal
