
Microsoft Visual Studio Solution File, Format Version 12.00
# Visual Studio 15
VisualStudioVersion = 15.0.26730.16
MinimumVisualStudioVersion = 10.0.40219.1
Project("{9A19103F-16F7-4668-BE54-9A1E7A4F7556}") = "Tizen.Applications.WatchfaceComplication", "Tizen.Applications.WatchfaceComplication.csproj", "{F1EF8A92-02E2-483D-9D68-234640648CE3}"
EndProject
Global
	GlobalSection(SolutionConfigurationPlatforms) = preSolution
		Debug|Any CPU = Debug|Any CPU
		Release|Any CPU = Release|Any CPU
	EndGlobalSection
	GlobalSection(ProjectConfigurationPlatforms) = postSolution
		{F1EF8A92-02E2-483D-9D68-234640648CE3}.Debug|Any CPU.ActiveCfg = Debug|Any CPU
		{F1EF8A92-02E2-483D-9D68-234640648CE3}.Debug|Any CPU.Build.0 = Debug|Any CPU
		{F1EF8A92-02E2-483D-9D68-234640648CE3}.Release|Any CPU.ActiveCfg = Release|Any CPU
		{F1EF8A92-02E2-483D-9D68-234640648CE3}.Release|Any CPU.Build.0 = Release|Any CPU
	EndGlobalSection
	GlobalSection(SolutionProperties) = preSolution
		HideSolutionNode = FALSE
	EndGlobalSection
	GlobalSection(ExtensibilityGlobals) = postSolution
		SolutionGuid = {801AB838-E62B-4E17-9AA4-CB24E9774492}
	EndGlobalSection
EndGlobal
