
Microsoft Visual Studio Solution File, Format Version 12.00
# Visual Studio 15
VisualStudioVersion = 15.0.26124.0
MinimumVisualStudioVersion = 15.0.26124.0
Project("{2150E333-8FDC-42A3-9474-1A3956D46DE8}") = "src", "src", "{AD3273CC-611A-4C16-B000-A377C6C99D71}"
EndProject
Project("{FAE04EC0-301F-11D3-BF4B-00C04F79EFBC}") = "ABIChecker", "src\ABIChecker\ABIChecker.csproj", "{67CEC1C6-C732-41AA-B062-6544003555A0}"
EndProject
Project("{FAE04EC0-301F-11D3-BF4B-00C04F79EFBC}") = "GenDummy", "src\GenDummy\GenDummy.csproj", "{3184D14E-4619-4FE3-94EB-C3E254A5742E}"
EndProject
Global
	GlobalSection(SolutionConfigurationPlatforms) = preSolution
		Debug|Any CPU = Debug|Any CPU
		Debug|x64 = Debug|x64
		Debug|x86 = Debug|x86
		Release|Any CPU = Release|Any CPU
		Release|x64 = Release|x64
		Release|x86 = Release|x86
	EndGlobalSection
	GlobalSection(SolutionProperties) = preSolution
		HideSolutionNode = FALSE
	EndGlobalSection
	GlobalSection(ProjectConfigurationPlatforms) = postSolution
		{67CEC1C6-C732-41AA-B062-6544003555A0}.Debug|Any CPU.ActiveCfg = Debug|Any CPU
		{67CEC1C6-C732-41AA-B062-6544003555A0}.Debug|Any CPU.Build.0 = Debug|Any CPU
		{67CEC1C6-C732-41AA-B062-6544003555A0}.Debug|x64.ActiveCfg = Debug|Any CPU
		{67CEC1C6-C732-41AA-B062-6544003555A0}.Debug|x64.Build.0 = Debug|Any CPU
		{67CEC1C6-C732-41AA-B062-6544003555A0}.Debug|x86.ActiveCfg = Debug|Any CPU
		{67CEC1C6-C732-41AA-B062-6544003555A0}.Debug|x86.Build.0 = Debug|Any CPU
		{67CEC1C6-C732-41AA-B062-6544003555A0}.Release|Any CPU.ActiveCfg = Release|Any CPU
		{67CEC1C6-C732-41AA-B062-6544003555A0}.Release|Any CPU.Build.0 = Release|Any CPU
		{67CEC1C6-C732-41AA-B062-6544003555A0}.Release|x64.ActiveCfg = Release|Any CPU
		{67CEC1C6-C732-41AA-B062-6544003555A0}.Release|x64.Build.0 = Release|Any CPU
		{67CEC1C6-C732-41AA-B062-6544003555A0}.Release|x86.ActiveCfg = Release|Any CPU
		{67CEC1C6-C732-41AA-B062-6544003555A0}.Release|x86.Build.0 = Release|Any CPU
		{3184D14E-4619-4FE3-94EB-C3E254A5742E}.Debug|Any CPU.ActiveCfg = Debug|Any CPU
		{3184D14E-4619-4FE3-94EB-C3E254A5742E}.Debug|Any CPU.Build.0 = Debug|Any CPU
		{3184D14E-4619-4FE3-94EB-C3E254A5742E}.Debug|x64.ActiveCfg = Debug|Any CPU
		{3184D14E-4619-4FE3-94EB-C3E254A5742E}.Debug|x64.Build.0 = Debug|Any CPU
		{3184D14E-4619-4FE3-94EB-C3E254A5742E}.Debug|x86.ActiveCfg = Debug|Any CPU
		{3184D14E-4619-4FE3-94EB-C3E254A5742E}.Debug|x86.Build.0 = Debug|Any CPU
		{3184D14E-4619-4FE3-94EB-C3E254A5742E}.Release|Any CPU.ActiveCfg = Release|Any CPU
		{3184D14E-4619-4FE3-94EB-C3E254A5742E}.Release|Any CPU.Build.0 = Release|Any CPU
		{3184D14E-4619-4FE3-94EB-C3E254A5742E}.Release|x64.ActiveCfg = Release|Any CPU
		{3184D14E-4619-4FE3-94EB-C3E254A5742E}.Release|x64.Build.0 = Release|Any CPU
		{3184D14E-4619-4FE3-94EB-C3E254A5742E}.Release|x86.ActiveCfg = Release|Any CPU
		{3184D14E-4619-4FE3-94EB-C3E254A5742E}.Release|x86.Build.0 = Release|Any CPU
	EndGlobalSection
	GlobalSection(NestedProjects) = preSolution
		{67CEC1C6-C732-41AA-B062-6544003555A0} = {AD3273CC-611A-4C16-B000-A377C6C99D71}
		{3184D14E-4619-4FE3-94EB-C3E254A5742E} = {AD3273CC-611A-4C16-B000-A377C6C99D71}
	EndGlobalSection
EndGlobal
