
Microsoft Visual Studio Solution File, Format Version 12.00
# Visual Studio 15
VisualStudioVersion = 15.0.26430.12
MinimumVisualStudioVersion = 10.0.40219.1
Project("{9A19103F-16F7-4668-BE54-9A1E7A4F7556}") = "Tizen.Account.OAuth2", "Tizen.Account.OAuth2.csproj", "{1D4A1B0D-AAF5-44A3-8F51-82AD8FD02E9C}"
EndProject
Project("{9A19103F-16F7-4668-BE54-9A1E7A4F7556}") = "Tizen", "..\Tizen\Tizen.csproj", "{F01EC0FE-2430-4E29-8E32-7F382B203A40}"
EndProject
Project("{9A19103F-16F7-4668-BE54-9A1E7A4F7556}") = "Tizen.Log", "..\Tizen.Log\Tizen.Log.csproj", "{CB517D83-FC5A-4797-A36B-AB40B2CA9A13}"
EndProject
Global
	GlobalSection(SolutionConfigurationPlatforms) = preSolution
		Debug|Any CPU = Debug|Any CPU
		Release|Any CPU = Release|Any CPU
	EndGlobalSection
	GlobalSection(ProjectConfigurationPlatforms) = postSolution
		{1D4A1B0D-AAF5-44A3-8F51-82AD8FD02E9C}.Debug|Any CPU.ActiveCfg = Debug|Any CPU
		{1D4A1B0D-AAF5-44A3-8F51-82AD8FD02E9C}.Debug|Any CPU.Build.0 = Debug|Any CPU
		{1D4A1B0D-AAF5-44A3-8F51-82AD8FD02E9C}.Release|Any CPU.ActiveCfg = Release|Any CPU
		{1D4A1B0D-AAF5-44A3-8F51-82AD8FD02E9C}.Release|Any CPU.Build.0 = Release|Any CPU
		{F01EC0FE-2430-4E29-8E32-7F382B203A40}.Debug|Any CPU.ActiveCfg = Debug|Any CPU
		{F01EC0FE-2430-4E29-8E32-7F382B203A40}.Debug|Any CPU.Build.0 = Debug|Any CPU
		{F01EC0FE-2430-4E29-8E32-7F382B203A40}.Release|Any CPU.ActiveCfg = Release|Any CPU
		{F01EC0FE-2430-4E29-8E32-7F382B203A40}.Release|Any CPU.Build.0 = Release|Any CPU
		{CB517D83-FC5A-4797-A36B-AB40B2CA9A13}.Debug|Any CPU.ActiveCfg = Debug|Any CPU
		{CB517D83-FC5A-4797-A36B-AB40B2CA9A13}.Debug|Any CPU.Build.0 = Debug|Any CPU
		{CB517D83-FC5A-4797-A36B-AB40B2CA9A13}.Release|Any CPU.ActiveCfg = Release|Any CPU
		{CB517D83-FC5A-4797-A36B-AB40B2CA9A13}.Release|Any CPU.Build.0 = Release|Any CPU
	EndGlobalSection
	GlobalSection(SolutionProperties) = preSolution
		HideSolutionNode = FALSE
	EndGlobalSection
EndGlobal
