
Microsoft Visual Studio Solution File, Format Version 12.00
# Visual Studio 15
VisualStudioVersion = 15.0.26124.0
MinimumVisualStudioVersion = 15.0.26124.0
Project("{FAE04EC0-301F-11D3-BF4B-00C04F79EFBC}") = "ElmSharp", "..\src\ElmSharp\ElmSharp.csproj", "{0D605E7E-16C9-4712-B552-8E12A7E5DC1F}"
EndProject
Project("{FAE04EC0-301F-11D3-BF4B-00C04F79EFBC}") = "ElmSharp.Wearable", "..\src\ElmSharp.Wearable\ElmSharp.Wearable.csproj", "{4E8F5601-3178-46E6-9BCC-D3A6CE81FDB1}"
EndProject
Project("{FAE04EC0-301F-11D3-BF4B-00C04F79EFBC}") = "Tizen.Account.AccountManager", "..\src\Tizen.Account.AccountManager\Tizen.Account.AccountManager.csproj", "{9B861D1E-6556-4061-9D0A-EFAFDA6D28ED}"
EndProject
Project("{FAE04EC0-301F-11D3-BF4B-00C04F79EFBC}") = "Tizen.Account.FidoClient", "..\src\Tizen.Account.FidoClient\Tizen.Account.FidoClient.csproj", "{1DC41002-4450-41E3-BC10-DFC6CBCD79D7}"
EndProject
Project("{FAE04EC0-301F-11D3-BF4B-00C04F79EFBC}") = "Tizen.Account.OAuth2", "..\src\Tizen.Account.OAuth2\Tizen.Account.OAuth2.csproj", "{CDBB2633-FE0B-485E-B864-DCA9240E6F7D}"
EndProject
Project("{FAE04EC0-301F-11D3-BF4B-00C04F79EFBC}") = "Tizen.Applications.Alarm", "..\src\Tizen.Applications.Alarm\Tizen.Applications.Alarm.csproj", "{6B8722E8-94A4-4739-B0E3-14F1B158BC81}"
EndProject
Project("{FAE04EC0-301F-11D3-BF4B-00C04F79EFBC}") = "Tizen.Applications.AttachPanel", "..\src\Tizen.Applications.AttachPanel\Tizen.Applications.AttachPanel.csproj", "{3BACD1BC-613C-4A68-87F2-789B5937FBF6}"
EndProject
Project("{FAE04EC0-301F-11D3-BF4B-00C04F79EFBC}") = "Tizen.Applications.Badge", "..\src\Tizen.Applications.Badge\Tizen.Applications.Badge.csproj", "{0E1B996F-1ADA-44EA-B2E4-A32050BF5E9C}"
EndProject
Project("{FAE04EC0-301F-11D3-BF4B-00C04F79EFBC}") = "Tizen.Applications.Common", "..\src\Tizen.Applications.Common\Tizen.Applications.Common.csproj", "{A4B36D9E-EB03-474E-B806-F6DE49391C13}"
EndProject
Project("{FAE04EC0-301F-11D3-BF4B-00C04F79EFBC}") = "Tizen.Applications.DataControl", "..\src\Tizen.Applications.DataControl\Tizen.Applications.DataControl.csproj", "{51AA2490-864E-44E3-A5DF-ED27501EF572}"
EndProject
Project("{FAE04EC0-301F-11D3-BF4B-00C04F79EFBC}") = "Tizen.Applications.MessagePort", "..\src\Tizen.Applications.MessagePort\Tizen.Applications.MessagePort.csproj", "{77F493B8-C41A-45A8-87F4-C07400070118}"
EndProject
Project("{FAE04EC0-301F-11D3-BF4B-00C04F79EFBC}") = "Tizen.Applications.NotificationEventListener", "..\src\Tizen.Applications.NotificationEventListener\Tizen.Applications.NotificationEventListener.csproj", "{B740FCEA-A2BF-4F0E-B4C0-C1F1ACBEA680}"
EndProject
Project("{FAE04EC0-301F-11D3-BF4B-00C04F79EFBC}") = "Tizen.Applications.Notification", "..\src\Tizen.Applications.Notification\Tizen.Applications.Notification.csproj", "{B459C1AE-938F-48BC-8720-7621DDB794A1}"
EndProject
Project("{FAE04EC0-301F-11D3-BF4B-00C04F79EFBC}") = "Tizen.Applications.PackageManager", "..\src\Tizen.Applications.PackageManager\Tizen.Applications.PackageManager.csproj", "{8AB5E861-FCBA-4A03-98A4-A99276167C9A}"
EndProject
Project("{FAE04EC0-301F-11D3-BF4B-00C04F79EFBC}") = "Tizen.Applications.Preference", "..\src\Tizen.Applications.Preference\Tizen.Applications.Preference.csproj", "{38CFEE4D-1272-41EF-ABC8-C2AB7A6BAE34}"
EndProject
Project("{FAE04EC0-301F-11D3-BF4B-00C04F79EFBC}") = "Tizen.Applications.RemoteView", "..\src\Tizen.Applications.RemoteView\Tizen.Applications.RemoteView.csproj", "{DE8F9D90-02EB-44B1-9C64-038EB1D21E8D}"
EndProject
Project("{FAE04EC0-301F-11D3-BF4B-00C04F79EFBC}") = "Tizen.Applications.Service", "..\src\Tizen.Applications.Service\Tizen.Applications.Service.csproj", "{F8FE708E-3840-4A50-970B-8633CDAB4B27}"
EndProject
Project("{FAE04EC0-301F-11D3-BF4B-00C04F79EFBC}") = "Tizen.Applications.ToastMessage", "..\src\Tizen.Applications.ToastMessage\Tizen.Applications.ToastMessage.csproj", "{80548ED6-43AB-4849-9AD9-0C4CCB474E8D}"
EndProject
Project("{FAE04EC0-301F-11D3-BF4B-00C04F79EFBC}") = "Tizen.Applications.UI", "..\src\Tizen.Applications.UI\Tizen.Applications.UI.csproj", "{68FF3769-AE67-4B4E-A70B-5317A7079A26}"
EndProject
Project("{FAE04EC0-301F-11D3-BF4B-00C04F79EFBC}") = "Tizen.Applications.WatchApplication", "..\src\Tizen.Applications.WatchApplication\Tizen.Applications.WatchApplication.csproj", "{1E2CC8BB-6C8E-4A03-B25C-D08F5502E24D}"
EndProject
Project("{FAE04EC0-301F-11D3-BF4B-00C04F79EFBC}") = "Tizen.Applications.WidgetApplication", "..\src\Tizen.Applications.WidgetApplication\Tizen.Applications.WidgetApplication.csproj", "{9669CF47-ACDD-4827-9A3B-B794723274DC}"
EndProject
Project("{FAE04EC0-301F-11D3-BF4B-00C04F79EFBC}") = "Tizen.Applications.WidgetControl", "..\src\Tizen.Applications.WidgetControl\Tizen.Applications.WidgetControl.csproj", "{26B1B984-955F-4576-B916-636DF40FB266}"
EndProject
Project("{FAE04EC0-301F-11D3-BF4B-00C04F79EFBC}") = "Tizen.Content.Download", "..\src\Tizen.Content.Download\Tizen.Content.Download.csproj", "{117CFB40-0142-4691-95F3-12898C5151F4}"
EndProject
Project("{FAE04EC0-301F-11D3-BF4B-00C04F79EFBC}") = "Tizen.Content.MediaContent", "..\src\Tizen.Content.MediaContent\Tizen.Content.MediaContent.csproj", "{A88B9C02-02C5-42CE-8D77-369EB5E6D3E4}"
EndProject
Project("{FAE04EC0-301F-11D3-BF4B-00C04F79EFBC}") = "Tizen.Content.MimeType", "..\src\Tizen.Content.MimeType\Tizen.Content.MimeType.csproj", "{ADD58969-549B-4D81-BEA4-63E53E945346}"
EndProject
Project("{FAE04EC0-301F-11D3-BF4B-00C04F79EFBC}") = "Tizen.Context", "..\src\Tizen.Context\Tizen.Context.csproj", "{6CF16C69-D77E-4206-B341-627B79055EEE}"
EndProject
Project("{FAE04EC0-301F-11D3-BF4B-00C04F79EFBC}") = "Tizen.Convergence", "..\src\Tizen.Convergence\Tizen.Convergence.csproj", "{0EA2DB94-3A00-4F43-B4AE-0F58A2FE13A6}"
EndProject
Project("{FAE04EC0-301F-11D3-BF4B-00C04F79EFBC}") = "Tizen.Location.Geofence", "..\src\Tizen.Location.Geofence\Tizen.Location.Geofence.csproj", "{C3F485D7-68AC-4984-8B33-722EF662CF76}"
EndProject
Project("{FAE04EC0-301F-11D3-BF4B-00C04F79EFBC}") = "Tizen.Location", "..\src\Tizen.Location\Tizen.Location.csproj", "{F9C442C8-DD85-498C-9D7A-4848B4DBBAF2}"
EndProject
Project("{FAE04EC0-301F-11D3-BF4B-00C04F79EFBC}") = "Tizen.Log", "..\src\Tizen.Log\Tizen.Log.csproj", "{DC7B1462-603C-4A7C-A508-7CDDFAD522FD}"
EndProject
Project("{FAE04EC0-301F-11D3-BF4B-00C04F79EFBC}") = "Tizen.Maps", "..\src\Tizen.Maps\Tizen.Maps.csproj", "{A549B415-38F0-43D2-B849-169AEADB4546}"
EndProject
Project("{FAE04EC0-301F-11D3-BF4B-00C04F79EFBC}") = "Tizen.Messaging.Push", "..\src\Tizen.Messaging.Push\Tizen.Messaging.Push.csproj", "{4C3EB42E-FAA5-4F05-AAD5-24D5DEFA2CD3}"
EndProject
Project("{FAE04EC0-301F-11D3-BF4B-00C04F79EFBC}") = "Tizen.Messaging", "..\src\Tizen.Messaging\Tizen.Messaging.csproj", "{4D00FBBA-C166-468F-9E01-7F2CE7170D94}"
EndProject
Project("{FAE04EC0-301F-11D3-BF4B-00C04F79EFBC}") = "Tizen.Multimedia.AudioIO", "..\src\Tizen.Multimedia.AudioIO\Tizen.Multimedia.AudioIO.csproj", "{43B3461B-D18E-4171-8408-D5CF57C62CA3}"
EndProject
Project("{FAE04EC0-301F-11D3-BF4B-00C04F79EFBC}") = "Tizen.Multimedia.Camera", "..\src\Tizen.Multimedia.Camera\Tizen.Multimedia.Camera.csproj", "{6E85CF59-EFBB-4A3A-829D-0548C4F8055B}"
EndProject
Project("{FAE04EC0-301F-11D3-BF4B-00C04F79EFBC}") = "Tizen.Multimedia.MediaCodec", "..\src\Tizen.Multimedia.MediaCodec\Tizen.Multimedia.MediaCodec.csproj", "{4FF30C99-1F45-470D-BDE4-AA38A75B6AD4}"
EndProject
Project("{FAE04EC0-301F-11D3-BF4B-00C04F79EFBC}") = "Tizen.Multimedia.MediaPlayer", "..\src\Tizen.Multimedia.MediaPlayer\Tizen.Multimedia.MediaPlayer.csproj", "{F795D2B1-6471-4C3F-82DB-AC8F27DEEFE7}"
EndProject
Project("{FAE04EC0-301F-11D3-BF4B-00C04F79EFBC}") = "Tizen.Multimedia.Metadata", "..\src\Tizen.Multimedia.Metadata\Tizen.Multimedia.Metadata.csproj", "{4490279B-E22A-445D-97C2-A0F9D842DAB1}"
EndProject
Project("{FAE04EC0-301F-11D3-BF4B-00C04F79EFBC}") = "Tizen.Multimedia.Radio", "..\src\Tizen.Multimedia.Radio\Tizen.Multimedia.Radio.csproj", "{388EBC74-C8BF-487A-866B-8A000927FD54}"
EndProject
Project("{FAE04EC0-301F-11D3-BF4B-00C04F79EFBC}") = "Tizen.Multimedia.Recorder", "..\src\Tizen.Multimedia.Recorder\Tizen.Multimedia.Recorder.csproj", "{D9AF6F5C-65A5-4C44-A3F6-3B6509E6065E}"
EndProject
Project("{FAE04EC0-301F-11D3-BF4B-00C04F79EFBC}") = "Tizen.Multimedia.Remoting", "..\src\Tizen.Multimedia.Remoting\Tizen.Multimedia.Remoting.csproj", "{24BB2C29-5581-4A81-9CB8-4B9C5958F191}"
EndProject
Project("{FAE04EC0-301F-11D3-BF4B-00C04F79EFBC}") = "Tizen.Multimedia.StreamRecorder", "..\src\Tizen.Multimedia.StreamRecorder\Tizen.Multimedia.StreamRecorder.csproj", "{84B1AADF-A0FE-4A7F-A949-B09E09876D3C}"
EndProject
Project("{FAE04EC0-301F-11D3-BF4B-00C04F79EFBC}") = "Tizen.Multimedia", "..\src\Tizen.Multimedia\Tizen.Multimedia.csproj", "{332D8741-D321-4CFE-A5DB-6DFE6F08A7A6}"
EndProject
Project("{FAE04EC0-301F-11D3-BF4B-00C04F79EFBC}") = "Tizen.Multimedia.Util", "..\src\Tizen.Multimedia.Util\Tizen.Multimedia.Util.csproj", "{DFC3C500-66EB-45B2-BBC2-BBFE7E8466A4}"
EndProject
Project("{FAE04EC0-301F-11D3-BF4B-00C04F79EFBC}") = "Tizen.Multimedia.Vision", "..\src\Tizen.Multimedia.Vision\Tizen.Multimedia.Vision.csproj", "{3FF44973-5B72-4B9F-83E7-58E4C316E1E7}"
EndProject
Project("{FAE04EC0-301F-11D3-BF4B-00C04F79EFBC}") = "Tizen.Network.Bluetooth", "..\src\Tizen.Network.Bluetooth\Tizen.Network.Bluetooth.csproj", "{0C6E767F-18A4-4CDD-B088-F7C6138F0565}"
EndProject
Project("{FAE04EC0-301F-11D3-BF4B-00C04F79EFBC}") = "Tizen.Network.Connection", "..\src\Tizen.Network.Connection\Tizen.Network.Connection.csproj", "{2B3432AC-1D3C-4EC0-94CE-6D14D515A3E0}"
EndProject
Project("{FAE04EC0-301F-11D3-BF4B-00C04F79EFBC}") = "Tizen.Network.IoTConnectivity", "..\src\Tizen.Network.IoTConnectivity\Tizen.Network.IoTConnectivity.csproj", "{DECDDA97-C90D-40C4-9D9A-A5A125D052AC}"
EndProject
Project("{FAE04EC0-301F-11D3-BF4B-00C04F79EFBC}") = "Tizen.Network.Mtp", "..\src\Tizen.Network.Mtp\Tizen.Network.Mtp.csproj", "{5CC05A2D-2779-4880-A28C-6800A85B5D9C}"
EndProject
Project("{FAE04EC0-301F-11D3-BF4B-00C04F79EFBC}") = "Tizen.Network.Nfc", "..\src\Tizen.Network.Nfc\Tizen.Network.Nfc.csproj", "{D9DC78AA-A9D1-4232-837C-0CF20846B3D6}"
EndProject
Project("{FAE04EC0-301F-11D3-BF4B-00C04F79EFBC}") = "Tizen.Network.Nsd", "..\src\Tizen.Network.Nsd\Tizen.Network.Nsd.csproj", "{393B4BDE-A451-41A7-A789-4473782BDF2D}"
EndProject
Project("{FAE04EC0-301F-11D3-BF4B-00C04F79EFBC}") = "Tizen.Network.Smartcard", "..\src\Tizen.Network.Smartcard\Tizen.Network.Smartcard.csproj", "{28634B14-E0AD-423D-9A49-3650E0D15FC0}"
EndProject
Project("{FAE04EC0-301F-11D3-BF4B-00C04F79EFBC}") = "Tizen.Network.WiFiDirect", "..\src\Tizen.Network.WiFiDirect\Tizen.Network.WiFiDirect.csproj", "{BC7F3F8C-2997-455C-9D98-4B45F0CDF2C8}"
EndProject
Project("{FAE04EC0-301F-11D3-BF4B-00C04F79EFBC}") = "Tizen.Network.WiFi", "..\src\Tizen.Network.WiFi\Tizen.Network.WiFi.csproj", "{99AFD4A2-9246-4077-8412-AB7DFACEDC8F}"
EndProject
Project("{FAE04EC0-301F-11D3-BF4B-00C04F79EFBC}") = "Tizen.NUI", "..\src\Tizen.NUI\Tizen.NUI.csproj", "{15153B43-717A-4EC7-811F-4F710837E52F}"
EndProject
Project("{FAE04EC0-301F-11D3-BF4B-00C04F79EFBC}") = "Tizen.PhonenumberUtils", "..\src\Tizen.PhonenumberUtils\Tizen.PhonenumberUtils.csproj", "{A4C62F2A-DFF0-43FA-9515-F12EB3756601}"
EndProject
Project("{FAE04EC0-301F-11D3-BF4B-00C04F79EFBC}") = "Tizen.Pims.Calendar", "..\src\Tizen.Pims.Calendar\Tizen.Pims.Calendar.csproj", "{2DCF26D7-98A5-4656-954E-3406CFB08686}"
EndProject
Project("{FAE04EC0-301F-11D3-BF4B-00C04F79EFBC}") = "Tizen.Pims.Contacts", "..\src\Tizen.Pims.Contacts\Tizen.Pims.Contacts.csproj", "{B7F19C82-AD09-41CF-AE9E-AFF27688DB68}"
EndProject
Project("{FAE04EC0-301F-11D3-BF4B-00C04F79EFBC}") = "Tizen.Security.SecureRepository", "..\src\Tizen.Security.SecureRepository\Tizen.Security.SecureRepository.csproj", "{8575483D-B37F-4C5A-B922-6A73787A6CF0}"
EndProject
Project("{FAE04EC0-301F-11D3-BF4B-00C04F79EFBC}") = "Tizen.Security.TEEC", "..\src\Tizen.Security.TEEC\Tizen.Security.TEEC.csproj", "{D627334B-835C-4190-BF4A-9459C50D04D3}"
EndProject
Project("{FAE04EC0-301F-11D3-BF4B-00C04F79EFBC}") = "Tizen.Security", "..\src\Tizen.Security\Tizen.Security.csproj", "{8144C3F4-95D2-4179-A7AA-839699EBF374}"
EndProject
Project("{FAE04EC0-301F-11D3-BF4B-00C04F79EFBC}") = "Tizen.Sensor", "..\src\Tizen.Sensor\Tizen.Sensor.csproj", "{6D5251AE-1567-444C-B5D9-D00C54104A1D}"
EndProject
Project("{FAE04EC0-301F-11D3-BF4B-00C04F79EFBC}") = "Tizen.System.Feedback", "..\src\Tizen.System.Feedback\Tizen.System.Feedback.csproj", "{94768F01-A559-439F-96A6-F6970116A36F}"
EndProject
Project("{FAE04EC0-301F-11D3-BF4B-00C04F79EFBC}") = "Tizen.System.Information", "..\src\Tizen.System.Information\Tizen.System.Information.csproj", "{01BAA4A0-81BF-4C3B-9074-F3D17E4BDB2C}"
EndProject
Project("{FAE04EC0-301F-11D3-BF4B-00C04F79EFBC}") = "Tizen.System.MediaKey", "..\src\Tizen.System.MediaKey\Tizen.System.MediaKey.csproj", "{2477737B-DD06-4635-B508-1CB7EE01E805}"
EndProject
Project("{FAE04EC0-301F-11D3-BF4B-00C04F79EFBC}") = "Tizen.System.PlatformConfig", "..\src\Tizen.System.PlatformConfig\Tizen.System.PlatformConfig.csproj", "{B2B0B253-1090-44B4-86EC-361D956E88D8}"
EndProject
Project("{FAE04EC0-301F-11D3-BF4B-00C04F79EFBC}") = "Tizen.System.Storage", "..\src\Tizen.System.Storage\Tizen.System.Storage.csproj", "{30568DC1-552D-4967-A819-2E2086D9A37E}"
EndProject
Project("{FAE04EC0-301F-11D3-BF4B-00C04F79EFBC}") = "Tizen.System.SystemSettings", "..\src\Tizen.System.SystemSettings\Tizen.System.SystemSettings.csproj", "{E79C72F5-176F-4935-91F5-79A5C84B0DD5}"
EndProject
Project("{FAE04EC0-301F-11D3-BF4B-00C04F79EFBC}") = "Tizen.System", "..\src\Tizen.System\Tizen.System.csproj", "{CD30D882-6FEE-46F2-A004-AB136BAA97AC}"
EndProject
Project("{FAE04EC0-301F-11D3-BF4B-00C04F79EFBC}") = "Tizen.Tapi", "..\src\Tizen.Tapi\Tizen.Tapi.csproj", "{471CBB4B-E6E7-430C-96DD-514CE60FB472}"
EndProject
Project("{FAE04EC0-301F-11D3-BF4B-00C04F79EFBC}") = "Tizen.Telephony", "..\src\Tizen.Telephony\Tizen.Telephony.csproj", "{1DD172EF-123C-415B-B278-F67579C2B3CC}"
EndProject
Project("{FAE04EC0-301F-11D3-BF4B-00C04F79EFBC}") = "Tizen", "..\src\Tizen\Tizen.csproj", "{C8124B80-00A6-44EF-A828-7068AB09975A}"
EndProject
Project("{FAE04EC0-301F-11D3-BF4B-00C04F79EFBC}") = "Tizen.Tracer", "..\src\Tizen.Tracer\Tizen.Tracer.csproj", "{9ABC91A3-9B8E-46C8-A580-34E1DF79E872}"
EndProject
Project("{FAE04EC0-301F-11D3-BF4B-00C04F79EFBC}") = "Tizen.Uix.InputMethodManager", "..\src\Tizen.Uix.InputMethodManager\Tizen.Uix.InputMethodManager.csproj", "{BA0A7D4D-2689-4B6D-8F14-1532112E225C}"
EndProject
Project("{FAE04EC0-301F-11D3-BF4B-00C04F79EFBC}") = "Tizen.Uix.InputMethod", "..\src\Tizen.Uix.InputMethod\Tizen.Uix.InputMethod.csproj", "{CC8D1830-ECDB-4083-8D60-A83B2876FA62}"
EndProject
Project("{FAE04EC0-301F-11D3-BF4B-00C04F79EFBC}") = "Tizen.Uix.SttEngine", "..\src\Tizen.Uix.SttEngine\Tizen.Uix.SttEngine.csproj", "{712DF299-955A-4321-8320-0FD8A1988FF4}"
EndProject
Project("{FAE04EC0-301F-11D3-BF4B-00C04F79EFBC}") = "Tizen.Uix.Stt", "..\src\Tizen.Uix.Stt\Tizen.Uix.Stt.csproj", "{C7810220-7BC8-4C4B-8613-9575E1C48AA5}"
EndProject
Project("{FAE04EC0-301F-11D3-BF4B-00C04F79EFBC}") = "Tizen.Uix.TtsEngine", "..\src\Tizen.Uix.TtsEngine\Tizen.Uix.TtsEngine.csproj", "{9334A6A6-5ED6-454F-ADCB-53BFE9AB065D}"
EndProject
Project("{FAE04EC0-301F-11D3-BF4B-00C04F79EFBC}") = "Tizen.Uix.Tts", "..\src\Tizen.Uix.Tts\Tizen.Uix.Tts.csproj", "{4D0771DE-46FB-481E-B3F9-42980EED680C}"
EndProject
Project("{FAE04EC0-301F-11D3-BF4B-00C04F79EFBC}") = "Tizen.Uix.VoiceControl", "..\src\Tizen.Uix.VoiceControl\Tizen.Uix.VoiceControl.csproj", "{34484E72-8CEF-4784-81F5-041754B21BB1}"
EndProject
Project("{FAE04EC0-301F-11D3-BF4B-00C04F79EFBC}") = "Tizen.WebView", "..\src\Tizen.WebView\Tizen.WebView.csproj", "{8D3289A5-591B-421D-A79C-776B9AC74B95}"
EndProject
Project("{FAE04EC0-301F-11D3-BF4B-00C04F79EFBC}") = "Tizen.CallManager", "..\src\Tizen.CallManager\Tizen.CallManager.csproj", "{05DD16B8-2027-4728-AEB6-6296E7457533}"
EndProject
Global
	GlobalSection(SolutionConfigurationPlatforms) = preSolution
		Debug|Any CPU = Debug|Any CPU
		Debug|x64 = Debug|x64
		Debug|x86 = Debug|x86
		Release|Any CPU = Release|Any CPU
		Release|x64 = Release|x64
		Release|x86 = Release|x86
	EndGlobalSection
	GlobalSection(SolutionProperties) = preSolution
		HideSolutionNode = FALSE
	EndGlobalSection
	GlobalSection(ProjectConfigurationPlatforms) = postSolution
		{0D605E7E-16C9-4712-B552-8E12A7E5DC1F}.Debug|Any CPU.ActiveCfg = Debug|Any CPU
		{0D605E7E-16C9-4712-B552-8E12A7E5DC1F}.Debug|Any CPU.Build.0 = Debug|Any CPU
		{0D605E7E-16C9-4712-B552-8E12A7E5DC1F}.Debug|x64.ActiveCfg = Debug|x64
		{0D605E7E-16C9-4712-B552-8E12A7E5DC1F}.Debug|x64.Build.0 = Debug|x64
		{0D605E7E-16C9-4712-B552-8E12A7E5DC1F}.Debug|x86.ActiveCfg = Debug|x86
		{0D605E7E-16C9-4712-B552-8E12A7E5DC1F}.Debug|x86.Build.0 = Debug|x86
		{0D605E7E-16C9-4712-B552-8E12A7E5DC1F}.Release|Any CPU.ActiveCfg = Release|Any CPU
		{0D605E7E-16C9-4712-B552-8E12A7E5DC1F}.Release|Any CPU.Build.0 = Release|Any CPU
		{0D605E7E-16C9-4712-B552-8E12A7E5DC1F}.Release|x64.ActiveCfg = Release|x64
		{0D605E7E-16C9-4712-B552-8E12A7E5DC1F}.Release|x64.Build.0 = Release|x64
		{0D605E7E-16C9-4712-B552-8E12A7E5DC1F}.Release|x86.ActiveCfg = Release|x86
		{0D605E7E-16C9-4712-B552-8E12A7E5DC1F}.Release|x86.Build.0 = Release|x86
		{4E8F5601-3178-46E6-9BCC-D3A6CE81FDB1}.Debug|Any CPU.ActiveCfg = Debug|Any CPU
		{4E8F5601-3178-46E6-9BCC-D3A6CE81FDB1}.Debug|Any CPU.Build.0 = Debug|Any CPU
		{4E8F5601-3178-46E6-9BCC-D3A6CE81FDB1}.Debug|x64.ActiveCfg = Debug|x64
		{4E8F5601-3178-46E6-9BCC-D3A6CE81FDB1}.Debug|x64.Build.0 = Debug|x64
		{4E8F5601-3178-46E6-9BCC-D3A6CE81FDB1}.Debug|x86.ActiveCfg = Debug|x86
		{4E8F5601-3178-46E6-9BCC-D3A6CE81FDB1}.Debug|x86.Build.0 = Debug|x86
		{4E8F5601-3178-46E6-9BCC-D3A6CE81FDB1}.Release|Any CPU.ActiveCfg = Release|Any CPU
		{4E8F5601-3178-46E6-9BCC-D3A6CE81FDB1}.Release|Any CPU.Build.0 = Release|Any CPU
		{4E8F5601-3178-46E6-9BCC-D3A6CE81FDB1}.Release|x64.ActiveCfg = Release|x64
		{4E8F5601-3178-46E6-9BCC-D3A6CE81FDB1}.Release|x64.Build.0 = Release|x64
		{4E8F5601-3178-46E6-9BCC-D3A6CE81FDB1}.Release|x86.ActiveCfg = Release|x86
		{4E8F5601-3178-46E6-9BCC-D3A6CE81FDB1}.Release|x86.Build.0 = Release|x86
		{9B861D1E-6556-4061-9D0A-EFAFDA6D28ED}.Debug|Any CPU.ActiveCfg = Debug|Any CPU
		{9B861D1E-6556-4061-9D0A-EFAFDA6D28ED}.Debug|Any CPU.Build.0 = Debug|Any CPU
		{9B861D1E-6556-4061-9D0A-EFAFDA6D28ED}.Debug|x64.ActiveCfg = Debug|x64
		{9B861D1E-6556-4061-9D0A-EFAFDA6D28ED}.Debug|x64.Build.0 = Debug|x64
		{9B861D1E-6556-4061-9D0A-EFAFDA6D28ED}.Debug|x86.ActiveCfg = Debug|x86
		{9B861D1E-6556-4061-9D0A-EFAFDA6D28ED}.Debug|x86.Build.0 = Debug|x86
		{9B861D1E-6556-4061-9D0A-EFAFDA6D28ED}.Release|Any CPU.ActiveCfg = Release|Any CPU
		{9B861D1E-6556-4061-9D0A-EFAFDA6D28ED}.Release|Any CPU.Build.0 = Release|Any CPU
		{9B861D1E-6556-4061-9D0A-EFAFDA6D28ED}.Release|x64.ActiveCfg = Release|x64
		{9B861D1E-6556-4061-9D0A-EFAFDA6D28ED}.Release|x64.Build.0 = Release|x64
		{9B861D1E-6556-4061-9D0A-EFAFDA6D28ED}.Release|x86.ActiveCfg = Release|x86
		{9B861D1E-6556-4061-9D0A-EFAFDA6D28ED}.Release|x86.Build.0 = Release|x86
		{1DC41002-4450-41E3-BC10-DFC6CBCD79D7}.Debug|Any CPU.ActiveCfg = Debug|Any CPU
		{1DC41002-4450-41E3-BC10-DFC6CBCD79D7}.Debug|Any CPU.Build.0 = Debug|Any CPU
		{1DC41002-4450-41E3-BC10-DFC6CBCD79D7}.Debug|x64.ActiveCfg = Debug|x64
		{1DC41002-4450-41E3-BC10-DFC6CBCD79D7}.Debug|x64.Build.0 = Debug|x64
		{1DC41002-4450-41E3-BC10-DFC6CBCD79D7}.Debug|x86.ActiveCfg = Debug|x86
		{1DC41002-4450-41E3-BC10-DFC6CBCD79D7}.Debug|x86.Build.0 = Debug|x86
		{1DC41002-4450-41E3-BC10-DFC6CBCD79D7}.Release|Any CPU.ActiveCfg = Release|Any CPU
		{1DC41002-4450-41E3-BC10-DFC6CBCD79D7}.Release|Any CPU.Build.0 = Release|Any CPU
		{1DC41002-4450-41E3-BC10-DFC6CBCD79D7}.Release|x64.ActiveCfg = Release|x64
		{1DC41002-4450-41E3-BC10-DFC6CBCD79D7}.Release|x64.Build.0 = Release|x64
		{1DC41002-4450-41E3-BC10-DFC6CBCD79D7}.Release|x86.ActiveCfg = Release|x86
		{1DC41002-4450-41E3-BC10-DFC6CBCD79D7}.Release|x86.Build.0 = Release|x86
		{CDBB2633-FE0B-485E-B864-DCA9240E6F7D}.Debug|Any CPU.ActiveCfg = Debug|Any CPU
		{CDBB2633-FE0B-485E-B864-DCA9240E6F7D}.Debug|Any CPU.Build.0 = Debug|Any CPU
		{CDBB2633-FE0B-485E-B864-DCA9240E6F7D}.Debug|x64.ActiveCfg = Debug|x64
		{CDBB2633-FE0B-485E-B864-DCA9240E6F7D}.Debug|x64.Build.0 = Debug|x64
		{CDBB2633-FE0B-485E-B864-DCA9240E6F7D}.Debug|x86.ActiveCfg = Debug|x86
		{CDBB2633-FE0B-485E-B864-DCA9240E6F7D}.Debug|x86.Build.0 = Debug|x86
		{CDBB2633-FE0B-485E-B864-DCA9240E6F7D}.Release|Any CPU.ActiveCfg = Release|Any CPU
		{CDBB2633-FE0B-485E-B864-DCA9240E6F7D}.Release|Any CPU.Build.0 = Release|Any CPU
		{CDBB2633-FE0B-485E-B864-DCA9240E6F7D}.Release|x64.ActiveCfg = Release|x64
		{CDBB2633-FE0B-485E-B864-DCA9240E6F7D}.Release|x64.Build.0 = Release|x64
		{CDBB2633-FE0B-485E-B864-DCA9240E6F7D}.Release|x86.ActiveCfg = Release|x86
		{CDBB2633-FE0B-485E-B864-DCA9240E6F7D}.Release|x86.Build.0 = Release|x86
		{6B8722E8-94A4-4739-B0E3-14F1B158BC81}.Debug|Any CPU.ActiveCfg = Debug|Any CPU
		{6B8722E8-94A4-4739-B0E3-14F1B158BC81}.Debug|Any CPU.Build.0 = Debug|Any CPU
		{6B8722E8-94A4-4739-B0E3-14F1B158BC81}.Debug|x64.ActiveCfg = Debug|x64
		{6B8722E8-94A4-4739-B0E3-14F1B158BC81}.Debug|x64.Build.0 = Debug|x64
		{6B8722E8-94A4-4739-B0E3-14F1B158BC81}.Debug|x86.ActiveCfg = Debug|x86
		{6B8722E8-94A4-4739-B0E3-14F1B158BC81}.Debug|x86.Build.0 = Debug|x86
		{6B8722E8-94A4-4739-B0E3-14F1B158BC81}.Release|Any CPU.ActiveCfg = Release|Any CPU
		{6B8722E8-94A4-4739-B0E3-14F1B158BC81}.Release|Any CPU.Build.0 = Release|Any CPU
		{6B8722E8-94A4-4739-B0E3-14F1B158BC81}.Release|x64.ActiveCfg = Release|x64
		{6B8722E8-94A4-4739-B0E3-14F1B158BC81}.Release|x64.Build.0 = Release|x64
		{6B8722E8-94A4-4739-B0E3-14F1B158BC81}.Release|x86.ActiveCfg = Release|x86
		{6B8722E8-94A4-4739-B0E3-14F1B158BC81}.Release|x86.Build.0 = Release|x86
		{3BACD1BC-613C-4A68-87F2-789B5937FBF6}.Debug|Any CPU.ActiveCfg = Debug|Any CPU
		{3BACD1BC-613C-4A68-87F2-789B5937FBF6}.Debug|Any CPU.Build.0 = Debug|Any CPU
		{3BACD1BC-613C-4A68-87F2-789B5937FBF6}.Debug|x64.ActiveCfg = Debug|x64
		{3BACD1BC-613C-4A68-87F2-789B5937FBF6}.Debug|x64.Build.0 = Debug|x64
		{3BACD1BC-613C-4A68-87F2-789B5937FBF6}.Debug|x86.ActiveCfg = Debug|x86
		{3BACD1BC-613C-4A68-87F2-789B5937FBF6}.Debug|x86.Build.0 = Debug|x86
		{3BACD1BC-613C-4A68-87F2-789B5937FBF6}.Release|Any CPU.ActiveCfg = Release|Any CPU
		{3BACD1BC-613C-4A68-87F2-789B5937FBF6}.Release|Any CPU.Build.0 = Release|Any CPU
		{3BACD1BC-613C-4A68-87F2-789B5937FBF6}.Release|x64.ActiveCfg = Release|x64
		{3BACD1BC-613C-4A68-87F2-789B5937FBF6}.Release|x64.Build.0 = Release|x64
		{3BACD1BC-613C-4A68-87F2-789B5937FBF6}.Release|x86.ActiveCfg = Release|x86
		{3BACD1BC-613C-4A68-87F2-789B5937FBF6}.Release|x86.Build.0 = Release|x86
		{0E1B996F-1ADA-44EA-B2E4-A32050BF5E9C}.Debug|Any CPU.ActiveCfg = Debug|Any CPU
		{0E1B996F-1ADA-44EA-B2E4-A32050BF5E9C}.Debug|Any CPU.Build.0 = Debug|Any CPU
		{0E1B996F-1ADA-44EA-B2E4-A32050BF5E9C}.Debug|x64.ActiveCfg = Debug|x64
		{0E1B996F-1ADA-44EA-B2E4-A32050BF5E9C}.Debug|x64.Build.0 = Debug|x64
		{0E1B996F-1ADA-44EA-B2E4-A32050BF5E9C}.Debug|x86.ActiveCfg = Debug|x86
		{0E1B996F-1ADA-44EA-B2E4-A32050BF5E9C}.Debug|x86.Build.0 = Debug|x86
		{0E1B996F-1ADA-44EA-B2E4-A32050BF5E9C}.Release|Any CPU.ActiveCfg = Release|Any CPU
		{0E1B996F-1ADA-44EA-B2E4-A32050BF5E9C}.Release|Any CPU.Build.0 = Release|Any CPU
		{0E1B996F-1ADA-44EA-B2E4-A32050BF5E9C}.Release|x64.ActiveCfg = Release|x64
		{0E1B996F-1ADA-44EA-B2E4-A32050BF5E9C}.Release|x64.Build.0 = Release|x64
		{0E1B996F-1ADA-44EA-B2E4-A32050BF5E9C}.Release|x86.ActiveCfg = Release|x86
		{0E1B996F-1ADA-44EA-B2E4-A32050BF5E9C}.Release|x86.Build.0 = Release|x86
		{A4B36D9E-EB03-474E-B806-F6DE49391C13}.Debug|Any CPU.ActiveCfg = Debug|Any CPU
		{A4B36D9E-EB03-474E-B806-F6DE49391C13}.Debug|Any CPU.Build.0 = Debug|Any CPU
		{A4B36D9E-EB03-474E-B806-F6DE49391C13}.Debug|x64.ActiveCfg = Debug|x64
		{A4B36D9E-EB03-474E-B806-F6DE49391C13}.Debug|x64.Build.0 = Debug|x64
		{A4B36D9E-EB03-474E-B806-F6DE49391C13}.Debug|x86.ActiveCfg = Debug|x86
		{A4B36D9E-EB03-474E-B806-F6DE49391C13}.Debug|x86.Build.0 = Debug|x86
		{A4B36D9E-EB03-474E-B806-F6DE49391C13}.Release|Any CPU.ActiveCfg = Release|Any CPU
		{A4B36D9E-EB03-474E-B806-F6DE49391C13}.Release|Any CPU.Build.0 = Release|Any CPU
		{A4B36D9E-EB03-474E-B806-F6DE49391C13}.Release|x64.ActiveCfg = Release|x64
		{A4B36D9E-EB03-474E-B806-F6DE49391C13}.Release|x64.Build.0 = Release|x64
		{A4B36D9E-EB03-474E-B806-F6DE49391C13}.Release|x86.ActiveCfg = Release|x86
		{A4B36D9E-EB03-474E-B806-F6DE49391C13}.Release|x86.Build.0 = Release|x86
		{51AA2490-864E-44E3-A5DF-ED27501EF572}.Debug|Any CPU.ActiveCfg = Debug|Any CPU
		{51AA2490-864E-44E3-A5DF-ED27501EF572}.Debug|Any CPU.Build.0 = Debug|Any CPU
		{51AA2490-864E-44E3-A5DF-ED27501EF572}.Debug|x64.ActiveCfg = Debug|x64
		{51AA2490-864E-44E3-A5DF-ED27501EF572}.Debug|x64.Build.0 = Debug|x64
		{51AA2490-864E-44E3-A5DF-ED27501EF572}.Debug|x86.ActiveCfg = Debug|x86
		{51AA2490-864E-44E3-A5DF-ED27501EF572}.Debug|x86.Build.0 = Debug|x86
		{51AA2490-864E-44E3-A5DF-ED27501EF572}.Release|Any CPU.ActiveCfg = Release|Any CPU
		{51AA2490-864E-44E3-A5DF-ED27501EF572}.Release|Any CPU.Build.0 = Release|Any CPU
		{51AA2490-864E-44E3-A5DF-ED27501EF572}.Release|x64.ActiveCfg = Release|x64
		{51AA2490-864E-44E3-A5DF-ED27501EF572}.Release|x64.Build.0 = Release|x64
		{51AA2490-864E-44E3-A5DF-ED27501EF572}.Release|x86.ActiveCfg = Release|x86
		{51AA2490-864E-44E3-A5DF-ED27501EF572}.Release|x86.Build.0 = Release|x86
		{77F493B8-C41A-45A8-87F4-C07400070118}.Debug|Any CPU.ActiveCfg = Debug|Any CPU
		{77F493B8-C41A-45A8-87F4-C07400070118}.Debug|Any CPU.Build.0 = Debug|Any CPU
		{77F493B8-C41A-45A8-87F4-C07400070118}.Debug|x64.ActiveCfg = Debug|x64
		{77F493B8-C41A-45A8-87F4-C07400070118}.Debug|x64.Build.0 = Debug|x64
		{77F493B8-C41A-45A8-87F4-C07400070118}.Debug|x86.ActiveCfg = Debug|x86
		{77F493B8-C41A-45A8-87F4-C07400070118}.Debug|x86.Build.0 = Debug|x86
		{77F493B8-C41A-45A8-87F4-C07400070118}.Release|Any CPU.ActiveCfg = Release|Any CPU
		{77F493B8-C41A-45A8-87F4-C07400070118}.Release|Any CPU.Build.0 = Release|Any CPU
		{77F493B8-C41A-45A8-87F4-C07400070118}.Release|x64.ActiveCfg = Release|x64
		{77F493B8-C41A-45A8-87F4-C07400070118}.Release|x64.Build.0 = Release|x64
		{77F493B8-C41A-45A8-87F4-C07400070118}.Release|x86.ActiveCfg = Release|x86
		{77F493B8-C41A-45A8-87F4-C07400070118}.Release|x86.Build.0 = Release|x86
		{B740FCEA-A2BF-4F0E-B4C0-C1F1ACBEA680}.Debug|Any CPU.ActiveCfg = Debug|Any CPU
		{B740FCEA-A2BF-4F0E-B4C0-C1F1ACBEA680}.Debug|Any CPU.Build.0 = Debug|Any CPU
		{B740FCEA-A2BF-4F0E-B4C0-C1F1ACBEA680}.Debug|x64.ActiveCfg = Debug|x64
		{B740FCEA-A2BF-4F0E-B4C0-C1F1ACBEA680}.Debug|x64.Build.0 = Debug|x64
		{B740FCEA-A2BF-4F0E-B4C0-C1F1ACBEA680}.Debug|x86.ActiveCfg = Debug|x86
		{B740FCEA-A2BF-4F0E-B4C0-C1F1ACBEA680}.Debug|x86.Build.0 = Debug|x86
		{B740FCEA-A2BF-4F0E-B4C0-C1F1ACBEA680}.Release|Any CPU.ActiveCfg = Release|Any CPU
		{B740FCEA-A2BF-4F0E-B4C0-C1F1ACBEA680}.Release|Any CPU.Build.0 = Release|Any CPU
		{B740FCEA-A2BF-4F0E-B4C0-C1F1ACBEA680}.Release|x64.ActiveCfg = Release|x64
		{B740FCEA-A2BF-4F0E-B4C0-C1F1ACBEA680}.Release|x64.Build.0 = Release|x64
		{B740FCEA-A2BF-4F0E-B4C0-C1F1ACBEA680}.Release|x86.ActiveCfg = Release|x86
		{B740FCEA-A2BF-4F0E-B4C0-C1F1ACBEA680}.Release|x86.Build.0 = Release|x86
		{B459C1AE-938F-48BC-8720-7621DDB794A1}.Debug|Any CPU.ActiveCfg = Debug|Any CPU
		{B459C1AE-938F-48BC-8720-7621DDB794A1}.Debug|Any CPU.Build.0 = Debug|Any CPU
		{B459C1AE-938F-48BC-8720-7621DDB794A1}.Debug|x64.ActiveCfg = Debug|x64
		{B459C1AE-938F-48BC-8720-7621DDB794A1}.Debug|x64.Build.0 = Debug|x64
		{B459C1AE-938F-48BC-8720-7621DDB794A1}.Debug|x86.ActiveCfg = Debug|x86
		{B459C1AE-938F-48BC-8720-7621DDB794A1}.Debug|x86.Build.0 = Debug|x86
		{B459C1AE-938F-48BC-8720-7621DDB794A1}.Release|Any CPU.ActiveCfg = Release|Any CPU
		{B459C1AE-938F-48BC-8720-7621DDB794A1}.Release|Any CPU.Build.0 = Release|Any CPU
		{B459C1AE-938F-48BC-8720-7621DDB794A1}.Release|x64.ActiveCfg = Release|x64
		{B459C1AE-938F-48BC-8720-7621DDB794A1}.Release|x64.Build.0 = Release|x64
		{B459C1AE-938F-48BC-8720-7621DDB794A1}.Release|x86.ActiveCfg = Release|x86
		{B459C1AE-938F-48BC-8720-7621DDB794A1}.Release|x86.Build.0 = Release|x86
		{8AB5E861-FCBA-4A03-98A4-A99276167C9A}.Debug|Any CPU.ActiveCfg = Debug|Any CPU
		{8AB5E861-FCBA-4A03-98A4-A99276167C9A}.Debug|Any CPU.Build.0 = Debug|Any CPU
		{8AB5E861-FCBA-4A03-98A4-A99276167C9A}.Debug|x64.ActiveCfg = Debug|x64
		{8AB5E861-FCBA-4A03-98A4-A99276167C9A}.Debug|x64.Build.0 = Debug|x64
		{8AB5E861-FCBA-4A03-98A4-A99276167C9A}.Debug|x86.ActiveCfg = Debug|x86
		{8AB5E861-FCBA-4A03-98A4-A99276167C9A}.Debug|x86.Build.0 = Debug|x86
		{8AB5E861-FCBA-4A03-98A4-A99276167C9A}.Release|Any CPU.ActiveCfg = Release|Any CPU
		{8AB5E861-FCBA-4A03-98A4-A99276167C9A}.Release|Any CPU.Build.0 = Release|Any CPU
		{8AB5E861-FCBA-4A03-98A4-A99276167C9A}.Release|x64.ActiveCfg = Release|x64
		{8AB5E861-FCBA-4A03-98A4-A99276167C9A}.Release|x64.Build.0 = Release|x64
		{8AB5E861-FCBA-4A03-98A4-A99276167C9A}.Release|x86.ActiveCfg = Release|x86
		{8AB5E861-FCBA-4A03-98A4-A99276167C9A}.Release|x86.Build.0 = Release|x86
		{38CFEE4D-1272-41EF-ABC8-C2AB7A6BAE34}.Debug|Any CPU.ActiveCfg = Debug|Any CPU
		{38CFEE4D-1272-41EF-ABC8-C2AB7A6BAE34}.Debug|Any CPU.Build.0 = Debug|Any CPU
		{38CFEE4D-1272-41EF-ABC8-C2AB7A6BAE34}.Debug|x64.ActiveCfg = Debug|x64
		{38CFEE4D-1272-41EF-ABC8-C2AB7A6BAE34}.Debug|x64.Build.0 = Debug|x64
		{38CFEE4D-1272-41EF-ABC8-C2AB7A6BAE34}.Debug|x86.ActiveCfg = Debug|x86
		{38CFEE4D-1272-41EF-ABC8-C2AB7A6BAE34}.Debug|x86.Build.0 = Debug|x86
		{38CFEE4D-1272-41EF-ABC8-C2AB7A6BAE34}.Release|Any CPU.ActiveCfg = Release|Any CPU
		{38CFEE4D-1272-41EF-ABC8-C2AB7A6BAE34}.Release|Any CPU.Build.0 = Release|Any CPU
		{38CFEE4D-1272-41EF-ABC8-C2AB7A6BAE34}.Release|x64.ActiveCfg = Release|x64
		{38CFEE4D-1272-41EF-ABC8-C2AB7A6BAE34}.Release|x64.Build.0 = Release|x64
		{38CFEE4D-1272-41EF-ABC8-C2AB7A6BAE34}.Release|x86.ActiveCfg = Release|x86
		{38CFEE4D-1272-41EF-ABC8-C2AB7A6BAE34}.Release|x86.Build.0 = Release|x86
		{DE8F9D90-02EB-44B1-9C64-038EB1D21E8D}.Debug|Any CPU.ActiveCfg = Debug|Any CPU
		{DE8F9D90-02EB-44B1-9C64-038EB1D21E8D}.Debug|Any CPU.Build.0 = Debug|Any CPU
		{DE8F9D90-02EB-44B1-9C64-038EB1D21E8D}.Debug|x64.ActiveCfg = Debug|x64
		{DE8F9D90-02EB-44B1-9C64-038EB1D21E8D}.Debug|x64.Build.0 = Debug|x64
		{DE8F9D90-02EB-44B1-9C64-038EB1D21E8D}.Debug|x86.ActiveCfg = Debug|x86
		{DE8F9D90-02EB-44B1-9C64-038EB1D21E8D}.Debug|x86.Build.0 = Debug|x86
		{DE8F9D90-02EB-44B1-9C64-038EB1D21E8D}.Release|Any CPU.ActiveCfg = Release|Any CPU
		{DE8F9D90-02EB-44B1-9C64-038EB1D21E8D}.Release|Any CPU.Build.0 = Release|Any CPU
		{DE8F9D90-02EB-44B1-9C64-038EB1D21E8D}.Release|x64.ActiveCfg = Release|x64
		{DE8F9D90-02EB-44B1-9C64-038EB1D21E8D}.Release|x64.Build.0 = Release|x64
		{DE8F9D90-02EB-44B1-9C64-038EB1D21E8D}.Release|x86.ActiveCfg = Release|x86
		{DE8F9D90-02EB-44B1-9C64-038EB1D21E8D}.Release|x86.Build.0 = Release|x86
		{F8FE708E-3840-4A50-970B-8633CDAB4B27}.Debug|Any CPU.ActiveCfg = Debug|Any CPU
		{F8FE708E-3840-4A50-970B-8633CDAB4B27}.Debug|Any CPU.Build.0 = Debug|Any CPU
		{F8FE708E-3840-4A50-970B-8633CDAB4B27}.Debug|x64.ActiveCfg = Debug|x64
		{F8FE708E-3840-4A50-970B-8633CDAB4B27}.Debug|x64.Build.0 = Debug|x64
		{F8FE708E-3840-4A50-970B-8633CDAB4B27}.Debug|x86.ActiveCfg = Debug|x86
		{F8FE708E-3840-4A50-970B-8633CDAB4B27}.Debug|x86.Build.0 = Debug|x86
		{F8FE708E-3840-4A50-970B-8633CDAB4B27}.Release|Any CPU.ActiveCfg = Release|Any CPU
		{F8FE708E-3840-4A50-970B-8633CDAB4B27}.Release|Any CPU.Build.0 = Release|Any CPU
		{F8FE708E-3840-4A50-970B-8633CDAB4B27}.Release|x64.ActiveCfg = Release|x64
		{F8FE708E-3840-4A50-970B-8633CDAB4B27}.Release|x64.Build.0 = Release|x64
		{F8FE708E-3840-4A50-970B-8633CDAB4B27}.Release|x86.ActiveCfg = Release|x86
		{F8FE708E-3840-4A50-970B-8633CDAB4B27}.Release|x86.Build.0 = Release|x86
		{80548ED6-43AB-4849-9AD9-0C4CCB474E8D}.Debug|Any CPU.ActiveCfg = Debug|Any CPU
		{80548ED6-43AB-4849-9AD9-0C4CCB474E8D}.Debug|Any CPU.Build.0 = Debug|Any CPU
		{80548ED6-43AB-4849-9AD9-0C4CCB474E8D}.Debug|x64.ActiveCfg = Debug|x64
		{80548ED6-43AB-4849-9AD9-0C4CCB474E8D}.Debug|x64.Build.0 = Debug|x64
		{80548ED6-43AB-4849-9AD9-0C4CCB474E8D}.Debug|x86.ActiveCfg = Debug|x86
		{80548ED6-43AB-4849-9AD9-0C4CCB474E8D}.Debug|x86.Build.0 = Debug|x86
		{80548ED6-43AB-4849-9AD9-0C4CCB474E8D}.Release|Any CPU.ActiveCfg = Release|Any CPU
		{80548ED6-43AB-4849-9AD9-0C4CCB474E8D}.Release|Any CPU.Build.0 = Release|Any CPU
		{80548ED6-43AB-4849-9AD9-0C4CCB474E8D}.Release|x64.ActiveCfg = Release|x64
		{80548ED6-43AB-4849-9AD9-0C4CCB474E8D}.Release|x64.Build.0 = Release|x64
		{80548ED6-43AB-4849-9AD9-0C4CCB474E8D}.Release|x86.ActiveCfg = Release|x86
		{80548ED6-43AB-4849-9AD9-0C4CCB474E8D}.Release|x86.Build.0 = Release|x86
		{68FF3769-AE67-4B4E-A70B-5317A7079A26}.Debug|Any CPU.ActiveCfg = Debug|Any CPU
		{68FF3769-AE67-4B4E-A70B-5317A7079A26}.Debug|Any CPU.Build.0 = Debug|Any CPU
		{68FF3769-AE67-4B4E-A70B-5317A7079A26}.Debug|x64.ActiveCfg = Debug|x64
		{68FF3769-AE67-4B4E-A70B-5317A7079A26}.Debug|x64.Build.0 = Debug|x64
		{68FF3769-AE67-4B4E-A70B-5317A7079A26}.Debug|x86.ActiveCfg = Debug|x86
		{68FF3769-AE67-4B4E-A70B-5317A7079A26}.Debug|x86.Build.0 = Debug|x86
		{68FF3769-AE67-4B4E-A70B-5317A7079A26}.Release|Any CPU.ActiveCfg = Release|Any CPU
		{68FF3769-AE67-4B4E-A70B-5317A7079A26}.Release|Any CPU.Build.0 = Release|Any CPU
		{68FF3769-AE67-4B4E-A70B-5317A7079A26}.Release|x64.ActiveCfg = Release|x64
		{68FF3769-AE67-4B4E-A70B-5317A7079A26}.Release|x64.Build.0 = Release|x64
		{68FF3769-AE67-4B4E-A70B-5317A7079A26}.Release|x86.ActiveCfg = Release|x86
		{68FF3769-AE67-4B4E-A70B-5317A7079A26}.Release|x86.Build.0 = Release|x86
		{1E2CC8BB-6C8E-4A03-B25C-D08F5502E24D}.Debug|Any CPU.ActiveCfg = Debug|Any CPU
		{1E2CC8BB-6C8E-4A03-B25C-D08F5502E24D}.Debug|Any CPU.Build.0 = Debug|Any CPU
		{1E2CC8BB-6C8E-4A03-B25C-D08F5502E24D}.Debug|x64.ActiveCfg = Debug|x64
		{1E2CC8BB-6C8E-4A03-B25C-D08F5502E24D}.Debug|x64.Build.0 = Debug|x64
		{1E2CC8BB-6C8E-4A03-B25C-D08F5502E24D}.Debug|x86.ActiveCfg = Debug|x86
		{1E2CC8BB-6C8E-4A03-B25C-D08F5502E24D}.Debug|x86.Build.0 = Debug|x86
		{1E2CC8BB-6C8E-4A03-B25C-D08F5502E24D}.Release|Any CPU.ActiveCfg = Release|Any CPU
		{1E2CC8BB-6C8E-4A03-B25C-D08F5502E24D}.Release|Any CPU.Build.0 = Release|Any CPU
		{1E2CC8BB-6C8E-4A03-B25C-D08F5502E24D}.Release|x64.ActiveCfg = Release|x64
		{1E2CC8BB-6C8E-4A03-B25C-D08F5502E24D}.Release|x64.Build.0 = Release|x64
		{1E2CC8BB-6C8E-4A03-B25C-D08F5502E24D}.Release|x86.ActiveCfg = Release|x86
		{1E2CC8BB-6C8E-4A03-B25C-D08F5502E24D}.Release|x86.Build.0 = Release|x86
		{9669CF47-ACDD-4827-9A3B-B794723274DC}.Debug|Any CPU.ActiveCfg = Debug|Any CPU
		{9669CF47-ACDD-4827-9A3B-B794723274DC}.Debug|Any CPU.Build.0 = Debug|Any CPU
		{9669CF47-ACDD-4827-9A3B-B794723274DC}.Debug|x64.ActiveCfg = Debug|x64
		{9669CF47-ACDD-4827-9A3B-B794723274DC}.Debug|x64.Build.0 = Debug|x64
		{9669CF47-ACDD-4827-9A3B-B794723274DC}.Debug|x86.ActiveCfg = Debug|x86
		{9669CF47-ACDD-4827-9A3B-B794723274DC}.Debug|x86.Build.0 = Debug|x86
		{9669CF47-ACDD-4827-9A3B-B794723274DC}.Release|Any CPU.ActiveCfg = Release|Any CPU
		{9669CF47-ACDD-4827-9A3B-B794723274DC}.Release|Any CPU.Build.0 = Release|Any CPU
		{9669CF47-ACDD-4827-9A3B-B794723274DC}.Release|x64.ActiveCfg = Release|x64
		{9669CF47-ACDD-4827-9A3B-B794723274DC}.Release|x64.Build.0 = Release|x64
		{9669CF47-ACDD-4827-9A3B-B794723274DC}.Release|x86.ActiveCfg = Release|x86
		{9669CF47-ACDD-4827-9A3B-B794723274DC}.Release|x86.Build.0 = Release|x86
		{26B1B984-955F-4576-B916-636DF40FB266}.Debug|Any CPU.ActiveCfg = Debug|Any CPU
		{26B1B984-955F-4576-B916-636DF40FB266}.Debug|Any CPU.Build.0 = Debug|Any CPU
		{26B1B984-955F-4576-B916-636DF40FB266}.Debug|x64.ActiveCfg = Debug|x64
		{26B1B984-955F-4576-B916-636DF40FB266}.Debug|x64.Build.0 = Debug|x64
		{26B1B984-955F-4576-B916-636DF40FB266}.Debug|x86.ActiveCfg = Debug|x86
		{26B1B984-955F-4576-B916-636DF40FB266}.Debug|x86.Build.0 = Debug|x86
		{26B1B984-955F-4576-B916-636DF40FB266}.Release|Any CPU.ActiveCfg = Release|Any CPU
		{26B1B984-955F-4576-B916-636DF40FB266}.Release|Any CPU.Build.0 = Release|Any CPU
		{26B1B984-955F-4576-B916-636DF40FB266}.Release|x64.ActiveCfg = Release|x64
		{26B1B984-955F-4576-B916-636DF40FB266}.Release|x64.Build.0 = Release|x64
		{26B1B984-955F-4576-B916-636DF40FB266}.Release|x86.ActiveCfg = Release|x86
		{26B1B984-955F-4576-B916-636DF40FB266}.Release|x86.Build.0 = Release|x86
		{117CFB40-0142-4691-95F3-12898C5151F4}.Debug|Any CPU.ActiveCfg = Debug|Any CPU
		{117CFB40-0142-4691-95F3-12898C5151F4}.Debug|Any CPU.Build.0 = Debug|Any CPU
		{117CFB40-0142-4691-95F3-12898C5151F4}.Debug|x64.ActiveCfg = Debug|x64
		{117CFB40-0142-4691-95F3-12898C5151F4}.Debug|x64.Build.0 = Debug|x64
		{117CFB40-0142-4691-95F3-12898C5151F4}.Debug|x86.ActiveCfg = Debug|x86
		{117CFB40-0142-4691-95F3-12898C5151F4}.Debug|x86.Build.0 = Debug|x86
		{117CFB40-0142-4691-95F3-12898C5151F4}.Release|Any CPU.ActiveCfg = Release|Any CPU
		{117CFB40-0142-4691-95F3-12898C5151F4}.Release|Any CPU.Build.0 = Release|Any CPU
		{117CFB40-0142-4691-95F3-12898C5151F4}.Release|x64.ActiveCfg = Release|x64
		{117CFB40-0142-4691-95F3-12898C5151F4}.Release|x64.Build.0 = Release|x64
		{117CFB40-0142-4691-95F3-12898C5151F4}.Release|x86.ActiveCfg = Release|x86
		{117CFB40-0142-4691-95F3-12898C5151F4}.Release|x86.Build.0 = Release|x86
		{A88B9C02-02C5-42CE-8D77-369EB5E6D3E4}.Debug|Any CPU.ActiveCfg = Debug|Any CPU
		{A88B9C02-02C5-42CE-8D77-369EB5E6D3E4}.Debug|Any CPU.Build.0 = Debug|Any CPU
		{A88B9C02-02C5-42CE-8D77-369EB5E6D3E4}.Debug|x64.ActiveCfg = Debug|x64
		{A88B9C02-02C5-42CE-8D77-369EB5E6D3E4}.Debug|x64.Build.0 = Debug|x64
		{A88B9C02-02C5-42CE-8D77-369EB5E6D3E4}.Debug|x86.ActiveCfg = Debug|x86
		{A88B9C02-02C5-42CE-8D77-369EB5E6D3E4}.Debug|x86.Build.0 = Debug|x86
		{A88B9C02-02C5-42CE-8D77-369EB5E6D3E4}.Release|Any CPU.ActiveCfg = Release|Any CPU
		{A88B9C02-02C5-42CE-8D77-369EB5E6D3E4}.Release|Any CPU.Build.0 = Release|Any CPU
		{A88B9C02-02C5-42CE-8D77-369EB5E6D3E4}.Release|x64.ActiveCfg = Release|x64
		{A88B9C02-02C5-42CE-8D77-369EB5E6D3E4}.Release|x64.Build.0 = Release|x64
		{A88B9C02-02C5-42CE-8D77-369EB5E6D3E4}.Release|x86.ActiveCfg = Release|x86
		{A88B9C02-02C5-42CE-8D77-369EB5E6D3E4}.Release|x86.Build.0 = Release|x86
		{ADD58969-549B-4D81-BEA4-63E53E945346}.Debug|Any CPU.ActiveCfg = Debug|Any CPU
		{ADD58969-549B-4D81-BEA4-63E53E945346}.Debug|Any CPU.Build.0 = Debug|Any CPU
		{ADD58969-549B-4D81-BEA4-63E53E945346}.Debug|x64.ActiveCfg = Debug|x64
		{ADD58969-549B-4D81-BEA4-63E53E945346}.Debug|x64.Build.0 = Debug|x64
		{ADD58969-549B-4D81-BEA4-63E53E945346}.Debug|x86.ActiveCfg = Debug|x86
		{ADD58969-549B-4D81-BEA4-63E53E945346}.Debug|x86.Build.0 = Debug|x86
		{ADD58969-549B-4D81-BEA4-63E53E945346}.Release|Any CPU.ActiveCfg = Release|Any CPU
		{ADD58969-549B-4D81-BEA4-63E53E945346}.Release|Any CPU.Build.0 = Release|Any CPU
		{ADD58969-549B-4D81-BEA4-63E53E945346}.Release|x64.ActiveCfg = Release|x64
		{ADD58969-549B-4D81-BEA4-63E53E945346}.Release|x64.Build.0 = Release|x64
		{ADD58969-549B-4D81-BEA4-63E53E945346}.Release|x86.ActiveCfg = Release|x86
		{ADD58969-549B-4D81-BEA4-63E53E945346}.Release|x86.Build.0 = Release|x86
		{6CF16C69-D77E-4206-B341-627B79055EEE}.Debug|Any CPU.ActiveCfg = Debug|Any CPU
		{6CF16C69-D77E-4206-B341-627B79055EEE}.Debug|Any CPU.Build.0 = Debug|Any CPU
		{6CF16C69-D77E-4206-B341-627B79055EEE}.Debug|x64.ActiveCfg = Debug|x64
		{6CF16C69-D77E-4206-B341-627B79055EEE}.Debug|x64.Build.0 = Debug|x64
		{6CF16C69-D77E-4206-B341-627B79055EEE}.Debug|x86.ActiveCfg = Debug|x86
		{6CF16C69-D77E-4206-B341-627B79055EEE}.Debug|x86.Build.0 = Debug|x86
		{6CF16C69-D77E-4206-B341-627B79055EEE}.Release|Any CPU.ActiveCfg = Release|Any CPU
		{6CF16C69-D77E-4206-B341-627B79055EEE}.Release|Any CPU.Build.0 = Release|Any CPU
		{6CF16C69-D77E-4206-B341-627B79055EEE}.Release|x64.ActiveCfg = Release|x64
		{6CF16C69-D77E-4206-B341-627B79055EEE}.Release|x64.Build.0 = Release|x64
		{6CF16C69-D77E-4206-B341-627B79055EEE}.Release|x86.ActiveCfg = Release|x86
		{6CF16C69-D77E-4206-B341-627B79055EEE}.Release|x86.Build.0 = Release|x86
		{0EA2DB94-3A00-4F43-B4AE-0F58A2FE13A6}.Debug|Any CPU.ActiveCfg = Debug|Any CPU
		{0EA2DB94-3A00-4F43-B4AE-0F58A2FE13A6}.Debug|Any CPU.Build.0 = Debug|Any CPU
		{0EA2DB94-3A00-4F43-B4AE-0F58A2FE13A6}.Debug|x64.ActiveCfg = Debug|x64
		{0EA2DB94-3A00-4F43-B4AE-0F58A2FE13A6}.Debug|x64.Build.0 = Debug|x64
		{0EA2DB94-3A00-4F43-B4AE-0F58A2FE13A6}.Debug|x86.ActiveCfg = Debug|x86
		{0EA2DB94-3A00-4F43-B4AE-0F58A2FE13A6}.Debug|x86.Build.0 = Debug|x86
		{0EA2DB94-3A00-4F43-B4AE-0F58A2FE13A6}.Release|Any CPU.ActiveCfg = Release|Any CPU
		{0EA2DB94-3A00-4F43-B4AE-0F58A2FE13A6}.Release|Any CPU.Build.0 = Release|Any CPU
		{0EA2DB94-3A00-4F43-B4AE-0F58A2FE13A6}.Release|x64.ActiveCfg = Release|x64
		{0EA2DB94-3A00-4F43-B4AE-0F58A2FE13A6}.Release|x64.Build.0 = Release|x64
		{0EA2DB94-3A00-4F43-B4AE-0F58A2FE13A6}.Release|x86.ActiveCfg = Release|x86
		{0EA2DB94-3A00-4F43-B4AE-0F58A2FE13A6}.Release|x86.Build.0 = Release|x86
		{C3F485D7-68AC-4984-8B33-722EF662CF76}.Debug|Any CPU.ActiveCfg = Debug|Any CPU
		{C3F485D7-68AC-4984-8B33-722EF662CF76}.Debug|Any CPU.Build.0 = Debug|Any CPU
		{C3F485D7-68AC-4984-8B33-722EF662CF76}.Debug|x64.ActiveCfg = Debug|x64
		{C3F485D7-68AC-4984-8B33-722EF662CF76}.Debug|x64.Build.0 = Debug|x64
		{C3F485D7-68AC-4984-8B33-722EF662CF76}.Debug|x86.ActiveCfg = Debug|x86
		{C3F485D7-68AC-4984-8B33-722EF662CF76}.Debug|x86.Build.0 = Debug|x86
		{C3F485D7-68AC-4984-8B33-722EF662CF76}.Release|Any CPU.ActiveCfg = Release|Any CPU
		{C3F485D7-68AC-4984-8B33-722EF662CF76}.Release|Any CPU.Build.0 = Release|Any CPU
		{C3F485D7-68AC-4984-8B33-722EF662CF76}.Release|x64.ActiveCfg = Release|x64
		{C3F485D7-68AC-4984-8B33-722EF662CF76}.Release|x64.Build.0 = Release|x64
		{C3F485D7-68AC-4984-8B33-722EF662CF76}.Release|x86.ActiveCfg = Release|x86
		{C3F485D7-68AC-4984-8B33-722EF662CF76}.Release|x86.Build.0 = Release|x86
		{F9C442C8-DD85-498C-9D7A-4848B4DBBAF2}.Debug|Any CPU.ActiveCfg = Debug|Any CPU
		{F9C442C8-DD85-498C-9D7A-4848B4DBBAF2}.Debug|Any CPU.Build.0 = Debug|Any CPU
		{F9C442C8-DD85-498C-9D7A-4848B4DBBAF2}.Debug|x64.ActiveCfg = Debug|x64
		{F9C442C8-DD85-498C-9D7A-4848B4DBBAF2}.Debug|x64.Build.0 = Debug|x64
		{F9C442C8-DD85-498C-9D7A-4848B4DBBAF2}.Debug|x86.ActiveCfg = Debug|x86
		{F9C442C8-DD85-498C-9D7A-4848B4DBBAF2}.Debug|x86.Build.0 = Debug|x86
		{F9C442C8-DD85-498C-9D7A-4848B4DBBAF2}.Release|Any CPU.ActiveCfg = Release|Any CPU
		{F9C442C8-DD85-498C-9D7A-4848B4DBBAF2}.Release|Any CPU.Build.0 = Release|Any CPU
		{F9C442C8-DD85-498C-9D7A-4848B4DBBAF2}.Release|x64.ActiveCfg = Release|x64
		{F9C442C8-DD85-498C-9D7A-4848B4DBBAF2}.Release|x64.Build.0 = Release|x64
		{F9C442C8-DD85-498C-9D7A-4848B4DBBAF2}.Release|x86.ActiveCfg = Release|x86
		{F9C442C8-DD85-498C-9D7A-4848B4DBBAF2}.Release|x86.Build.0 = Release|x86
		{DC7B1462-603C-4A7C-A508-7CDDFAD522FD}.Debug|Any CPU.ActiveCfg = Debug|Any CPU
		{DC7B1462-603C-4A7C-A508-7CDDFAD522FD}.Debug|Any CPU.Build.0 = Debug|Any CPU
		{DC7B1462-603C-4A7C-A508-7CDDFAD522FD}.Debug|x64.ActiveCfg = Debug|x64
		{DC7B1462-603C-4A7C-A508-7CDDFAD522FD}.Debug|x64.Build.0 = Debug|x64
		{DC7B1462-603C-4A7C-A508-7CDDFAD522FD}.Debug|x86.ActiveCfg = Debug|x86
		{DC7B1462-603C-4A7C-A508-7CDDFAD522FD}.Debug|x86.Build.0 = Debug|x86
		{DC7B1462-603C-4A7C-A508-7CDDFAD522FD}.Release|Any CPU.ActiveCfg = Release|Any CPU
		{DC7B1462-603C-4A7C-A508-7CDDFAD522FD}.Release|Any CPU.Build.0 = Release|Any CPU
		{DC7B1462-603C-4A7C-A508-7CDDFAD522FD}.Release|x64.ActiveCfg = Release|x64
		{DC7B1462-603C-4A7C-A508-7CDDFAD522FD}.Release|x64.Build.0 = Release|x64
		{DC7B1462-603C-4A7C-A508-7CDDFAD522FD}.Release|x86.ActiveCfg = Release|x86
		{DC7B1462-603C-4A7C-A508-7CDDFAD522FD}.Release|x86.Build.0 = Release|x86
		{A549B415-38F0-43D2-B849-169AEADB4546}.Debug|Any CPU.ActiveCfg = Debug|Any CPU
		{A549B415-38F0-43D2-B849-169AEADB4546}.Debug|Any CPU.Build.0 = Debug|Any CPU
		{A549B415-38F0-43D2-B849-169AEADB4546}.Debug|x64.ActiveCfg = Debug|x64
		{A549B415-38F0-43D2-B849-169AEADB4546}.Debug|x64.Build.0 = Debug|x64
		{A549B415-38F0-43D2-B849-169AEADB4546}.Debug|x86.ActiveCfg = Debug|x86
		{A549B415-38F0-43D2-B849-169AEADB4546}.Debug|x86.Build.0 = Debug|x86
		{A549B415-38F0-43D2-B849-169AEADB4546}.Release|Any CPU.ActiveCfg = Release|Any CPU
		{A549B415-38F0-43D2-B849-169AEADB4546}.Release|Any CPU.Build.0 = Release|Any CPU
		{A549B415-38F0-43D2-B849-169AEADB4546}.Release|x64.ActiveCfg = Release|x64
		{A549B415-38F0-43D2-B849-169AEADB4546}.Release|x64.Build.0 = Release|x64
		{A549B415-38F0-43D2-B849-169AEADB4546}.Release|x86.ActiveCfg = Release|x86
		{A549B415-38F0-43D2-B849-169AEADB4546}.Release|x86.Build.0 = Release|x86
		{4C3EB42E-FAA5-4F05-AAD5-24D5DEFA2CD3}.Debug|Any CPU.ActiveCfg = Debug|Any CPU
		{4C3EB42E-FAA5-4F05-AAD5-24D5DEFA2CD3}.Debug|Any CPU.Build.0 = Debug|Any CPU
		{4C3EB42E-FAA5-4F05-AAD5-24D5DEFA2CD3}.Debug|x64.ActiveCfg = Debug|x64
		{4C3EB42E-FAA5-4F05-AAD5-24D5DEFA2CD3}.Debug|x64.Build.0 = Debug|x64
		{4C3EB42E-FAA5-4F05-AAD5-24D5DEFA2CD3}.Debug|x86.ActiveCfg = Debug|x86
		{4C3EB42E-FAA5-4F05-AAD5-24D5DEFA2CD3}.Debug|x86.Build.0 = Debug|x86
		{4C3EB42E-FAA5-4F05-AAD5-24D5DEFA2CD3}.Release|Any CPU.ActiveCfg = Release|Any CPU
		{4C3EB42E-FAA5-4F05-AAD5-24D5DEFA2CD3}.Release|Any CPU.Build.0 = Release|Any CPU
		{4C3EB42E-FAA5-4F05-AAD5-24D5DEFA2CD3}.Release|x64.ActiveCfg = Release|x64
		{4C3EB42E-FAA5-4F05-AAD5-24D5DEFA2CD3}.Release|x64.Build.0 = Release|x64
		{4C3EB42E-FAA5-4F05-AAD5-24D5DEFA2CD3}.Release|x86.ActiveCfg = Release|x86
		{4C3EB42E-FAA5-4F05-AAD5-24D5DEFA2CD3}.Release|x86.Build.0 = Release|x86
		{4D00FBBA-C166-468F-9E01-7F2CE7170D94}.Debug|Any CPU.ActiveCfg = Debug|Any CPU
		{4D00FBBA-C166-468F-9E01-7F2CE7170D94}.Debug|Any CPU.Build.0 = Debug|Any CPU
		{4D00FBBA-C166-468F-9E01-7F2CE7170D94}.Debug|x64.ActiveCfg = Debug|x64
		{4D00FBBA-C166-468F-9E01-7F2CE7170D94}.Debug|x64.Build.0 = Debug|x64
		{4D00FBBA-C166-468F-9E01-7F2CE7170D94}.Debug|x86.ActiveCfg = Debug|x86
		{4D00FBBA-C166-468F-9E01-7F2CE7170D94}.Debug|x86.Build.0 = Debug|x86
		{4D00FBBA-C166-468F-9E01-7F2CE7170D94}.Release|Any CPU.ActiveCfg = Release|Any CPU
		{4D00FBBA-C166-468F-9E01-7F2CE7170D94}.Release|Any CPU.Build.0 = Release|Any CPU
		{4D00FBBA-C166-468F-9E01-7F2CE7170D94}.Release|x64.ActiveCfg = Release|x64
		{4D00FBBA-C166-468F-9E01-7F2CE7170D94}.Release|x64.Build.0 = Release|x64
		{4D00FBBA-C166-468F-9E01-7F2CE7170D94}.Release|x86.ActiveCfg = Release|x86
		{4D00FBBA-C166-468F-9E01-7F2CE7170D94}.Release|x86.Build.0 = Release|x86
		{43B3461B-D18E-4171-8408-D5CF57C62CA3}.Debug|Any CPU.ActiveCfg = Debug|Any CPU
		{43B3461B-D18E-4171-8408-D5CF57C62CA3}.Debug|Any CPU.Build.0 = Debug|Any CPU
		{43B3461B-D18E-4171-8408-D5CF57C62CA3}.Debug|x64.ActiveCfg = Debug|x64
		{43B3461B-D18E-4171-8408-D5CF57C62CA3}.Debug|x64.Build.0 = Debug|x64
		{43B3461B-D18E-4171-8408-D5CF57C62CA3}.Debug|x86.ActiveCfg = Debug|x86
		{43B3461B-D18E-4171-8408-D5CF57C62CA3}.Debug|x86.Build.0 = Debug|x86
		{43B3461B-D18E-4171-8408-D5CF57C62CA3}.Release|Any CPU.ActiveCfg = Release|Any CPU
		{43B3461B-D18E-4171-8408-D5CF57C62CA3}.Release|Any CPU.Build.0 = Release|Any CPU
		{43B3461B-D18E-4171-8408-D5CF57C62CA3}.Release|x64.ActiveCfg = Release|x64
		{43B3461B-D18E-4171-8408-D5CF57C62CA3}.Release|x64.Build.0 = Release|x64
		{43B3461B-D18E-4171-8408-D5CF57C62CA3}.Release|x86.ActiveCfg = Release|x86
		{43B3461B-D18E-4171-8408-D5CF57C62CA3}.Release|x86.Build.0 = Release|x86
		{6E85CF59-EFBB-4A3A-829D-0548C4F8055B}.Debug|Any CPU.ActiveCfg = Debug|Any CPU
		{6E85CF59-EFBB-4A3A-829D-0548C4F8055B}.Debug|Any CPU.Build.0 = Debug|Any CPU
		{6E85CF59-EFBB-4A3A-829D-0548C4F8055B}.Debug|x64.ActiveCfg = Debug|x64
		{6E85CF59-EFBB-4A3A-829D-0548C4F8055B}.Debug|x64.Build.0 = Debug|x64
		{6E85CF59-EFBB-4A3A-829D-0548C4F8055B}.Debug|x86.ActiveCfg = Debug|x86
		{6E85CF59-EFBB-4A3A-829D-0548C4F8055B}.Debug|x86.Build.0 = Debug|x86
		{6E85CF59-EFBB-4A3A-829D-0548C4F8055B}.Release|Any CPU.ActiveCfg = Release|Any CPU
		{6E85CF59-EFBB-4A3A-829D-0548C4F8055B}.Release|Any CPU.Build.0 = Release|Any CPU
		{6E85CF59-EFBB-4A3A-829D-0548C4F8055B}.Release|x64.ActiveCfg = Release|x64
		{6E85CF59-EFBB-4A3A-829D-0548C4F8055B}.Release|x64.Build.0 = Release|x64
		{6E85CF59-EFBB-4A3A-829D-0548C4F8055B}.Release|x86.ActiveCfg = Release|x86
		{6E85CF59-EFBB-4A3A-829D-0548C4F8055B}.Release|x86.Build.0 = Release|x86
		{4FF30C99-1F45-470D-BDE4-AA38A75B6AD4}.Debug|Any CPU.ActiveCfg = Debug|Any CPU
		{4FF30C99-1F45-470D-BDE4-AA38A75B6AD4}.Debug|Any CPU.Build.0 = Debug|Any CPU
		{4FF30C99-1F45-470D-BDE4-AA38A75B6AD4}.Debug|x64.ActiveCfg = Debug|x64
		{4FF30C99-1F45-470D-BDE4-AA38A75B6AD4}.Debug|x64.Build.0 = Debug|x64
		{4FF30C99-1F45-470D-BDE4-AA38A75B6AD4}.Debug|x86.ActiveCfg = Debug|x86
		{4FF30C99-1F45-470D-BDE4-AA38A75B6AD4}.Debug|x86.Build.0 = Debug|x86
		{4FF30C99-1F45-470D-BDE4-AA38A75B6AD4}.Release|Any CPU.ActiveCfg = Release|Any CPU
		{4FF30C99-1F45-470D-BDE4-AA38A75B6AD4}.Release|Any CPU.Build.0 = Release|Any CPU
		{4FF30C99-1F45-470D-BDE4-AA38A75B6AD4}.Release|x64.ActiveCfg = Release|x64
		{4FF30C99-1F45-470D-BDE4-AA38A75B6AD4}.Release|x64.Build.0 = Release|x64
		{4FF30C99-1F45-470D-BDE4-AA38A75B6AD4}.Release|x86.ActiveCfg = Release|x86
		{4FF30C99-1F45-470D-BDE4-AA38A75B6AD4}.Release|x86.Build.0 = Release|x86
		{F795D2B1-6471-4C3F-82DB-AC8F27DEEFE7}.Debug|Any CPU.ActiveCfg = Debug|Any CPU
		{F795D2B1-6471-4C3F-82DB-AC8F27DEEFE7}.Debug|Any CPU.Build.0 = Debug|Any CPU
		{F795D2B1-6471-4C3F-82DB-AC8F27DEEFE7}.Debug|x64.ActiveCfg = Debug|x64
		{F795D2B1-6471-4C3F-82DB-AC8F27DEEFE7}.Debug|x64.Build.0 = Debug|x64
		{F795D2B1-6471-4C3F-82DB-AC8F27DEEFE7}.Debug|x86.ActiveCfg = Debug|x86
		{F795D2B1-6471-4C3F-82DB-AC8F27DEEFE7}.Debug|x86.Build.0 = Debug|x86
		{F795D2B1-6471-4C3F-82DB-AC8F27DEEFE7}.Release|Any CPU.ActiveCfg = Release|Any CPU
		{F795D2B1-6471-4C3F-82DB-AC8F27DEEFE7}.Release|Any CPU.Build.0 = Release|Any CPU
		{F795D2B1-6471-4C3F-82DB-AC8F27DEEFE7}.Release|x64.ActiveCfg = Release|x64
		{F795D2B1-6471-4C3F-82DB-AC8F27DEEFE7}.Release|x64.Build.0 = Release|x64
		{F795D2B1-6471-4C3F-82DB-AC8F27DEEFE7}.Release|x86.ActiveCfg = Release|x86
		{F795D2B1-6471-4C3F-82DB-AC8F27DEEFE7}.Release|x86.Build.0 = Release|x86
		{4490279B-E22A-445D-97C2-A0F9D842DAB1}.Debug|Any CPU.ActiveCfg = Debug|Any CPU
		{4490279B-E22A-445D-97C2-A0F9D842DAB1}.Debug|Any CPU.Build.0 = Debug|Any CPU
		{4490279B-E22A-445D-97C2-A0F9D842DAB1}.Debug|x64.ActiveCfg = Debug|x64
		{4490279B-E22A-445D-97C2-A0F9D842DAB1}.Debug|x64.Build.0 = Debug|x64
		{4490279B-E22A-445D-97C2-A0F9D842DAB1}.Debug|x86.ActiveCfg = Debug|x86
		{4490279B-E22A-445D-97C2-A0F9D842DAB1}.Debug|x86.Build.0 = Debug|x86
		{4490279B-E22A-445D-97C2-A0F9D842DAB1}.Release|Any CPU.ActiveCfg = Release|Any CPU
		{4490279B-E22A-445D-97C2-A0F9D842DAB1}.Release|Any CPU.Build.0 = Release|Any CPU
		{4490279B-E22A-445D-97C2-A0F9D842DAB1}.Release|x64.ActiveCfg = Release|x64
		{4490279B-E22A-445D-97C2-A0F9D842DAB1}.Release|x64.Build.0 = Release|x64
		{4490279B-E22A-445D-97C2-A0F9D842DAB1}.Release|x86.ActiveCfg = Release|x86
		{4490279B-E22A-445D-97C2-A0F9D842DAB1}.Release|x86.Build.0 = Release|x86
		{388EBC74-C8BF-487A-866B-8A000927FD54}.Debug|Any CPU.ActiveCfg = Debug|Any CPU
		{388EBC74-C8BF-487A-866B-8A000927FD54}.Debug|Any CPU.Build.0 = Debug|Any CPU
		{388EBC74-C8BF-487A-866B-8A000927FD54}.Debug|x64.ActiveCfg = Debug|x64
		{388EBC74-C8BF-487A-866B-8A000927FD54}.Debug|x64.Build.0 = Debug|x64
		{388EBC74-C8BF-487A-866B-8A000927FD54}.Debug|x86.ActiveCfg = Debug|x86
		{388EBC74-C8BF-487A-866B-8A000927FD54}.Debug|x86.Build.0 = Debug|x86
		{388EBC74-C8BF-487A-866B-8A000927FD54}.Release|Any CPU.ActiveCfg = Release|Any CPU
		{388EBC74-C8BF-487A-866B-8A000927FD54}.Release|Any CPU.Build.0 = Release|Any CPU
		{388EBC74-C8BF-487A-866B-8A000927FD54}.Release|x64.ActiveCfg = Release|x64
		{388EBC74-C8BF-487A-866B-8A000927FD54}.Release|x64.Build.0 = Release|x64
		{388EBC74-C8BF-487A-866B-8A000927FD54}.Release|x86.ActiveCfg = Release|x86
		{388EBC74-C8BF-487A-866B-8A000927FD54}.Release|x86.Build.0 = Release|x86
		{D9AF6F5C-65A5-4C44-A3F6-3B6509E6065E}.Debug|Any CPU.ActiveCfg = Debug|Any CPU
		{D9AF6F5C-65A5-4C44-A3F6-3B6509E6065E}.Debug|Any CPU.Build.0 = Debug|Any CPU
		{D9AF6F5C-65A5-4C44-A3F6-3B6509E6065E}.Debug|x64.ActiveCfg = Debug|x64
		{D9AF6F5C-65A5-4C44-A3F6-3B6509E6065E}.Debug|x64.Build.0 = Debug|x64
		{D9AF6F5C-65A5-4C44-A3F6-3B6509E6065E}.Debug|x86.ActiveCfg = Debug|x86
		{D9AF6F5C-65A5-4C44-A3F6-3B6509E6065E}.Debug|x86.Build.0 = Debug|x86
		{D9AF6F5C-65A5-4C44-A3F6-3B6509E6065E}.Release|Any CPU.ActiveCfg = Release|Any CPU
		{D9AF6F5C-65A5-4C44-A3F6-3B6509E6065E}.Release|Any CPU.Build.0 = Release|Any CPU
		{D9AF6F5C-65A5-4C44-A3F6-3B6509E6065E}.Release|x64.ActiveCfg = Release|x64
		{D9AF6F5C-65A5-4C44-A3F6-3B6509E6065E}.Release|x64.Build.0 = Release|x64
		{D9AF6F5C-65A5-4C44-A3F6-3B6509E6065E}.Release|x86.ActiveCfg = Release|x86
		{D9AF6F5C-65A5-4C44-A3F6-3B6509E6065E}.Release|x86.Build.0 = Release|x86
		{24BB2C29-5581-4A81-9CB8-4B9C5958F191}.Debug|Any CPU.ActiveCfg = Debug|Any CPU
		{24BB2C29-5581-4A81-9CB8-4B9C5958F191}.Debug|Any CPU.Build.0 = Debug|Any CPU
		{24BB2C29-5581-4A81-9CB8-4B9C5958F191}.Debug|x64.ActiveCfg = Debug|x64
		{24BB2C29-5581-4A81-9CB8-4B9C5958F191}.Debug|x64.Build.0 = Debug|x64
		{24BB2C29-5581-4A81-9CB8-4B9C5958F191}.Debug|x86.ActiveCfg = Debug|x86
		{24BB2C29-5581-4A81-9CB8-4B9C5958F191}.Debug|x86.Build.0 = Debug|x86
		{24BB2C29-5581-4A81-9CB8-4B9C5958F191}.Release|Any CPU.ActiveCfg = Release|Any CPU
		{24BB2C29-5581-4A81-9CB8-4B9C5958F191}.Release|Any CPU.Build.0 = Release|Any CPU
		{24BB2C29-5581-4A81-9CB8-4B9C5958F191}.Release|x64.ActiveCfg = Release|x64
		{24BB2C29-5581-4A81-9CB8-4B9C5958F191}.Release|x64.Build.0 = Release|x64
		{24BB2C29-5581-4A81-9CB8-4B9C5958F191}.Release|x86.ActiveCfg = Release|x86
		{24BB2C29-5581-4A81-9CB8-4B9C5958F191}.Release|x86.Build.0 = Release|x86
		{84B1AADF-A0FE-4A7F-A949-B09E09876D3C}.Debug|Any CPU.ActiveCfg = Debug|Any CPU
		{84B1AADF-A0FE-4A7F-A949-B09E09876D3C}.Debug|Any CPU.Build.0 = Debug|Any CPU
		{84B1AADF-A0FE-4A7F-A949-B09E09876D3C}.Debug|x64.ActiveCfg = Debug|x64
		{84B1AADF-A0FE-4A7F-A949-B09E09876D3C}.Debug|x64.Build.0 = Debug|x64
		{84B1AADF-A0FE-4A7F-A949-B09E09876D3C}.Debug|x86.ActiveCfg = Debug|x86
		{84B1AADF-A0FE-4A7F-A949-B09E09876D3C}.Debug|x86.Build.0 = Debug|x86
		{84B1AADF-A0FE-4A7F-A949-B09E09876D3C}.Release|Any CPU.ActiveCfg = Release|Any CPU
		{84B1AADF-A0FE-4A7F-A949-B09E09876D3C}.Release|Any CPU.Build.0 = Release|Any CPU
		{84B1AADF-A0FE-4A7F-A949-B09E09876D3C}.Release|x64.ActiveCfg = Release|x64
		{84B1AADF-A0FE-4A7F-A949-B09E09876D3C}.Release|x64.Build.0 = Release|x64
		{84B1AADF-A0FE-4A7F-A949-B09E09876D3C}.Release|x86.ActiveCfg = Release|x86
		{84B1AADF-A0FE-4A7F-A949-B09E09876D3C}.Release|x86.Build.0 = Release|x86
		{332D8741-D321-4CFE-A5DB-6DFE6F08A7A6}.Debug|Any CPU.ActiveCfg = Debug|Any CPU
		{332D8741-D321-4CFE-A5DB-6DFE6F08A7A6}.Debug|Any CPU.Build.0 = Debug|Any CPU
		{332D8741-D321-4CFE-A5DB-6DFE6F08A7A6}.Debug|x64.ActiveCfg = Debug|x64
		{332D8741-D321-4CFE-A5DB-6DFE6F08A7A6}.Debug|x64.Build.0 = Debug|x64
		{332D8741-D321-4CFE-A5DB-6DFE6F08A7A6}.Debug|x86.ActiveCfg = Debug|x86
		{332D8741-D321-4CFE-A5DB-6DFE6F08A7A6}.Debug|x86.Build.0 = Debug|x86
		{332D8741-D321-4CFE-A5DB-6DFE6F08A7A6}.Release|Any CPU.ActiveCfg = Release|Any CPU
		{332D8741-D321-4CFE-A5DB-6DFE6F08A7A6}.Release|Any CPU.Build.0 = Release|Any CPU
		{332D8741-D321-4CFE-A5DB-6DFE6F08A7A6}.Release|x64.ActiveCfg = Release|x64
		{332D8741-D321-4CFE-A5DB-6DFE6F08A7A6}.Release|x64.Build.0 = Release|x64
		{332D8741-D321-4CFE-A5DB-6DFE6F08A7A6}.Release|x86.ActiveCfg = Release|x86
		{332D8741-D321-4CFE-A5DB-6DFE6F08A7A6}.Release|x86.Build.0 = Release|x86
		{DFC3C500-66EB-45B2-BBC2-BBFE7E8466A4}.Debug|Any CPU.ActiveCfg = Debug|Any CPU
		{DFC3C500-66EB-45B2-BBC2-BBFE7E8466A4}.Debug|Any CPU.Build.0 = Debug|Any CPU
		{DFC3C500-66EB-45B2-BBC2-BBFE7E8466A4}.Debug|x64.ActiveCfg = Debug|x64
		{DFC3C500-66EB-45B2-BBC2-BBFE7E8466A4}.Debug|x64.Build.0 = Debug|x64
		{DFC3C500-66EB-45B2-BBC2-BBFE7E8466A4}.Debug|x86.ActiveCfg = Debug|x86
		{DFC3C500-66EB-45B2-BBC2-BBFE7E8466A4}.Debug|x86.Build.0 = Debug|x86
		{DFC3C500-66EB-45B2-BBC2-BBFE7E8466A4}.Release|Any CPU.ActiveCfg = Release|Any CPU
		{DFC3C500-66EB-45B2-BBC2-BBFE7E8466A4}.Release|Any CPU.Build.0 = Release|Any CPU
		{DFC3C500-66EB-45B2-BBC2-BBFE7E8466A4}.Release|x64.ActiveCfg = Release|x64
		{DFC3C500-66EB-45B2-BBC2-BBFE7E8466A4}.Release|x64.Build.0 = Release|x64
		{DFC3C500-66EB-45B2-BBC2-BBFE7E8466A4}.Release|x86.ActiveCfg = Release|x86
		{DFC3C500-66EB-45B2-BBC2-BBFE7E8466A4}.Release|x86.Build.0 = Release|x86
		{3FF44973-5B72-4B9F-83E7-58E4C316E1E7}.Debug|Any CPU.ActiveCfg = Debug|Any CPU
		{3FF44973-5B72-4B9F-83E7-58E4C316E1E7}.Debug|Any CPU.Build.0 = Debug|Any CPU
		{3FF44973-5B72-4B9F-83E7-58E4C316E1E7}.Debug|x64.ActiveCfg = Debug|x64
		{3FF44973-5B72-4B9F-83E7-58E4C316E1E7}.Debug|x64.Build.0 = Debug|x64
		{3FF44973-5B72-4B9F-83E7-58E4C316E1E7}.Debug|x86.ActiveCfg = Debug|x86
		{3FF44973-5B72-4B9F-83E7-58E4C316E1E7}.Debug|x86.Build.0 = Debug|x86
		{3FF44973-5B72-4B9F-83E7-58E4C316E1E7}.Release|Any CPU.ActiveCfg = Release|Any CPU
		{3FF44973-5B72-4B9F-83E7-58E4C316E1E7}.Release|Any CPU.Build.0 = Release|Any CPU
		{3FF44973-5B72-4B9F-83E7-58E4C316E1E7}.Release|x64.ActiveCfg = Release|x64
		{3FF44973-5B72-4B9F-83E7-58E4C316E1E7}.Release|x64.Build.0 = Release|x64
		{3FF44973-5B72-4B9F-83E7-58E4C316E1E7}.Release|x86.ActiveCfg = Release|x86
		{3FF44973-5B72-4B9F-83E7-58E4C316E1E7}.Release|x86.Build.0 = Release|x86
		{0C6E767F-18A4-4CDD-B088-F7C6138F0565}.Debug|Any CPU.ActiveCfg = Debug|Any CPU
		{0C6E767F-18A4-4CDD-B088-F7C6138F0565}.Debug|Any CPU.Build.0 = Debug|Any CPU
		{0C6E767F-18A4-4CDD-B088-F7C6138F0565}.Debug|x64.ActiveCfg = Debug|x64
		{0C6E767F-18A4-4CDD-B088-F7C6138F0565}.Debug|x64.Build.0 = Debug|x64
		{0C6E767F-18A4-4CDD-B088-F7C6138F0565}.Debug|x86.ActiveCfg = Debug|x86
		{0C6E767F-18A4-4CDD-B088-F7C6138F0565}.Debug|x86.Build.0 = Debug|x86
		{0C6E767F-18A4-4CDD-B088-F7C6138F0565}.Release|Any CPU.ActiveCfg = Release|Any CPU
		{0C6E767F-18A4-4CDD-B088-F7C6138F0565}.Release|Any CPU.Build.0 = Release|Any CPU
		{0C6E767F-18A4-4CDD-B088-F7C6138F0565}.Release|x64.ActiveCfg = Release|x64
		{0C6E767F-18A4-4CDD-B088-F7C6138F0565}.Release|x64.Build.0 = Release|x64
		{0C6E767F-18A4-4CDD-B088-F7C6138F0565}.Release|x86.ActiveCfg = Release|x86
		{0C6E767F-18A4-4CDD-B088-F7C6138F0565}.Release|x86.Build.0 = Release|x86
		{2B3432AC-1D3C-4EC0-94CE-6D14D515A3E0}.Debug|Any CPU.ActiveCfg = Debug|Any CPU
		{2B3432AC-1D3C-4EC0-94CE-6D14D515A3E0}.Debug|Any CPU.Build.0 = Debug|Any CPU
		{2B3432AC-1D3C-4EC0-94CE-6D14D515A3E0}.Debug|x64.ActiveCfg = Debug|x64
		{2B3432AC-1D3C-4EC0-94CE-6D14D515A3E0}.Debug|x64.Build.0 = Debug|x64
		{2B3432AC-1D3C-4EC0-94CE-6D14D515A3E0}.Debug|x86.ActiveCfg = Debug|x86
		{2B3432AC-1D3C-4EC0-94CE-6D14D515A3E0}.Debug|x86.Build.0 = Debug|x86
		{2B3432AC-1D3C-4EC0-94CE-6D14D515A3E0}.Release|Any CPU.ActiveCfg = Release|Any CPU
		{2B3432AC-1D3C-4EC0-94CE-6D14D515A3E0}.Release|Any CPU.Build.0 = Release|Any CPU
		{2B3432AC-1D3C-4EC0-94CE-6D14D515A3E0}.Release|x64.ActiveCfg = Release|x64
		{2B3432AC-1D3C-4EC0-94CE-6D14D515A3E0}.Release|x64.Build.0 = Release|x64
		{2B3432AC-1D3C-4EC0-94CE-6D14D515A3E0}.Release|x86.ActiveCfg = Release|x86
		{2B3432AC-1D3C-4EC0-94CE-6D14D515A3E0}.Release|x86.Build.0 = Release|x86
		{DECDDA97-C90D-40C4-9D9A-A5A125D052AC}.Debug|Any CPU.ActiveCfg = Debug|Any CPU
		{DECDDA97-C90D-40C4-9D9A-A5A125D052AC}.Debug|Any CPU.Build.0 = Debug|Any CPU
		{DECDDA97-C90D-40C4-9D9A-A5A125D052AC}.Debug|x64.ActiveCfg = Debug|x64
		{DECDDA97-C90D-40C4-9D9A-A5A125D052AC}.Debug|x64.Build.0 = Debug|x64
		{DECDDA97-C90D-40C4-9D9A-A5A125D052AC}.Debug|x86.ActiveCfg = Debug|x86
		{DECDDA97-C90D-40C4-9D9A-A5A125D052AC}.Debug|x86.Build.0 = Debug|x86
		{DECDDA97-C90D-40C4-9D9A-A5A125D052AC}.Release|Any CPU.ActiveCfg = Release|Any CPU
		{DECDDA97-C90D-40C4-9D9A-A5A125D052AC}.Release|Any CPU.Build.0 = Release|Any CPU
		{DECDDA97-C90D-40C4-9D9A-A5A125D052AC}.Release|x64.ActiveCfg = Release|x64
		{DECDDA97-C90D-40C4-9D9A-A5A125D052AC}.Release|x64.Build.0 = Release|x64
		{DECDDA97-C90D-40C4-9D9A-A5A125D052AC}.Release|x86.ActiveCfg = Release|x86
		{DECDDA97-C90D-40C4-9D9A-A5A125D052AC}.Release|x86.Build.0 = Release|x86
		{5CC05A2D-2779-4880-A28C-6800A85B5D9C}.Debug|Any CPU.ActiveCfg = Debug|Any CPU
		{5CC05A2D-2779-4880-A28C-6800A85B5D9C}.Debug|Any CPU.Build.0 = Debug|Any CPU
		{5CC05A2D-2779-4880-A28C-6800A85B5D9C}.Debug|x64.ActiveCfg = Debug|x64
		{5CC05A2D-2779-4880-A28C-6800A85B5D9C}.Debug|x64.Build.0 = Debug|x64
		{5CC05A2D-2779-4880-A28C-6800A85B5D9C}.Debug|x86.ActiveCfg = Debug|x86
		{5CC05A2D-2779-4880-A28C-6800A85B5D9C}.Debug|x86.Build.0 = Debug|x86
		{5CC05A2D-2779-4880-A28C-6800A85B5D9C}.Release|Any CPU.ActiveCfg = Release|Any CPU
		{5CC05A2D-2779-4880-A28C-6800A85B5D9C}.Release|Any CPU.Build.0 = Release|Any CPU
		{5CC05A2D-2779-4880-A28C-6800A85B5D9C}.Release|x64.ActiveCfg = Release|x64
		{5CC05A2D-2779-4880-A28C-6800A85B5D9C}.Release|x64.Build.0 = Release|x64
		{5CC05A2D-2779-4880-A28C-6800A85B5D9C}.Release|x86.ActiveCfg = Release|x86
		{5CC05A2D-2779-4880-A28C-6800A85B5D9C}.Release|x86.Build.0 = Release|x86
		{D9DC78AA-A9D1-4232-837C-0CF20846B3D6}.Debug|Any CPU.ActiveCfg = Debug|Any CPU
		{D9DC78AA-A9D1-4232-837C-0CF20846B3D6}.Debug|Any CPU.Build.0 = Debug|Any CPU
		{D9DC78AA-A9D1-4232-837C-0CF20846B3D6}.Debug|x64.ActiveCfg = Debug|x64
		{D9DC78AA-A9D1-4232-837C-0CF20846B3D6}.Debug|x64.Build.0 = Debug|x64
		{D9DC78AA-A9D1-4232-837C-0CF20846B3D6}.Debug|x86.ActiveCfg = Debug|x86
		{D9DC78AA-A9D1-4232-837C-0CF20846B3D6}.Debug|x86.Build.0 = Debug|x86
		{D9DC78AA-A9D1-4232-837C-0CF20846B3D6}.Release|Any CPU.ActiveCfg = Release|Any CPU
		{D9DC78AA-A9D1-4232-837C-0CF20846B3D6}.Release|Any CPU.Build.0 = Release|Any CPU
		{D9DC78AA-A9D1-4232-837C-0CF20846B3D6}.Release|x64.ActiveCfg = Release|x64
		{D9DC78AA-A9D1-4232-837C-0CF20846B3D6}.Release|x64.Build.0 = Release|x64
		{D9DC78AA-A9D1-4232-837C-0CF20846B3D6}.Release|x86.ActiveCfg = Release|x86
		{D9DC78AA-A9D1-4232-837C-0CF20846B3D6}.Release|x86.Build.0 = Release|x86
		{393B4BDE-A451-41A7-A789-4473782BDF2D}.Debug|Any CPU.ActiveCfg = Debug|Any CPU
		{393B4BDE-A451-41A7-A789-4473782BDF2D}.Debug|Any CPU.Build.0 = Debug|Any CPU
		{393B4BDE-A451-41A7-A789-4473782BDF2D}.Debug|x64.ActiveCfg = Debug|x64
		{393B4BDE-A451-41A7-A789-4473782BDF2D}.Debug|x64.Build.0 = Debug|x64
		{393B4BDE-A451-41A7-A789-4473782BDF2D}.Debug|x86.ActiveCfg = Debug|x86
		{393B4BDE-A451-41A7-A789-4473782BDF2D}.Debug|x86.Build.0 = Debug|x86
		{393B4BDE-A451-41A7-A789-4473782BDF2D}.Release|Any CPU.ActiveCfg = Release|Any CPU
		{393B4BDE-A451-41A7-A789-4473782BDF2D}.Release|Any CPU.Build.0 = Release|Any CPU
		{393B4BDE-A451-41A7-A789-4473782BDF2D}.Release|x64.ActiveCfg = Release|x64
		{393B4BDE-A451-41A7-A789-4473782BDF2D}.Release|x64.Build.0 = Release|x64
		{393B4BDE-A451-41A7-A789-4473782BDF2D}.Release|x86.ActiveCfg = Release|x86
		{393B4BDE-A451-41A7-A789-4473782BDF2D}.Release|x86.Build.0 = Release|x86
		{28634B14-E0AD-423D-9A49-3650E0D15FC0}.Debug|Any CPU.ActiveCfg = Debug|Any CPU
		{28634B14-E0AD-423D-9A49-3650E0D15FC0}.Debug|Any CPU.Build.0 = Debug|Any CPU
		{28634B14-E0AD-423D-9A49-3650E0D15FC0}.Debug|x64.ActiveCfg = Debug|x64
		{28634B14-E0AD-423D-9A49-3650E0D15FC0}.Debug|x64.Build.0 = Debug|x64
		{28634B14-E0AD-423D-9A49-3650E0D15FC0}.Debug|x86.ActiveCfg = Debug|x86
		{28634B14-E0AD-423D-9A49-3650E0D15FC0}.Debug|x86.Build.0 = Debug|x86
		{28634B14-E0AD-423D-9A49-3650E0D15FC0}.Release|Any CPU.ActiveCfg = Release|Any CPU
		{28634B14-E0AD-423D-9A49-3650E0D15FC0}.Release|Any CPU.Build.0 = Release|Any CPU
		{28634B14-E0AD-423D-9A49-3650E0D15FC0}.Release|x64.ActiveCfg = Release|x64
		{28634B14-E0AD-423D-9A49-3650E0D15FC0}.Release|x64.Build.0 = Release|x64
		{28634B14-E0AD-423D-9A49-3650E0D15FC0}.Release|x86.ActiveCfg = Release|x86
		{28634B14-E0AD-423D-9A49-3650E0D15FC0}.Release|x86.Build.0 = Release|x86
		{BC7F3F8C-2997-455C-9D98-4B45F0CDF2C8}.Debug|Any CPU.ActiveCfg = Debug|Any CPU
		{BC7F3F8C-2997-455C-9D98-4B45F0CDF2C8}.Debug|Any CPU.Build.0 = Debug|Any CPU
		{BC7F3F8C-2997-455C-9D98-4B45F0CDF2C8}.Debug|x64.ActiveCfg = Debug|x64
		{BC7F3F8C-2997-455C-9D98-4B45F0CDF2C8}.Debug|x64.Build.0 = Debug|x64
		{BC7F3F8C-2997-455C-9D98-4B45F0CDF2C8}.Debug|x86.ActiveCfg = Debug|x86
		{BC7F3F8C-2997-455C-9D98-4B45F0CDF2C8}.Debug|x86.Build.0 = Debug|x86
		{BC7F3F8C-2997-455C-9D98-4B45F0CDF2C8}.Release|Any CPU.ActiveCfg = Release|Any CPU
		{BC7F3F8C-2997-455C-9D98-4B45F0CDF2C8}.Release|Any CPU.Build.0 = Release|Any CPU
		{BC7F3F8C-2997-455C-9D98-4B45F0CDF2C8}.Release|x64.ActiveCfg = Release|x64
		{BC7F3F8C-2997-455C-9D98-4B45F0CDF2C8}.Release|x64.Build.0 = Release|x64
		{BC7F3F8C-2997-455C-9D98-4B45F0CDF2C8}.Release|x86.ActiveCfg = Release|x86
		{BC7F3F8C-2997-455C-9D98-4B45F0CDF2C8}.Release|x86.Build.0 = Release|x86
		{99AFD4A2-9246-4077-8412-AB7DFACEDC8F}.Debug|Any CPU.ActiveCfg = Debug|Any CPU
		{99AFD4A2-9246-4077-8412-AB7DFACEDC8F}.Debug|Any CPU.Build.0 = Debug|Any CPU
		{99AFD4A2-9246-4077-8412-AB7DFACEDC8F}.Debug|x64.ActiveCfg = Debug|x64
		{99AFD4A2-9246-4077-8412-AB7DFACEDC8F}.Debug|x64.Build.0 = Debug|x64
		{99AFD4A2-9246-4077-8412-AB7DFACEDC8F}.Debug|x86.ActiveCfg = Debug|x86
		{99AFD4A2-9246-4077-8412-AB7DFACEDC8F}.Debug|x86.Build.0 = Debug|x86
		{99AFD4A2-9246-4077-8412-AB7DFACEDC8F}.Release|Any CPU.ActiveCfg = Release|Any CPU
		{99AFD4A2-9246-4077-8412-AB7DFACEDC8F}.Release|Any CPU.Build.0 = Release|Any CPU
		{99AFD4A2-9246-4077-8412-AB7DFACEDC8F}.Release|x64.ActiveCfg = Release|x64
		{99AFD4A2-9246-4077-8412-AB7DFACEDC8F}.Release|x64.Build.0 = Release|x64
		{99AFD4A2-9246-4077-8412-AB7DFACEDC8F}.Release|x86.ActiveCfg = Release|x86
		{99AFD4A2-9246-4077-8412-AB7DFACEDC8F}.Release|x86.Build.0 = Release|x86
		{15153B43-717A-4EC7-811F-4F710837E52F}.Debug|Any CPU.ActiveCfg = Debug|Any CPU
		{15153B43-717A-4EC7-811F-4F710837E52F}.Debug|Any CPU.Build.0 = Debug|Any CPU
		{15153B43-717A-4EC7-811F-4F710837E52F}.Debug|x64.ActiveCfg = Debug|x64
		{15153B43-717A-4EC7-811F-4F710837E52F}.Debug|x64.Build.0 = Debug|x64
		{15153B43-717A-4EC7-811F-4F710837E52F}.Debug|x86.ActiveCfg = Debug|x86
		{15153B43-717A-4EC7-811F-4F710837E52F}.Debug|x86.Build.0 = Debug|x86
		{15153B43-717A-4EC7-811F-4F710837E52F}.Release|Any CPU.ActiveCfg = Release|Any CPU
		{15153B43-717A-4EC7-811F-4F710837E52F}.Release|Any CPU.Build.0 = Release|Any CPU
		{15153B43-717A-4EC7-811F-4F710837E52F}.Release|x64.ActiveCfg = Release|x64
		{15153B43-717A-4EC7-811F-4F710837E52F}.Release|x64.Build.0 = Release|x64
		{15153B43-717A-4EC7-811F-4F710837E52F}.Release|x86.ActiveCfg = Release|x86
		{15153B43-717A-4EC7-811F-4F710837E52F}.Release|x86.Build.0 = Release|x86
		{A4C62F2A-DFF0-43FA-9515-F12EB3756601}.Debug|Any CPU.ActiveCfg = Debug|Any CPU
		{A4C62F2A-DFF0-43FA-9515-F12EB3756601}.Debug|Any CPU.Build.0 = Debug|Any CPU
		{A4C62F2A-DFF0-43FA-9515-F12EB3756601}.Debug|x64.ActiveCfg = Debug|x64
		{A4C62F2A-DFF0-43FA-9515-F12EB3756601}.Debug|x64.Build.0 = Debug|x64
		{A4C62F2A-DFF0-43FA-9515-F12EB3756601}.Debug|x86.ActiveCfg = Debug|x86
		{A4C62F2A-DFF0-43FA-9515-F12EB3756601}.Debug|x86.Build.0 = Debug|x86
		{A4C62F2A-DFF0-43FA-9515-F12EB3756601}.Release|Any CPU.ActiveCfg = Release|Any CPU
		{A4C62F2A-DFF0-43FA-9515-F12EB3756601}.Release|Any CPU.Build.0 = Release|Any CPU
		{A4C62F2A-DFF0-43FA-9515-F12EB3756601}.Release|x64.ActiveCfg = Release|x64
		{A4C62F2A-DFF0-43FA-9515-F12EB3756601}.Release|x64.Build.0 = Release|x64
		{A4C62F2A-DFF0-43FA-9515-F12EB3756601}.Release|x86.ActiveCfg = Release|x86
		{A4C62F2A-DFF0-43FA-9515-F12EB3756601}.Release|x86.Build.0 = Release|x86
		{2DCF26D7-98A5-4656-954E-3406CFB08686}.Debug|Any CPU.ActiveCfg = Debug|Any CPU
		{2DCF26D7-98A5-4656-954E-3406CFB08686}.Debug|Any CPU.Build.0 = Debug|Any CPU
		{2DCF26D7-98A5-4656-954E-3406CFB08686}.Debug|x64.ActiveCfg = Debug|x64
		{2DCF26D7-98A5-4656-954E-3406CFB08686}.Debug|x64.Build.0 = Debug|x64
		{2DCF26D7-98A5-4656-954E-3406CFB08686}.Debug|x86.ActiveCfg = Debug|x86
		{2DCF26D7-98A5-4656-954E-3406CFB08686}.Debug|x86.Build.0 = Debug|x86
		{2DCF26D7-98A5-4656-954E-3406CFB08686}.Release|Any CPU.ActiveCfg = Release|Any CPU
		{2DCF26D7-98A5-4656-954E-3406CFB08686}.Release|Any CPU.Build.0 = Release|Any CPU
		{2DCF26D7-98A5-4656-954E-3406CFB08686}.Release|x64.ActiveCfg = Release|x64
		{2DCF26D7-98A5-4656-954E-3406CFB08686}.Release|x64.Build.0 = Release|x64
		{2DCF26D7-98A5-4656-954E-3406CFB08686}.Release|x86.ActiveCfg = Release|x86
		{2DCF26D7-98A5-4656-954E-3406CFB08686}.Release|x86.Build.0 = Release|x86
		{B7F19C82-AD09-41CF-AE9E-AFF27688DB68}.Debug|Any CPU.ActiveCfg = Debug|Any CPU
		{B7F19C82-AD09-41CF-AE9E-AFF27688DB68}.Debug|Any CPU.Build.0 = Debug|Any CPU
		{B7F19C82-AD09-41CF-AE9E-AFF27688DB68}.Debug|x64.ActiveCfg = Debug|x64
		{B7F19C82-AD09-41CF-AE9E-AFF27688DB68}.Debug|x64.Build.0 = Debug|x64
		{B7F19C82-AD09-41CF-AE9E-AFF27688DB68}.Debug|x86.ActiveCfg = Debug|x86
		{B7F19C82-AD09-41CF-AE9E-AFF27688DB68}.Debug|x86.Build.0 = Debug|x86
		{B7F19C82-AD09-41CF-AE9E-AFF27688DB68}.Release|Any CPU.ActiveCfg = Release|Any CPU
		{B7F19C82-AD09-41CF-AE9E-AFF27688DB68}.Release|Any CPU.Build.0 = Release|Any CPU
		{B7F19C82-AD09-41CF-AE9E-AFF27688DB68}.Release|x64.ActiveCfg = Release|x64
		{B7F19C82-AD09-41CF-AE9E-AFF27688DB68}.Release|x64.Build.0 = Release|x64
		{B7F19C82-AD09-41CF-AE9E-AFF27688DB68}.Release|x86.ActiveCfg = Release|x86
		{B7F19C82-AD09-41CF-AE9E-AFF27688DB68}.Release|x86.Build.0 = Release|x86
		{8575483D-B37F-4C5A-B922-6A73787A6CF0}.Debug|Any CPU.ActiveCfg = Debug|Any CPU
		{8575483D-B37F-4C5A-B922-6A73787A6CF0}.Debug|Any CPU.Build.0 = Debug|Any CPU
		{8575483D-B37F-4C5A-B922-6A73787A6CF0}.Debug|x64.ActiveCfg = Debug|x64
		{8575483D-B37F-4C5A-B922-6A73787A6CF0}.Debug|x64.Build.0 = Debug|x64
		{8575483D-B37F-4C5A-B922-6A73787A6CF0}.Debug|x86.ActiveCfg = Debug|x86
		{8575483D-B37F-4C5A-B922-6A73787A6CF0}.Debug|x86.Build.0 = Debug|x86
		{8575483D-B37F-4C5A-B922-6A73787A6CF0}.Release|Any CPU.ActiveCfg = Release|Any CPU
		{8575483D-B37F-4C5A-B922-6A73787A6CF0}.Release|Any CPU.Build.0 = Release|Any CPU
		{8575483D-B37F-4C5A-B922-6A73787A6CF0}.Release|x64.ActiveCfg = Release|x64
		{8575483D-B37F-4C5A-B922-6A73787A6CF0}.Release|x64.Build.0 = Release|x64
		{8575483D-B37F-4C5A-B922-6A73787A6CF0}.Release|x86.ActiveCfg = Release|x86
		{8575483D-B37F-4C5A-B922-6A73787A6CF0}.Release|x86.Build.0 = Release|x86
		{D627334B-835C-4190-BF4A-9459C50D04D3}.Debug|Any CPU.ActiveCfg = Debug|Any CPU
		{D627334B-835C-4190-BF4A-9459C50D04D3}.Debug|Any CPU.Build.0 = Debug|Any CPU
		{D627334B-835C-4190-BF4A-9459C50D04D3}.Debug|x64.ActiveCfg = Debug|x64
		{D627334B-835C-4190-BF4A-9459C50D04D3}.Debug|x64.Build.0 = Debug|x64
		{D627334B-835C-4190-BF4A-9459C50D04D3}.Debug|x86.ActiveCfg = Debug|x86
		{D627334B-835C-4190-BF4A-9459C50D04D3}.Debug|x86.Build.0 = Debug|x86
		{D627334B-835C-4190-BF4A-9459C50D04D3}.Release|Any CPU.ActiveCfg = Release|Any CPU
		{D627334B-835C-4190-BF4A-9459C50D04D3}.Release|Any CPU.Build.0 = Release|Any CPU
		{D627334B-835C-4190-BF4A-9459C50D04D3}.Release|x64.ActiveCfg = Release|x64
		{D627334B-835C-4190-BF4A-9459C50D04D3}.Release|x64.Build.0 = Release|x64
		{D627334B-835C-4190-BF4A-9459C50D04D3}.Release|x86.ActiveCfg = Release|x86
		{D627334B-835C-4190-BF4A-9459C50D04D3}.Release|x86.Build.0 = Release|x86
		{8144C3F4-95D2-4179-A7AA-839699EBF374}.Debug|Any CPU.ActiveCfg = Debug|Any CPU
		{8144C3F4-95D2-4179-A7AA-839699EBF374}.Debug|Any CPU.Build.0 = Debug|Any CPU
		{8144C3F4-95D2-4179-A7AA-839699EBF374}.Debug|x64.ActiveCfg = Debug|x64
		{8144C3F4-95D2-4179-A7AA-839699EBF374}.Debug|x64.Build.0 = Debug|x64
		{8144C3F4-95D2-4179-A7AA-839699EBF374}.Debug|x86.ActiveCfg = Debug|x86
		{8144C3F4-95D2-4179-A7AA-839699EBF374}.Debug|x86.Build.0 = Debug|x86
		{8144C3F4-95D2-4179-A7AA-839699EBF374}.Release|Any CPU.ActiveCfg = Release|Any CPU
		{8144C3F4-95D2-4179-A7AA-839699EBF374}.Release|Any CPU.Build.0 = Release|Any CPU
		{8144C3F4-95D2-4179-A7AA-839699EBF374}.Release|x64.ActiveCfg = Release|x64
		{8144C3F4-95D2-4179-A7AA-839699EBF374}.Release|x64.Build.0 = Release|x64
		{8144C3F4-95D2-4179-A7AA-839699EBF374}.Release|x86.ActiveCfg = Release|x86
		{8144C3F4-95D2-4179-A7AA-839699EBF374}.Release|x86.Build.0 = Release|x86
		{6D5251AE-1567-444C-B5D9-D00C54104A1D}.Debug|Any CPU.ActiveCfg = Debug|Any CPU
		{6D5251AE-1567-444C-B5D9-D00C54104A1D}.Debug|Any CPU.Build.0 = Debug|Any CPU
		{6D5251AE-1567-444C-B5D9-D00C54104A1D}.Debug|x64.ActiveCfg = Debug|x64
		{6D5251AE-1567-444C-B5D9-D00C54104A1D}.Debug|x64.Build.0 = Debug|x64
		{6D5251AE-1567-444C-B5D9-D00C54104A1D}.Debug|x86.ActiveCfg = Debug|x86
		{6D5251AE-1567-444C-B5D9-D00C54104A1D}.Debug|x86.Build.0 = Debug|x86
		{6D5251AE-1567-444C-B5D9-D00C54104A1D}.Release|Any CPU.ActiveCfg = Release|Any CPU
		{6D5251AE-1567-444C-B5D9-D00C54104A1D}.Release|Any CPU.Build.0 = Release|Any CPU
		{6D5251AE-1567-444C-B5D9-D00C54104A1D}.Release|x64.ActiveCfg = Release|x64
		{6D5251AE-1567-444C-B5D9-D00C54104A1D}.Release|x64.Build.0 = Release|x64
		{6D5251AE-1567-444C-B5D9-D00C54104A1D}.Release|x86.ActiveCfg = Release|x86
		{6D5251AE-1567-444C-B5D9-D00C54104A1D}.Release|x86.Build.0 = Release|x86
		{94768F01-A559-439F-96A6-F6970116A36F}.Debug|Any CPU.ActiveCfg = Debug|Any CPU
		{94768F01-A559-439F-96A6-F6970116A36F}.Debug|Any CPU.Build.0 = Debug|Any CPU
		{94768F01-A559-439F-96A6-F6970116A36F}.Debug|x64.ActiveCfg = Debug|x64
		{94768F01-A559-439F-96A6-F6970116A36F}.Debug|x64.Build.0 = Debug|x64
		{94768F01-A559-439F-96A6-F6970116A36F}.Debug|x86.ActiveCfg = Debug|x86
		{94768F01-A559-439F-96A6-F6970116A36F}.Debug|x86.Build.0 = Debug|x86
		{94768F01-A559-439F-96A6-F6970116A36F}.Release|Any CPU.ActiveCfg = Release|Any CPU
		{94768F01-A559-439F-96A6-F6970116A36F}.Release|Any CPU.Build.0 = Release|Any CPU
		{94768F01-A559-439F-96A6-F6970116A36F}.Release|x64.ActiveCfg = Release|x64
		{94768F01-A559-439F-96A6-F6970116A36F}.Release|x64.Build.0 = Release|x64
		{94768F01-A559-439F-96A6-F6970116A36F}.Release|x86.ActiveCfg = Release|x86
		{94768F01-A559-439F-96A6-F6970116A36F}.Release|x86.Build.0 = Release|x86
		{01BAA4A0-81BF-4C3B-9074-F3D17E4BDB2C}.Debug|Any CPU.ActiveCfg = Debug|Any CPU
		{01BAA4A0-81BF-4C3B-9074-F3D17E4BDB2C}.Debug|Any CPU.Build.0 = Debug|Any CPU
		{01BAA4A0-81BF-4C3B-9074-F3D17E4BDB2C}.Debug|x64.ActiveCfg = Debug|x64
		{01BAA4A0-81BF-4C3B-9074-F3D17E4BDB2C}.Debug|x64.Build.0 = Debug|x64
		{01BAA4A0-81BF-4C3B-9074-F3D17E4BDB2C}.Debug|x86.ActiveCfg = Debug|x86
		{01BAA4A0-81BF-4C3B-9074-F3D17E4BDB2C}.Debug|x86.Build.0 = Debug|x86
		{01BAA4A0-81BF-4C3B-9074-F3D17E4BDB2C}.Release|Any CPU.ActiveCfg = Release|Any CPU
		{01BAA4A0-81BF-4C3B-9074-F3D17E4BDB2C}.Release|Any CPU.Build.0 = Release|Any CPU
		{01BAA4A0-81BF-4C3B-9074-F3D17E4BDB2C}.Release|x64.ActiveCfg = Release|x64
		{01BAA4A0-81BF-4C3B-9074-F3D17E4BDB2C}.Release|x64.Build.0 = Release|x64
		{01BAA4A0-81BF-4C3B-9074-F3D17E4BDB2C}.Release|x86.ActiveCfg = Release|x86
		{01BAA4A0-81BF-4C3B-9074-F3D17E4BDB2C}.Release|x86.Build.0 = Release|x86
		{2477737B-DD06-4635-B508-1CB7EE01E805}.Debug|Any CPU.ActiveCfg = Debug|Any CPU
		{2477737B-DD06-4635-B508-1CB7EE01E805}.Debug|Any CPU.Build.0 = Debug|Any CPU
		{2477737B-DD06-4635-B508-1CB7EE01E805}.Debug|x64.ActiveCfg = Debug|x64
		{2477737B-DD06-4635-B508-1CB7EE01E805}.Debug|x64.Build.0 = Debug|x64
		{2477737B-DD06-4635-B508-1CB7EE01E805}.Debug|x86.ActiveCfg = Debug|x86
		{2477737B-DD06-4635-B508-1CB7EE01E805}.Debug|x86.Build.0 = Debug|x86
		{2477737B-DD06-4635-B508-1CB7EE01E805}.Release|Any CPU.ActiveCfg = Release|Any CPU
		{2477737B-DD06-4635-B508-1CB7EE01E805}.Release|Any CPU.Build.0 = Release|Any CPU
		{2477737B-DD06-4635-B508-1CB7EE01E805}.Release|x64.ActiveCfg = Release|x64
		{2477737B-DD06-4635-B508-1CB7EE01E805}.Release|x64.Build.0 = Release|x64
		{2477737B-DD06-4635-B508-1CB7EE01E805}.Release|x86.ActiveCfg = Release|x86
		{2477737B-DD06-4635-B508-1CB7EE01E805}.Release|x86.Build.0 = Release|x86
		{B2B0B253-1090-44B4-86EC-361D956E88D8}.Debug|Any CPU.ActiveCfg = Debug|Any CPU
		{B2B0B253-1090-44B4-86EC-361D956E88D8}.Debug|Any CPU.Build.0 = Debug|Any CPU
		{B2B0B253-1090-44B4-86EC-361D956E88D8}.Debug|x64.ActiveCfg = Debug|x64
		{B2B0B253-1090-44B4-86EC-361D956E88D8}.Debug|x64.Build.0 = Debug|x64
		{B2B0B253-1090-44B4-86EC-361D956E88D8}.Debug|x86.ActiveCfg = Debug|x86
		{B2B0B253-1090-44B4-86EC-361D956E88D8}.Debug|x86.Build.0 = Debug|x86
		{B2B0B253-1090-44B4-86EC-361D956E88D8}.Release|Any CPU.ActiveCfg = Release|Any CPU
		{B2B0B253-1090-44B4-86EC-361D956E88D8}.Release|Any CPU.Build.0 = Release|Any CPU
		{B2B0B253-1090-44B4-86EC-361D956E88D8}.Release|x64.ActiveCfg = Release|x64
		{B2B0B253-1090-44B4-86EC-361D956E88D8}.Release|x64.Build.0 = Release|x64
		{B2B0B253-1090-44B4-86EC-361D956E88D8}.Release|x86.ActiveCfg = Release|x86
		{B2B0B253-1090-44B4-86EC-361D956E88D8}.Release|x86.Build.0 = Release|x86
		{30568DC1-552D-4967-A819-2E2086D9A37E}.Debug|Any CPU.ActiveCfg = Debug|Any CPU
		{30568DC1-552D-4967-A819-2E2086D9A37E}.Debug|Any CPU.Build.0 = Debug|Any CPU
		{30568DC1-552D-4967-A819-2E2086D9A37E}.Debug|x64.ActiveCfg = Debug|x64
		{30568DC1-552D-4967-A819-2E2086D9A37E}.Debug|x64.Build.0 = Debug|x64
		{30568DC1-552D-4967-A819-2E2086D9A37E}.Debug|x86.ActiveCfg = Debug|x86
		{30568DC1-552D-4967-A819-2E2086D9A37E}.Debug|x86.Build.0 = Debug|x86
		{30568DC1-552D-4967-A819-2E2086D9A37E}.Release|Any CPU.ActiveCfg = Release|Any CPU
		{30568DC1-552D-4967-A819-2E2086D9A37E}.Release|Any CPU.Build.0 = Release|Any CPU
		{30568DC1-552D-4967-A819-2E2086D9A37E}.Release|x64.ActiveCfg = Release|x64
		{30568DC1-552D-4967-A819-2E2086D9A37E}.Release|x64.Build.0 = Release|x64
		{30568DC1-552D-4967-A819-2E2086D9A37E}.Release|x86.ActiveCfg = Release|x86
		{30568DC1-552D-4967-A819-2E2086D9A37E}.Release|x86.Build.0 = Release|x86
		{E79C72F5-176F-4935-91F5-79A5C84B0DD5}.Debug|Any CPU.ActiveCfg = Debug|Any CPU
		{E79C72F5-176F-4935-91F5-79A5C84B0DD5}.Debug|Any CPU.Build.0 = Debug|Any CPU
		{E79C72F5-176F-4935-91F5-79A5C84B0DD5}.Debug|x64.ActiveCfg = Debug|x64
		{E79C72F5-176F-4935-91F5-79A5C84B0DD5}.Debug|x64.Build.0 = Debug|x64
		{E79C72F5-176F-4935-91F5-79A5C84B0DD5}.Debug|x86.ActiveCfg = Debug|x86
		{E79C72F5-176F-4935-91F5-79A5C84B0DD5}.Debug|x86.Build.0 = Debug|x86
		{E79C72F5-176F-4935-91F5-79A5C84B0DD5}.Release|Any CPU.ActiveCfg = Release|Any CPU
		{E79C72F5-176F-4935-91F5-79A5C84B0DD5}.Release|Any CPU.Build.0 = Release|Any CPU
		{E79C72F5-176F-4935-91F5-79A5C84B0DD5}.Release|x64.ActiveCfg = Release|x64
		{E79C72F5-176F-4935-91F5-79A5C84B0DD5}.Release|x64.Build.0 = Release|x64
		{E79C72F5-176F-4935-91F5-79A5C84B0DD5}.Release|x86.ActiveCfg = Release|x86
		{E79C72F5-176F-4935-91F5-79A5C84B0DD5}.Release|x86.Build.0 = Release|x86
		{CD30D882-6FEE-46F2-A004-AB136BAA97AC}.Debug|Any CPU.ActiveCfg = Debug|Any CPU
		{CD30D882-6FEE-46F2-A004-AB136BAA97AC}.Debug|Any CPU.Build.0 = Debug|Any CPU
		{CD30D882-6FEE-46F2-A004-AB136BAA97AC}.Debug|x64.ActiveCfg = Debug|x64
		{CD30D882-6FEE-46F2-A004-AB136BAA97AC}.Debug|x64.Build.0 = Debug|x64
		{CD30D882-6FEE-46F2-A004-AB136BAA97AC}.Debug|x86.ActiveCfg = Debug|x86
		{CD30D882-6FEE-46F2-A004-AB136BAA97AC}.Debug|x86.Build.0 = Debug|x86
		{CD30D882-6FEE-46F2-A004-AB136BAA97AC}.Release|Any CPU.ActiveCfg = Release|Any CPU
		{CD30D882-6FEE-46F2-A004-AB136BAA97AC}.Release|Any CPU.Build.0 = Release|Any CPU
		{CD30D882-6FEE-46F2-A004-AB136BAA97AC}.Release|x64.ActiveCfg = Release|x64
		{CD30D882-6FEE-46F2-A004-AB136BAA97AC}.Release|x64.Build.0 = Release|x64
		{CD30D882-6FEE-46F2-A004-AB136BAA97AC}.Release|x86.ActiveCfg = Release|x86
		{CD30D882-6FEE-46F2-A004-AB136BAA97AC}.Release|x86.Build.0 = Release|x86
		{471CBB4B-E6E7-430C-96DD-514CE60FB472}.Debug|Any CPU.ActiveCfg = Debug|Any CPU
		{471CBB4B-E6E7-430C-96DD-514CE60FB472}.Debug|Any CPU.Build.0 = Debug|Any CPU
		{471CBB4B-E6E7-430C-96DD-514CE60FB472}.Debug|x64.ActiveCfg = Debug|x64
		{471CBB4B-E6E7-430C-96DD-514CE60FB472}.Debug|x64.Build.0 = Debug|x64
		{471CBB4B-E6E7-430C-96DD-514CE60FB472}.Debug|x86.ActiveCfg = Debug|x86
		{471CBB4B-E6E7-430C-96DD-514CE60FB472}.Debug|x86.Build.0 = Debug|x86
		{471CBB4B-E6E7-430C-96DD-514CE60FB472}.Release|Any CPU.ActiveCfg = Release|Any CPU
		{471CBB4B-E6E7-430C-96DD-514CE60FB472}.Release|Any CPU.Build.0 = Release|Any CPU
		{471CBB4B-E6E7-430C-96DD-514CE60FB472}.Release|x64.ActiveCfg = Release|x64
		{471CBB4B-E6E7-430C-96DD-514CE60FB472}.Release|x64.Build.0 = Release|x64
		{471CBB4B-E6E7-430C-96DD-514CE60FB472}.Release|x86.ActiveCfg = Release|x86
		{471CBB4B-E6E7-430C-96DD-514CE60FB472}.Release|x86.Build.0 = Release|x86
		{1DD172EF-123C-415B-B278-F67579C2B3CC}.Debug|Any CPU.ActiveCfg = Debug|Any CPU
		{1DD172EF-123C-415B-B278-F67579C2B3CC}.Debug|Any CPU.Build.0 = Debug|Any CPU
		{1DD172EF-123C-415B-B278-F67579C2B3CC}.Debug|x64.ActiveCfg = Debug|x64
		{1DD172EF-123C-415B-B278-F67579C2B3CC}.Debug|x64.Build.0 = Debug|x64
		{1DD172EF-123C-415B-B278-F67579C2B3CC}.Debug|x86.ActiveCfg = Debug|x86
		{1DD172EF-123C-415B-B278-F67579C2B3CC}.Debug|x86.Build.0 = Debug|x86
		{1DD172EF-123C-415B-B278-F67579C2B3CC}.Release|Any CPU.ActiveCfg = Release|Any CPU
		{1DD172EF-123C-415B-B278-F67579C2B3CC}.Release|Any CPU.Build.0 = Release|Any CPU
		{1DD172EF-123C-415B-B278-F67579C2B3CC}.Release|x64.ActiveCfg = Release|x64
		{1DD172EF-123C-415B-B278-F67579C2B3CC}.Release|x64.Build.0 = Release|x64
		{1DD172EF-123C-415B-B278-F67579C2B3CC}.Release|x86.ActiveCfg = Release|x86
		{1DD172EF-123C-415B-B278-F67579C2B3CC}.Release|x86.Build.0 = Release|x86
		{C8124B80-00A6-44EF-A828-7068AB09975A}.Debug|Any CPU.ActiveCfg = Debug|Any CPU
		{C8124B80-00A6-44EF-A828-7068AB09975A}.Debug|Any CPU.Build.0 = Debug|Any CPU
		{C8124B80-00A6-44EF-A828-7068AB09975A}.Debug|x64.ActiveCfg = Debug|x64
		{C8124B80-00A6-44EF-A828-7068AB09975A}.Debug|x64.Build.0 = Debug|x64
		{C8124B80-00A6-44EF-A828-7068AB09975A}.Debug|x86.ActiveCfg = Debug|x86
		{C8124B80-00A6-44EF-A828-7068AB09975A}.Debug|x86.Build.0 = Debug|x86
		{C8124B80-00A6-44EF-A828-7068AB09975A}.Release|Any CPU.ActiveCfg = Release|Any CPU
		{C8124B80-00A6-44EF-A828-7068AB09975A}.Release|Any CPU.Build.0 = Release|Any CPU
		{C8124B80-00A6-44EF-A828-7068AB09975A}.Release|x64.ActiveCfg = Release|x64
		{C8124B80-00A6-44EF-A828-7068AB09975A}.Release|x64.Build.0 = Release|x64
		{C8124B80-00A6-44EF-A828-7068AB09975A}.Release|x86.ActiveCfg = Release|x86
		{C8124B80-00A6-44EF-A828-7068AB09975A}.Release|x86.Build.0 = Release|x86
		{9ABC91A3-9B8E-46C8-A580-34E1DF79E872}.Debug|Any CPU.ActiveCfg = Debug|Any CPU
		{9ABC91A3-9B8E-46C8-A580-34E1DF79E872}.Debug|Any CPU.Build.0 = Debug|Any CPU
		{9ABC91A3-9B8E-46C8-A580-34E1DF79E872}.Debug|x64.ActiveCfg = Debug|x64
		{9ABC91A3-9B8E-46C8-A580-34E1DF79E872}.Debug|x64.Build.0 = Debug|x64
		{9ABC91A3-9B8E-46C8-A580-34E1DF79E872}.Debug|x86.ActiveCfg = Debug|x86
		{9ABC91A3-9B8E-46C8-A580-34E1DF79E872}.Debug|x86.Build.0 = Debug|x86
		{9ABC91A3-9B8E-46C8-A580-34E1DF79E872}.Release|Any CPU.ActiveCfg = Release|Any CPU
		{9ABC91A3-9B8E-46C8-A580-34E1DF79E872}.Release|Any CPU.Build.0 = Release|Any CPU
		{9ABC91A3-9B8E-46C8-A580-34E1DF79E872}.Release|x64.ActiveCfg = Release|x64
		{9ABC91A3-9B8E-46C8-A580-34E1DF79E872}.Release|x64.Build.0 = Release|x64
		{9ABC91A3-9B8E-46C8-A580-34E1DF79E872}.Release|x86.ActiveCfg = Release|x86
		{9ABC91A3-9B8E-46C8-A580-34E1DF79E872}.Release|x86.Build.0 = Release|x86
		{BA0A7D4D-2689-4B6D-8F14-1532112E225C}.Debug|Any CPU.ActiveCfg = Debug|Any CPU
		{BA0A7D4D-2689-4B6D-8F14-1532112E225C}.Debug|Any CPU.Build.0 = Debug|Any CPU
		{BA0A7D4D-2689-4B6D-8F14-1532112E225C}.Debug|x64.ActiveCfg = Debug|x64
		{BA0A7D4D-2689-4B6D-8F14-1532112E225C}.Debug|x64.Build.0 = Debug|x64
		{BA0A7D4D-2689-4B6D-8F14-1532112E225C}.Debug|x86.ActiveCfg = Debug|x86
		{BA0A7D4D-2689-4B6D-8F14-1532112E225C}.Debug|x86.Build.0 = Debug|x86
		{BA0A7D4D-2689-4B6D-8F14-1532112E225C}.Release|Any CPU.ActiveCfg = Release|Any CPU
		{BA0A7D4D-2689-4B6D-8F14-1532112E225C}.Release|Any CPU.Build.0 = Release|Any CPU
		{BA0A7D4D-2689-4B6D-8F14-1532112E225C}.Release|x64.ActiveCfg = Release|x64
		{BA0A7D4D-2689-4B6D-8F14-1532112E225C}.Release|x64.Build.0 = Release|x64
		{BA0A7D4D-2689-4B6D-8F14-1532112E225C}.Release|x86.ActiveCfg = Release|x86
		{BA0A7D4D-2689-4B6D-8F14-1532112E225C}.Release|x86.Build.0 = Release|x86
		{CC8D1830-ECDB-4083-8D60-A83B2876FA62}.Debug|Any CPU.ActiveCfg = Debug|Any CPU
		{CC8D1830-ECDB-4083-8D60-A83B2876FA62}.Debug|Any CPU.Build.0 = Debug|Any CPU
		{CC8D1830-ECDB-4083-8D60-A83B2876FA62}.Debug|x64.ActiveCfg = Debug|x64
		{CC8D1830-ECDB-4083-8D60-A83B2876FA62}.Debug|x64.Build.0 = Debug|x64
		{CC8D1830-ECDB-4083-8D60-A83B2876FA62}.Debug|x86.ActiveCfg = Debug|x86
		{CC8D1830-ECDB-4083-8D60-A83B2876FA62}.Debug|x86.Build.0 = Debug|x86
		{CC8D1830-ECDB-4083-8D60-A83B2876FA62}.Release|Any CPU.ActiveCfg = Release|Any CPU
		{CC8D1830-ECDB-4083-8D60-A83B2876FA62}.Release|Any CPU.Build.0 = Release|Any CPU
		{CC8D1830-ECDB-4083-8D60-A83B2876FA62}.Release|x64.ActiveCfg = Release|x64
		{CC8D1830-ECDB-4083-8D60-A83B2876FA62}.Release|x64.Build.0 = Release|x64
		{CC8D1830-ECDB-4083-8D60-A83B2876FA62}.Release|x86.ActiveCfg = Release|x86
		{CC8D1830-ECDB-4083-8D60-A83B2876FA62}.Release|x86.Build.0 = Release|x86
		{712DF299-955A-4321-8320-0FD8A1988FF4}.Debug|Any CPU.ActiveCfg = Debug|Any CPU
		{712DF299-955A-4321-8320-0FD8A1988FF4}.Debug|Any CPU.Build.0 = Debug|Any CPU
		{712DF299-955A-4321-8320-0FD8A1988FF4}.Debug|x64.ActiveCfg = Debug|x64
		{712DF299-955A-4321-8320-0FD8A1988FF4}.Debug|x64.Build.0 = Debug|x64
		{712DF299-955A-4321-8320-0FD8A1988FF4}.Debug|x86.ActiveCfg = Debug|x86
		{712DF299-955A-4321-8320-0FD8A1988FF4}.Debug|x86.Build.0 = Debug|x86
		{712DF299-955A-4321-8320-0FD8A1988FF4}.Release|Any CPU.ActiveCfg = Release|Any CPU
		{712DF299-955A-4321-8320-0FD8A1988FF4}.Release|Any CPU.Build.0 = Release|Any CPU
		{712DF299-955A-4321-8320-0FD8A1988FF4}.Release|x64.ActiveCfg = Release|x64
		{712DF299-955A-4321-8320-0FD8A1988FF4}.Release|x64.Build.0 = Release|x64
		{712DF299-955A-4321-8320-0FD8A1988FF4}.Release|x86.ActiveCfg = Release|x86
		{712DF299-955A-4321-8320-0FD8A1988FF4}.Release|x86.Build.0 = Release|x86
		{C7810220-7BC8-4C4B-8613-9575E1C48AA5}.Debug|Any CPU.ActiveCfg = Debug|Any CPU
		{C7810220-7BC8-4C4B-8613-9575E1C48AA5}.Debug|Any CPU.Build.0 = Debug|Any CPU
		{C7810220-7BC8-4C4B-8613-9575E1C48AA5}.Debug|x64.ActiveCfg = Debug|x64
		{C7810220-7BC8-4C4B-8613-9575E1C48AA5}.Debug|x64.Build.0 = Debug|x64
		{C7810220-7BC8-4C4B-8613-9575E1C48AA5}.Debug|x86.ActiveCfg = Debug|x86
		{C7810220-7BC8-4C4B-8613-9575E1C48AA5}.Debug|x86.Build.0 = Debug|x86
		{C7810220-7BC8-4C4B-8613-9575E1C48AA5}.Release|Any CPU.ActiveCfg = Release|Any CPU
		{C7810220-7BC8-4C4B-8613-9575E1C48AA5}.Release|Any CPU.Build.0 = Release|Any CPU
		{C7810220-7BC8-4C4B-8613-9575E1C48AA5}.Release|x64.ActiveCfg = Release|x64
		{C7810220-7BC8-4C4B-8613-9575E1C48AA5}.Release|x64.Build.0 = Release|x64
		{C7810220-7BC8-4C4B-8613-9575E1C48AA5}.Release|x86.ActiveCfg = Release|x86
		{C7810220-7BC8-4C4B-8613-9575E1C48AA5}.Release|x86.Build.0 = Release|x86
		{9334A6A6-5ED6-454F-ADCB-53BFE9AB065D}.Debug|Any CPU.ActiveCfg = Debug|Any CPU
		{9334A6A6-5ED6-454F-ADCB-53BFE9AB065D}.Debug|Any CPU.Build.0 = Debug|Any CPU
		{9334A6A6-5ED6-454F-ADCB-53BFE9AB065D}.Debug|x64.ActiveCfg = Debug|x64
		{9334A6A6-5ED6-454F-ADCB-53BFE9AB065D}.Debug|x64.Build.0 = Debug|x64
		{9334A6A6-5ED6-454F-ADCB-53BFE9AB065D}.Debug|x86.ActiveCfg = Debug|x86
		{9334A6A6-5ED6-454F-ADCB-53BFE9AB065D}.Debug|x86.Build.0 = Debug|x86
		{9334A6A6-5ED6-454F-ADCB-53BFE9AB065D}.Release|Any CPU.ActiveCfg = Release|Any CPU
		{9334A6A6-5ED6-454F-ADCB-53BFE9AB065D}.Release|Any CPU.Build.0 = Release|Any CPU
		{9334A6A6-5ED6-454F-ADCB-53BFE9AB065D}.Release|x64.ActiveCfg = Release|x64
		{9334A6A6-5ED6-454F-ADCB-53BFE9AB065D}.Release|x64.Build.0 = Release|x64
		{9334A6A6-5ED6-454F-ADCB-53BFE9AB065D}.Release|x86.ActiveCfg = Release|x86
		{9334A6A6-5ED6-454F-ADCB-53BFE9AB065D}.Release|x86.Build.0 = Release|x86
		{4D0771DE-46FB-481E-B3F9-42980EED680C}.Debug|Any CPU.ActiveCfg = Debug|Any CPU
		{4D0771DE-46FB-481E-B3F9-42980EED680C}.Debug|Any CPU.Build.0 = Debug|Any CPU
		{4D0771DE-46FB-481E-B3F9-42980EED680C}.Debug|x64.ActiveCfg = Debug|x64
		{4D0771DE-46FB-481E-B3F9-42980EED680C}.Debug|x64.Build.0 = Debug|x64
		{4D0771DE-46FB-481E-B3F9-42980EED680C}.Debug|x86.ActiveCfg = Debug|x86
		{4D0771DE-46FB-481E-B3F9-42980EED680C}.Debug|x86.Build.0 = Debug|x86
		{4D0771DE-46FB-481E-B3F9-42980EED680C}.Release|Any CPU.ActiveCfg = Release|Any CPU
		{4D0771DE-46FB-481E-B3F9-42980EED680C}.Release|Any CPU.Build.0 = Release|Any CPU
		{4D0771DE-46FB-481E-B3F9-42980EED680C}.Release|x64.ActiveCfg = Release|x64
		{4D0771DE-46FB-481E-B3F9-42980EED680C}.Release|x64.Build.0 = Release|x64
		{4D0771DE-46FB-481E-B3F9-42980EED680C}.Release|x86.ActiveCfg = Release|x86
		{4D0771DE-46FB-481E-B3F9-42980EED680C}.Release|x86.Build.0 = Release|x86
		{34484E72-8CEF-4784-81F5-041754B21BB1}.Debug|Any CPU.ActiveCfg = Debug|Any CPU
		{34484E72-8CEF-4784-81F5-041754B21BB1}.Debug|Any CPU.Build.0 = Debug|Any CPU
		{34484E72-8CEF-4784-81F5-041754B21BB1}.Debug|x64.ActiveCfg = Debug|x64
		{34484E72-8CEF-4784-81F5-041754B21BB1}.Debug|x64.Build.0 = Debug|x64
		{34484E72-8CEF-4784-81F5-041754B21BB1}.Debug|x86.ActiveCfg = Debug|x86
		{34484E72-8CEF-4784-81F5-041754B21BB1}.Debug|x86.Build.0 = Debug|x86
		{34484E72-8CEF-4784-81F5-041754B21BB1}.Release|Any CPU.ActiveCfg = Release|Any CPU
		{34484E72-8CEF-4784-81F5-041754B21BB1}.Release|Any CPU.Build.0 = Release|Any CPU
		{34484E72-8CEF-4784-81F5-041754B21BB1}.Release|x64.ActiveCfg = Release|x64
		{34484E72-8CEF-4784-81F5-041754B21BB1}.Release|x64.Build.0 = Release|x64
		{34484E72-8CEF-4784-81F5-041754B21BB1}.Release|x86.ActiveCfg = Release|x86
		{34484E72-8CEF-4784-81F5-041754B21BB1}.Release|x86.Build.0 = Release|x86
		{8D3289A5-591B-421D-A79C-776B9AC74B95}.Debug|Any CPU.ActiveCfg = Debug|Any CPU
		{8D3289A5-591B-421D-A79C-776B9AC74B95}.Debug|Any CPU.Build.0 = Debug|Any CPU
		{8D3289A5-591B-421D-A79C-776B9AC74B95}.Debug|x64.ActiveCfg = Debug|x64
		{8D3289A5-591B-421D-A79C-776B9AC74B95}.Debug|x64.Build.0 = Debug|x64
		{8D3289A5-591B-421D-A79C-776B9AC74B95}.Debug|x86.ActiveCfg = Debug|x86
		{8D3289A5-591B-421D-A79C-776B9AC74B95}.Debug|x86.Build.0 = Debug|x86
		{8D3289A5-591B-421D-A79C-776B9AC74B95}.Release|Any CPU.ActiveCfg = Release|Any CPU
		{8D3289A5-591B-421D-A79C-776B9AC74B95}.Release|Any CPU.Build.0 = Release|Any CPU
		{8D3289A5-591B-421D-A79C-776B9AC74B95}.Release|x64.ActiveCfg = Release|x64
		{8D3289A5-591B-421D-A79C-776B9AC74B95}.Release|x64.Build.0 = Release|x64
		{8D3289A5-591B-421D-A79C-776B9AC74B95}.Release|x86.ActiveCfg = Release|x86
		{8D3289A5-591B-421D-A79C-776B9AC74B95}.Release|x86.Build.0 = Release|x86
		{05DD16B8-2027-4728-AEB6-6296E7457533}.Debug|Any CPU.ActiveCfg = Debug|Any CPU
		{05DD16B8-2027-4728-AEB6-6296E7457533}.Debug|Any CPU.Build.0 = Debug|Any CPU
		{05DD16B8-2027-4728-AEB6-6296E7457533}.Debug|x64.ActiveCfg = Debug|x64
		{05DD16B8-2027-4728-AEB6-6296E7457533}.Debug|x64.Build.0 = Debug|x64
		{05DD16B8-2027-4728-AEB6-6296E7457533}.Debug|x86.ActiveCfg = Debug|x86
		{05DD16B8-2027-4728-AEB6-6296E7457533}.Debug|x86.Build.0 = Debug|x86
		{05DD16B8-2027-4728-AEB6-6296E7457533}.Release|Any CPU.ActiveCfg = Release|Any CPU
		{05DD16B8-2027-4728-AEB6-6296E7457533}.Release|Any CPU.Build.0 = Release|Any CPU
		{05DD16B8-2027-4728-AEB6-6296E7457533}.Release|x64.ActiveCfg = Release|x64
		{05DD16B8-2027-4728-AEB6-6296E7457533}.Release|x64.Build.0 = Release|x64
		{05DD16B8-2027-4728-AEB6-6296E7457533}.Release|x86.ActiveCfg = Release|x86
		{05DD16B8-2027-4728-AEB6-6296E7457533}.Release|x86.Build.0 = Release|x86
	EndGlobalSection
EndGlobal
