
Microsoft Visual Studio Solution File, Format Version 12.00
# Visual Studio 15
VisualStudioVersion = 15.0.26430.12
MinimumVisualStudioVersion = 10.0.40219.1
Project("{9A19103F-16F7-4668-BE54-9A1E7A4F7556}") = "Tizen.Content.MimeType", "Tizen.Content.MimeType.csproj", "{8CC8944C-8D75-49ED-9763-536302043697}"
EndProject
Project("{9A19103F-16F7-4668-BE54-9A1E7A4F7556}") = "Tizen", "..\Tizen\Tizen.csproj", "{B57AB483-78A7-43BC-840F-CAD0836B6018}"
EndProject
Project("{9A19103F-16F7-4668-BE54-9A1E7A4F7556}") = "Tizen.Log", "..\Tizen.Log\Tizen.Log.csproj", "{40771996-CF47-4336-A8F1-484F3CA6D996}"
EndProject
Global
	GlobalSection(SolutionConfigurationPlatforms) = preSolution
		Debug|Any CPU = Debug|Any CPU
		Release|Any CPU = Release|Any CPU
	EndGlobalSection
	GlobalSection(ProjectConfigurationPlatforms) = postSolution
		{8CC8944C-8D75-49ED-9763-536302043697}.Debug|Any CPU.ActiveCfg = Debug|Any CPU
		{8CC8944C-8D75-49ED-9763-536302043697}.Debug|Any CPU.Build.0 = Debug|Any CPU
		{8CC8944C-8D75-49ED-9763-536302043697}.Release|Any CPU.ActiveCfg = Release|Any CPU
		{8CC8944C-8D75-49ED-9763-536302043697}.Release|Any CPU.Build.0 = Release|Any CPU
		{B57AB483-78A7-43BC-840F-CAD0836B6018}.Debug|Any CPU.ActiveCfg = Debug|Any CPU
		{B57AB483-78A7-43BC-840F-CAD0836B6018}.Debug|Any CPU.Build.0 = Debug|Any CPU
		{B57AB483-78A7-43BC-840F-CAD0836B6018}.Release|Any CPU.ActiveCfg = Release|Any CPU
		{B57AB483-78A7-43BC-840F-CAD0836B6018}.Release|Any CPU.Build.0 = Release|Any CPU
		{40771996-CF47-4336-A8F1-484F3CA6D996}.Debug|Any CPU.ActiveCfg = Debug|Any CPU
		{40771996-CF47-4336-A8F1-484F3CA6D996}.Debug|Any CPU.Build.0 = Debug|Any CPU
		{40771996-CF47-4336-A8F1-484F3CA6D996}.Release|Any CPU.ActiveCfg = Release|Any CPU
		{40771996-CF47-4336-A8F1-484F3CA6D996}.Release|Any CPU.Build.0 = Release|Any CPU
	EndGlobalSection
	GlobalSection(SolutionProperties) = preSolution
		HideSolutionNode = FALSE
	EndGlobalSection
EndGlobal
